// !$*UTF8*$!
{
	archiveVersion = 1;
	classes = {
	};
	objectVersion = 46;
	objects = {

/* Begin PBXBuildFile section */
		1B4780311BD9297B007E03B5 /* CombatScene.swift in Sources */ = {isa = PBXBuildFile; fileRef = 1B4780301BD9297B007E03B5 /* CombatScene.swift */; };
		1B4780331BD9298E007E03B5 /* CombatScene.sks in Resources */ = {isa = PBXBuildFile; fileRef = 1B4780321BD9298E007E03B5 /* CombatScene.sks */; };
		1B4F297E1BCFD28200612BF8 /* VLDContextSheet.m in Sources */ = {isa = PBXBuildFile; fileRef = 1B4F29791BCFD28200612BF8 /* VLDContextSheet.m */; };
		1B4F297F1BCFD28200612BF8 /* VLDContextSheetItem.m in Sources */ = {isa = PBXBuildFile; fileRef = 1B4F297B1BCFD28200612BF8 /* VLDContextSheetItem.m */; };
		1B4F29801BCFD28200612BF8 /* VLDContextSheetItemView.m in Sources */ = {isa = PBXBuildFile; fileRef = 1B4F297D1BCFD28200612BF8 /* VLDContextSheetItemView.m */; };
		1B4F29861BCFE2EB00612BF8 /* LFCGzipUtility.m in Sources */ = {isa = PBXBuildFile; fileRef = 1B4F29831BCFE2EB00612BF8 /* LFCGzipUtility.m */; };
		1B4F29871BCFE2EB00612BF8 /* JSTileMap.m in Sources */ = {isa = PBXBuildFile; fileRef = 1B4F29851BCFE2EB00612BF8 /* JSTileMap.m */; };
		1B881B811BDFB074000DC648 /* BaseEnemy.swift in Sources */ = {isa = PBXBuildFile; fileRef = 1B881B801BDFB074000DC648 /* BaseEnemy.swift */; };
		1B881B831BDFB0AD000DC648 /* TypeEnemy.swift in Sources */ = {isa = PBXBuildFile; fileRef = 1B881B821BDFB0AD000DC648 /* TypeEnemy.swift */; };
		1B881B851BDFB360000DC648 /* Enemy.swift in Sources */ = {isa = PBXBuildFile; fileRef = 1B881B841BDFB360000DC648 /* Enemy.swift */; };
		1B881B881BDFB5D8000DC648 /* DBEquipSkill.swift in Sources */ = {isa = PBXBuildFile; fileRef = 1B881B871BDFB5D8000DC648 /* DBEquipSkill.swift */; };
		1B881B8B1BDFCA48000DC648 /* BaseEquip.swift in Sources */ = {isa = PBXBuildFile; fileRef = 1B881B8A1BDFCA48000DC648 /* BaseEquip.swift */; };
		1B8EDC051BC2B074009603B6 /* AppDelegate.swift in Sources */ = {isa = PBXBuildFile; fileRef = 1B8EDC041BC2B074009603B6 /* AppDelegate.swift */; };
		1B8EDC071BC2B074009603B6 /* GameScene.sks in Resources */ = {isa = PBXBuildFile; fileRef = 1B8EDC061BC2B074009603B6 /* GameScene.sks */; };
		1B8EDC091BC2B074009603B6 /* GameScene.swift in Sources */ = {isa = PBXBuildFile; fileRef = 1B8EDC081BC2B074009603B6 /* GameScene.swift */; };
		1B8EDC0B1BC2B074009603B6 /* GameViewController.swift in Sources */ = {isa = PBXBuildFile; fileRef = 1B8EDC0A1BC2B074009603B6 /* GameViewController.swift */; };
		1B8EDC0E1BC2B074009603B6 /* Main.storyboard in Resources */ = {isa = PBXBuildFile; fileRef = 1B8EDC0C1BC2B074009603B6 /* Main.storyboard */; };
		1B8EDC101BC2B074009603B6 /* Assets.xcassets in Resources */ = {isa = PBXBuildFile; fileRef = 1B8EDC0F1BC2B074009603B6 /* Assets.xcassets */; };
		1B8EDC131BC2B074009603B6 /* LaunchScreen.storyboard in Resources */ = {isa = PBXBuildFile; fileRef = 1B8EDC111BC2B074009603B6 /* LaunchScreen.storyboard */; };
		1B8EDC1E1BC2B074009603B6 /* MiraadTalesTests.swift in Sources */ = {isa = PBXBuildFile; fileRef = 1B8EDC1D1BC2B074009603B6 /* MiraadTalesTests.swift */; };
		1B8EDC291BC2B074009603B6 /* MiraadTalesUITests.swift in Sources */ = {isa = PBXBuildFile; fileRef = 1B8EDC281BC2B074009603B6 /* MiraadTalesUITests.swift */; };
		1B8EDC391BC2B959009603B6 /* Status.swift in Sources */ = {isa = PBXBuildFile; fileRef = 1B8EDC381BC2B959009603B6 /* Status.swift */; };
		1B8EDC3B1BC2C506009603B6 /* PlayersRace.swift in Sources */ = {isa = PBXBuildFile; fileRef = 1B8EDC3A1BC2C506009603B6 /* PlayersRace.swift */; };
		1B90C9A21BFCB8AF00B198FB /* Intro.swift in Sources */ = {isa = PBXBuildFile; fileRef = 1B90C9A11BFCB8AF00B198FB /* Intro.swift */; };
		1B90C9A41BFCB8CC00B198FB /* Intro.sks in Resources */ = {isa = PBXBuildFile; fileRef = 1B90C9A31BFCB8CC00B198FB /* Intro.sks */; };
		1B90C9A61BFCBCC300B198FB /* ActionDialog.swift in Sources */ = {isa = PBXBuildFile; fileRef = 1B90C9A51BFCBCC300B198FB /* ActionDialog.swift */; };
		1B9553761BD52D5C001D1FBD /* Joystick.swift in Sources */ = {isa = PBXBuildFile; fileRef = 1B9553751BD52D5C001D1FBD /* Joystick.swift */; };
		1B9553781BD53195001D1FBD /* DirectionPlayer.swift in Sources */ = {isa = PBXBuildFile; fileRef = 1B9553771BD53195001D1FBD /* DirectionPlayer.swift */; };
		1B9671D41BDBF42D0055D034 /* Skill.swift in Sources */ = {isa = PBXBuildFile; fileRef = 1B9671D31BDBF42D0055D034 /* Skill.swift */; };
		1B9AD03A1BED3B2700FA04C6 /* key.png in Resources */ = {isa = PBXBuildFile; fileRef = 1B9AD0391BED3B2700FA04C6 /* key.png */; };
		1B9AD03C1BED43AD00FA04C6 /* NavigationController.swift in Sources */ = {isa = PBXBuildFile; fileRef = 1B9AD03B1BED43AD00FA04C6 /* NavigationController.swift */; };
		1B9BE8781BD137E300E9EE27 /* libz.tbd in Frameworks */ = {isa = PBXBuildFile; fileRef = 1B9BE8771BD137E300E9EE27 /* libz.tbd */; };
		1B9CD2D91BE8F7EE003C1834 /* prospero_bold_nbp.ttf in Resources */ = {isa = PBXBuildFile; fileRef = 1B9CD2D71BE8F73F003C1834 /* prospero_bold_nbp.ttf */; };
		1B9CD2DA1BE8F7EE003C1834 /* prospero_nbp.ttf in Resources */ = {isa = PBXBuildFile; fileRef = 1B9CD2D81BE8F73F003C1834 /* prospero_nbp.ttf */; };
		1B9CD2DC1BE8FABD003C1834 /* bgMenuEquipment.png in Resources */ = {isa = PBXBuildFile; fileRef = 1B9CD2DB1BE8FABD003C1834 /* bgMenuEquipment.png */; };
		1B9CD2DE1BE8FB05003C1834 /* bgTitle.png in Resources */ = {isa = PBXBuildFile; fileRef = 1B9CD2DD1BE8FB05003C1834 /* bgTitle.png */; };
		1B9CD2E01BE8FB62003C1834 /* closeButton.png in Resources */ = {isa = PBXBuildFile; fileRef = 1B9CD2DF1BE8FB62003C1834 /* closeButton.png */; };
		1B9CD2E21BE8FBA0003C1834 /* bgEquip.png in Resources */ = {isa = PBXBuildFile; fileRef = 1B9CD2E11BE8FBA0003C1834 /* bgEquip.png */; };
		1B9CD2E41BE8FECF003C1834 /* bgEquips.png in Resources */ = {isa = PBXBuildFile; fileRef = 1B9CD2E31BE8FECF003C1834 /* bgEquips.png */; };
		1B9CD2E81BE8FFA7003C1834 /* equipBox.png in Resources */ = {isa = PBXBuildFile; fileRef = 1B9CD2E71BE8FFA7003C1834 /* equipBox.png */; };
		1B9CD2EC1BE9022B003C1834 /* bgStatus.png in Resources */ = {isa = PBXBuildFile; fileRef = 1B9CD2EB1BE9022B003C1834 /* bgStatus.png */; };
		1B9DA41C1BE2BB25007F5921 /* HUD.swift in Sources */ = {isa = PBXBuildFile; fileRef = 1B9DA41B1BE2BB25007F5921 /* HUD.swift */; };
		1BA00EB11BC69F3F00B8972A /* Effect.swift in Sources */ = {isa = PBXBuildFile; fileRef = 1BA00EB01BC69F3F00B8972A /* Effect.swift */; };
		1BA00EB41BC6AB2C00B8972A /* Player.swift in Sources */ = {isa = PBXBuildFile; fileRef = 1BA00EB31BC6AB2C00B8972A /* Player.swift */; };
		1BA00EB81BC6B38F00B8972A /* BaseItem.swift in Sources */ = {isa = PBXBuildFile; fileRef = 1BA00EB71BC6B38F00B8972A /* BaseItem.swift */; };
		1BA00EBA1BC6B4AD00B8972A /* ItemQuest.swift in Sources */ = {isa = PBXBuildFile; fileRef = 1BA00EB91BC6B4AD00B8972A /* ItemQuest.swift */; };
		1BA00EBC1BC6B55100B8972A /* Item.swift in Sources */ = {isa = PBXBuildFile; fileRef = 1BA00EBB1BC6B55100B8972A /* Item.swift */; };
		1BA0D1101BFF527C00E4482A /* balao.png in Resources */ = {isa = PBXBuildFile; fileRef = 1BA0D10F1BFF527C00E4482A /* balao.png */; };
		1BA3ED6C1BEA2C7A00F9E3E3 /* nextPlayer.png in Resources */ = {isa = PBXBuildFile; fileRef = 1BA3ED6B1BEA2C7A00F9E3E3 /* nextPlayer.png */; };
		1BA3ED6E1BEA3BC600F9E3E3 /* bgAttackSkill.png in Resources */ = {isa = PBXBuildFile; fileRef = 1BA3ED6D1BEA3BC600F9E3E3 /* bgAttackSkill.png */; };
		1BA3ED701BEA3BD500F9E3E3 /* bgDefenseSkill.png in Resources */ = {isa = PBXBuildFile; fileRef = 1BA3ED6F1BEA3BD500F9E3E3 /* bgDefenseSkill.png */; };
		1BA3ED721BEA3CB700F9E3E3 /* markAtk.png in Resources */ = {isa = PBXBuildFile; fileRef = 1BA3ED711BEA3CB700F9E3E3 /* markAtk.png */; };
		1BA3ED741BEA3CC000F9E3E3 /* markDef.png in Resources */ = {isa = PBXBuildFile; fileRef = 1BA3ED731BEA3CC000F9E3E3 /* markDef.png */; };
		1BA3ED791BEA4AB600F9E3E3 /* Sledgehammer.png in Resources */ = {isa = PBXBuildFile; fileRef = 1BA3ED781BEA4AB600F9E3E3 /* Sledgehammer.png */; };
		1BA3ED7B1BEA4ABC00F9E3E3 /* Warhammer.png in Resources */ = {isa = PBXBuildFile; fileRef = 1BA3ED7A1BEA4ABC00F9E3E3 /* Warhammer.png */; };
		1BA3ED7D1BEA4AC200F9E3E3 /* Punishment.png in Resources */ = {isa = PBXBuildFile; fileRef = 1BA3ED7C1BEA4AC200F9E3E3 /* Punishment.png */; };
		1BA6B98E1BF0D1C600046B7C /* InteractionDelegate.swift in Sources */ = {isa = PBXBuildFile; fileRef = 1BA6B98D1BF0D1C600046B7C /* InteractionDelegate.swift */; };
		1BA6B9911BF0DB6600046B7C /* DBInteraction.swift in Sources */ = {isa = PBXBuildFile; fileRef = 1BA6B9901BF0DB6600046B7C /* DBInteraction.swift */; };
		1BA6B9931BF0DBD800046B7C /* DBEnemy.swift in Sources */ = {isa = PBXBuildFile; fileRef = 1BA6B9921BF0DBD800046B7C /* DBEnemy.swift */; };
		1BA6B9961BF0EB5B00046B7C /* Dialog.swift in Sources */ = {isa = PBXBuildFile; fileRef = 1BA6B9951BF0EB5B00046B7C /* Dialog.swift */; };
		1BA6B9981BF0EC4900046B7C /* Message.swift in Sources */ = {isa = PBXBuildFile; fileRef = 1BA6B9971BF0EC4900046B7C /* Message.swift */; };
		1BB03DCD1BE26444007E7615 /* EquipmentsMenu.swift in Sources */ = {isa = PBXBuildFile; fileRef = 1BB03DCC1BE26444007E7615 /* EquipmentsMenu.swift */; };
		1BB03DCF1BE266BC007E7615 /* BackpackMenu.swift in Sources */ = {isa = PBXBuildFile; fileRef = 1BB03DCE1BE266BC007E7615 /* BackpackMenu.swift */; };
		1BB27CC21BFA391E00A5736E /* footer.png in Resources */ = {isa = PBXBuildFile; fileRef = 1BB27CB01BFA391E00A5736E /* footer.png */; };
		1BB27CC31BFA391E00A5736E /* bgbar.png in Resources */ = {isa = PBXBuildFile; fileRef = 1BB27CB11BFA391E00A5736E /* bgbar.png */; };
		1BB27CC41BFA391E00A5736E /* hpbar.png in Resources */ = {isa = PBXBuildFile; fileRef = 1BB27CB21BFA391E00A5736E /* hpbar.png */; };
		1BB27CC51BFA391E00A5736E /* mpbar.png in Resources */ = {isa = PBXBuildFile; fileRef = 1BB27CB31BFA391E00A5736E /* mpbar.png */; };
		1BB27CC61BFA391E00A5736E /* basichit.png in Resources */ = {isa = PBXBuildFile; fileRef = 1BB27CB41BFA391E00A5736E /* basichit.png */; };
		1BB27CC71BFA391E00A5736E /* 05 skillholylight.png in Resources */ = {isa = PBXBuildFile; fileRef = 1BB27CB51BFA391E00A5736E /* 05 skillholylight.png */; };
		1BB27CC81BFA391E00A5736E /* 06 skillheal.png in Resources */ = {isa = PBXBuildFile; fileRef = 1BB27CB61BFA391E00A5736E /* 06 skillheal.png */; };
		1BB27CC91BFA391E00A5736E /* 07 turnfriend.png in Resources */ = {isa = PBXBuildFile; fileRef = 1BB27CB71BFA391E00A5736E /* 07 turnfriend.png */; };
		1BB27CCA1BFA391E00A5736E /* 08 turnenemy.png in Resources */ = {isa = PBXBuildFile; fileRef = 1BB27CB81BFA391E00A5736E /* 08 turnenemy.png */; };
		1BB27CCB1BFA391E00A5736E /* 09 waitfriend.png in Resources */ = {isa = PBXBuildFile; fileRef = 1BB27CB91BFA391E00A5736E /* 09 waitfriend.png */; };
		1BB27CCC1BFA391E00A5736E /* 10 waitenemy.png in Resources */ = {isa = PBXBuildFile; fileRef = 1BB27CBA1BFA391E00A5736E /* 10 waitenemy.png */; };
		1BB27CCD1BFA391E00A5736E /* reddot.png in Resources */ = {isa = PBXBuildFile; fileRef = 1BB27CBB1BFA391E00A5736E /* reddot.png */; };
		1BB27CCE1BFA391E00A5736E /* 12 sound.png in Resources */ = {isa = PBXBuildFile; fileRef = 1BB27CBC1BFA391E00A5736E /* 12 sound.png */; };
		1BB27CCF1BFA391E00A5736E /* 13 enemybgbar.png in Resources */ = {isa = PBXBuildFile; fileRef = 1BB27CBD1BFA391E00A5736E /* 13 enemybgbar.png */; };
		1BB27CD01BFA391E00A5736E /* 14 enemyhpbar.png in Resources */ = {isa = PBXBuildFile; fileRef = 1BB27CBE1BFA391E00A5736E /* 14 enemyhpbar.png */; };
		1BB27CD11BFA391E00A5736E /* 15 screen.png in Resources */ = {isa = PBXBuildFile; fileRef = 1BB27CBF1BFA391E00A5736E /* 15 screen.png */; };
		1BB27CD31BFA391E00A5736E /* sceneNormalCombat.png in Resources */ = {isa = PBXBuildFile; fileRef = 1BB27CC11BFA391E00A5736E /* sceneNormalCombat.png */; };
		1BB27CD61BFA615E00A5736E /* String.swift in Sources */ = {isa = PBXBuildFile; fileRef = 1BB27CD51BFA615E00A5736E /* String.swift */; };
		1BB6D30F1BEB883C007229DA /* MvpScene.swift in Sources */ = {isa = PBXBuildFile; fileRef = 1BB6D30E1BEB883C007229DA /* MvpScene.swift */; };
		1BB6D3111BEB8867007229DA /* MvpScene.sks in Resources */ = {isa = PBXBuildFile; fileRef = 1BB6D3101BEB8867007229DA /* MvpScene.sks */; };
		1BB6D3141BEB88BF007229DA /* bgMVP.png in Resources */ = {isa = PBXBuildFile; fileRef = 1BB6D3131BEB88BF007229DA /* bgMVP.png */; };
		1BB6D3161BEB89E1007229DA /* rocks.png in Resources */ = {isa = PBXBuildFile; fileRef = 1BB6D3151BEB89E1007229DA /* rocks.png */; };
		1BB6D3181BEBAD72007229DA /* bones.png in Resources */ = {isa = PBXBuildFile; fileRef = 1BB6D3171BEBAD72007229DA /* bones.png */; };
		1BB6D31A1BEBAD7D007229DA /* stones.png in Resources */ = {isa = PBXBuildFile; fileRef = 1BB6D3191BEBAD7D007229DA /* stones.png */; };
		1BC1F41D1BD1C6CB000CE8B3 /* MovementManagement.swift in Sources */ = {isa = PBXBuildFile; fileRef = 1BC1F41C1BD1C6CB000CE8B3 /* MovementManagement.swift */; };
		1BC1F4201BD2360F000CE8B3 /* ActionManagement.swift in Sources */ = {isa = PBXBuildFile; fileRef = 1BC1F41F1BD2360F000CE8B3 /* ActionManagement.swift */; };
		1BD0C54E1BECDCD0006F4220 /* Herb.atlas in Resources */ = {isa = PBXBuildFile; fileRef = 1BD0C53C1BECDCD0006F4220 /* Herb.atlas */; };
		1BD0C55B1BECDCD0006F4220 /* Rohan.atlas in Resources */ = {isa = PBXBuildFile; fileRef = 1BD0C54A1BECDCD0006F4220 /* Rohan.atlas */; };
		1BD0C55C1BECDCD0006F4220 /* Aemon.atlas in Resources */ = {isa = PBXBuildFile; fileRef = 1BD0C54B1BECDCD0006F4220 /* Aemon.atlas */; };
		1BD0C55D1BECDCD0006F4220 /* Ramdall.atlas in Resources */ = {isa = PBXBuildFile; fileRef = 1BD0C54C1BECDCD0006F4220 /* Ramdall.atlas */; };
		1BD0C55E1BECDCD0006F4220 /* Bellatrix.atlas in Resources */ = {isa = PBXBuildFile; fileRef = 1BD0C54D1BECDCD0006F4220 /* Bellatrix.atlas */; };
		1BD0C5601BECDCF6006F4220 /* Marge.atlas in Resources */ = {isa = PBXBuildFile; fileRef = 1BD0C55F1BECDCF6006F4220 /* Marge.atlas */; };
		1BD0C56C1BECE26D006F4220 /* arvore.png in Resources */ = {isa = PBXBuildFile; fileRef = 1BD0C5631BECE26D006F4220 /* arvore.png */; };
		1BD0C56D1BECE26D006F4220 /* casas.png in Resources */ = {isa = PBXBuildFile; fileRef = 1BD0C5641BECE26D006F4220 /* casas.png */; };
		1BD0C56E1BECE26D006F4220 /* chao.png in Resources */ = {isa = PBXBuildFile; fileRef = 1BD0C5651BECE26D006F4220 /* chao.png */; };
		1BD0C56F1BECE26D006F4220 /* flores.png in Resources */ = {isa = PBXBuildFile; fileRef = 1BD0C5661BECE26D006F4220 /* flores.png */; };
		1BD0C5701BECE26D006F4220 /* fundo.png in Resources */ = {isa = PBXBuildFile; fileRef = 1BD0C5671BECE26D006F4220 /* fundo.png */; };
		1BD0C5711BECE26D006F4220 /* grass.png in Resources */ = {isa = PBXBuildFile; fileRef = 1BD0C5681BECE26D006F4220 /* grass.png */; };
		1BD0C5721BECE26D006F4220 /* house1.png in Resources */ = {isa = PBXBuildFile; fileRef = 1BD0C5691BECE26D006F4220 /* house1.png */; };
		1BD0C5731BECE26D006F4220 /* house2.png in Resources */ = {isa = PBXBuildFile; fileRef = 1BD0C56A1BECE26D006F4220 /* house2.png */; };
		1BD0C5741BECE26D006F4220 /* mato.png in Resources */ = {isa = PBXBuildFile; fileRef = 1BD0C56B1BECE26D006F4220 /* mato.png */; };
		1BD0C5781BECE5E0006F4220 /* closeddoor.png in Resources */ = {isa = PBXBuildFile; fileRef = 1BD0C5761BECE5E0006F4220 /* closeddoor.png */; };
		1BD0C5791BECE5E0006F4220 /* openeddoor.png in Resources */ = {isa = PBXBuildFile; fileRef = 1BD0C5771BECE5E0006F4220 /* openeddoor.png */; };
		1BD0C5851BECEFFB006F4220 /* DBPlayers.swift in Sources */ = {isa = PBXBuildFile; fileRef = 1BD0C5841BECEFFB006F4220 /* DBPlayers.swift */; };
		1BD76E3F1BC401CF00A2EDE1 /* Equip.swift in Sources */ = {isa = PBXBuildFile; fileRef = 1BD76E3E1BC401CF00A2EDE1 /* Equip.swift */; };
		1BD76E431BC4080D00A2EDE1 /* ItemType.swift in Sources */ = {isa = PBXBuildFile; fileRef = 1BD76E421BC4080D00A2EDE1 /* ItemType.swift */; };
		1BD76E451BC4093900A2EDE1 /* PlayerStatus.swift in Sources */ = {isa = PBXBuildFile; fileRef = 1BD76E441BC4093900A2EDE1 /* PlayerStatus.swift */; };
		1BD76E4E1BC4135900A2EDE1 /* BaseSkill.swift in Sources */ = {isa = PBXBuildFile; fileRef = 1BD76E4D1BC4135900A2EDE1 /* BaseSkill.swift */; };
		1BE7D8051BC7FEDA000FA60C /* Ylla.atlas in Resources */ = {isa = PBXBuildFile; fileRef = 1BE7D8041BC7FEDA000FA60C /* Ylla.atlas */; };
		1BECB4CB1BC55CB000EDBB8F /* BaseRace.swift in Sources */ = {isa = PBXBuildFile; fileRef = 1BECB4CA1BC55CB000EDBB8F /* BaseRace.swift */; };
		1BECB4CD1BC55E2200EDBB8F /* Swordsman.swift in Sources */ = {isa = PBXBuildFile; fileRef = 1BECB4CC1BC55E2200EDBB8F /* Swordsman.swift */; };
		1BECB4CF1BC55EB300EDBB8F /* Mage.swift in Sources */ = {isa = PBXBuildFile; fileRef = 1BECB4CE1BC55EB300EDBB8F /* Mage.swift */; };
		1BECB4D11BC55EF700EDBB8F /* Bard.swift in Sources */ = {isa = PBXBuildFile; fileRef = 1BECB4D01BC55EF700EDBB8F /* Bard.swift */; };
		1BECB4D31BC55F2600EDBB8F /* Paladin.swift in Sources */ = {isa = PBXBuildFile; fileRef = 1BECB4D21BC55F2600EDBB8F /* Paladin.swift */; };
		1BECB4D51BC563F700EDBB8F /* StatusList.swift in Sources */ = {isa = PBXBuildFile; fileRef = 1BECB4D41BC563F700EDBB8F /* StatusList.swift */; };
		1BEDA5691BCE8B8800C95A73 /* Hydora.atlas in Resources */ = {isa = PBXBuildFile; fileRef = 1BEDA5681BCE8B8800C95A73 /* Hydora.atlas */; };
		BCCBB89F1BD7C3370026EEB2 /* CollisionSetUps.swift in Sources */ = {isa = PBXBuildFile; fileRef = BCCBB89E1BD7C3370026EEB2 /* CollisionSetUps.swift */; };
/* End PBXBuildFile section */

/* Begin PBXContainerItemProxy section */
		1B8EDC1A1BC2B074009603B6 /* PBXContainerItemProxy */ = {
			isa = PBXContainerItemProxy;
			containerPortal = 1B8EDBF91BC2B073009603B6 /* Project object */;
			proxyType = 1;
			remoteGlobalIDString = 1B8EDC001BC2B073009603B6;
			remoteInfo = MiraadTales;
		};
		1B8EDC251BC2B074009603B6 /* PBXContainerItemProxy */ = {
			isa = PBXContainerItemProxy;
			containerPortal = 1B8EDBF91BC2B073009603B6 /* Project object */;
			proxyType = 1;
			remoteGlobalIDString = 1B8EDC001BC2B073009603B6;
			remoteInfo = MiraadTales;
		};
/* End PBXContainerItemProxy section */

/* Begin PBXFileReference section */
		1B4780301BD9297B007E03B5 /* CombatScene.swift */ = {isa = PBXFileReference; fileEncoding = 4; lastKnownFileType = sourcecode.swift; path = CombatScene.swift; sourceTree = "<group>"; };
		1B4780321BD9298E007E03B5 /* CombatScene.sks */ = {isa = PBXFileReference; lastKnownFileType = file.sks; path = CombatScene.sks; sourceTree = "<group>"; };
		1B4F29781BCFD28200612BF8 /* VLDContextSheet.h */ = {isa = PBXFileReference; fileEncoding = 4; lastKnownFileType = sourcecode.c.h; path = VLDContextSheet.h; sourceTree = "<group>"; };
		1B4F29791BCFD28200612BF8 /* VLDContextSheet.m */ = {isa = PBXFileReference; fileEncoding = 4; lastKnownFileType = sourcecode.c.objc; path = VLDContextSheet.m; sourceTree = "<group>"; };
		1B4F297A1BCFD28200612BF8 /* VLDContextSheetItem.h */ = {isa = PBXFileReference; fileEncoding = 4; lastKnownFileType = sourcecode.c.h; path = VLDContextSheetItem.h; sourceTree = "<group>"; };
		1B4F297B1BCFD28200612BF8 /* VLDContextSheetItem.m */ = {isa = PBXFileReference; fileEncoding = 4; lastKnownFileType = sourcecode.c.objc; path = VLDContextSheetItem.m; sourceTree = "<group>"; };
		1B4F297C1BCFD28200612BF8 /* VLDContextSheetItemView.h */ = {isa = PBXFileReference; fileEncoding = 4; lastKnownFileType = sourcecode.c.h; path = VLDContextSheetItemView.h; sourceTree = "<group>"; };
		1B4F297D1BCFD28200612BF8 /* VLDContextSheetItemView.m */ = {isa = PBXFileReference; fileEncoding = 4; lastKnownFileType = sourcecode.c.objc; path = VLDContextSheetItemView.m; sourceTree = "<group>"; };
		1B4F29821BCFE2EB00612BF8 /* LFCGzipUtility.h */ = {isa = PBXFileReference; fileEncoding = 4; lastKnownFileType = sourcecode.c.h; path = LFCGzipUtility.h; sourceTree = "<group>"; };
		1B4F29831BCFE2EB00612BF8 /* LFCGzipUtility.m */ = {isa = PBXFileReference; fileEncoding = 4; lastKnownFileType = sourcecode.c.objc; path = LFCGzipUtility.m; sourceTree = "<group>"; };
		1B4F29841BCFE2EB00612BF8 /* JSTileMap.h */ = {isa = PBXFileReference; fileEncoding = 4; lastKnownFileType = sourcecode.c.h; path = JSTileMap.h; sourceTree = "<group>"; };
		1B4F29851BCFE2EB00612BF8 /* JSTileMap.m */ = {isa = PBXFileReference; fileEncoding = 4; lastKnownFileType = sourcecode.c.objc; path = JSTileMap.m; sourceTree = "<group>"; };
		1B881B801BDFB074000DC648 /* BaseEnemy.swift */ = {isa = PBXFileReference; fileEncoding = 4; lastKnownFileType = sourcecode.swift; path = BaseEnemy.swift; sourceTree = "<group>"; };
		1B881B821BDFB0AD000DC648 /* TypeEnemy.swift */ = {isa = PBXFileReference; fileEncoding = 4; lastKnownFileType = sourcecode.swift; path = TypeEnemy.swift; sourceTree = "<group>"; };
		1B881B841BDFB360000DC648 /* Enemy.swift */ = {isa = PBXFileReference; fileEncoding = 4; lastKnownFileType = sourcecode.swift; path = Enemy.swift; sourceTree = "<group>"; };
		1B881B871BDFB5D8000DC648 /* DBEquipSkill.swift */ = {isa = PBXFileReference; fileEncoding = 4; lastKnownFileType = sourcecode.swift; path = DBEquipSkill.swift; sourceTree = "<group>"; };
		1B881B8A1BDFCA48000DC648 /* BaseEquip.swift */ = {isa = PBXFileReference; fileEncoding = 4; lastKnownFileType = sourcecode.swift; path = BaseEquip.swift; sourceTree = "<group>"; };
		1B8EDC011BC2B074009603B6 /* MiraadTales.app */ = {isa = PBXFileReference; explicitFileType = wrapper.application; includeInIndex = 0; path = MiraadTales.app; sourceTree = BUILT_PRODUCTS_DIR; };
		1B8EDC041BC2B074009603B6 /* AppDelegate.swift */ = {isa = PBXFileReference; lastKnownFileType = sourcecode.swift; path = AppDelegate.swift; sourceTree = "<group>"; };
		1B8EDC061BC2B074009603B6 /* GameScene.sks */ = {isa = PBXFileReference; lastKnownFileType = file.sks; path = GameScene.sks; sourceTree = "<group>"; };
		1B8EDC081BC2B074009603B6 /* GameScene.swift */ = {isa = PBXFileReference; lastKnownFileType = sourcecode.swift; path = GameScene.swift; sourceTree = "<group>"; };
		1B8EDC0A1BC2B074009603B6 /* GameViewController.swift */ = {isa = PBXFileReference; lastKnownFileType = sourcecode.swift; path = GameViewController.swift; sourceTree = "<group>"; };
		1B8EDC0D1BC2B074009603B6 /* Base */ = {isa = PBXFileReference; lastKnownFileType = file.storyboard; name = Base; path = Base.lproj/Main.storyboard; sourceTree = "<group>"; };
		1B8EDC0F1BC2B074009603B6 /* Assets.xcassets */ = {isa = PBXFileReference; lastKnownFileType = folder.assetcatalog; path = Assets.xcassets; sourceTree = "<group>"; };
		1B8EDC121BC2B074009603B6 /* Base */ = {isa = PBXFileReference; lastKnownFileType = file.storyboard; name = Base; path = Base.lproj/LaunchScreen.storyboard; sourceTree = "<group>"; };
		1B8EDC141BC2B074009603B6 /* Info.plist */ = {isa = PBXFileReference; lastKnownFileType = text.plist.xml; path = Info.plist; sourceTree = "<group>"; };
		1B8EDC191BC2B074009603B6 /* MiraadTalesTests.xctest */ = {isa = PBXFileReference; explicitFileType = wrapper.cfbundle; includeInIndex = 0; path = MiraadTalesTests.xctest; sourceTree = BUILT_PRODUCTS_DIR; };
		1B8EDC1D1BC2B074009603B6 /* MiraadTalesTests.swift */ = {isa = PBXFileReference; lastKnownFileType = sourcecode.swift; path = MiraadTalesTests.swift; sourceTree = "<group>"; };
		1B8EDC1F1BC2B074009603B6 /* Info.plist */ = {isa = PBXFileReference; lastKnownFileType = text.plist.xml; path = Info.plist; sourceTree = "<group>"; };
		1B8EDC241BC2B074009603B6 /* MiraadTalesUITests.xctest */ = {isa = PBXFileReference; explicitFileType = wrapper.cfbundle; includeInIndex = 0; path = MiraadTalesUITests.xctest; sourceTree = BUILT_PRODUCTS_DIR; };
		1B8EDC281BC2B074009603B6 /* MiraadTalesUITests.swift */ = {isa = PBXFileReference; lastKnownFileType = sourcecode.swift; path = MiraadTalesUITests.swift; sourceTree = "<group>"; };
		1B8EDC2A1BC2B074009603B6 /* Info.plist */ = {isa = PBXFileReference; lastKnownFileType = text.plist.xml; path = Info.plist; sourceTree = "<group>"; };
		1B8EDC381BC2B959009603B6 /* Status.swift */ = {isa = PBXFileReference; fileEncoding = 4; lastKnownFileType = sourcecode.swift; path = Status.swift; sourceTree = "<group>"; };
		1B8EDC3A1BC2C506009603B6 /* PlayersRace.swift */ = {isa = PBXFileReference; fileEncoding = 4; lastKnownFileType = sourcecode.swift; path = PlayersRace.swift; sourceTree = "<group>"; };
		1B90C9A11BFCB8AF00B198FB /* Intro.swift */ = {isa = PBXFileReference; fileEncoding = 4; lastKnownFileType = sourcecode.swift; path = Intro.swift; sourceTree = "<group>"; };
		1B90C9A31BFCB8CC00B198FB /* Intro.sks */ = {isa = PBXFileReference; lastKnownFileType = file.sks; path = Intro.sks; sourceTree = "<group>"; };
		1B90C9A51BFCBCC300B198FB /* ActionDialog.swift */ = {isa = PBXFileReference; fileEncoding = 4; lastKnownFileType = sourcecode.swift; path = ActionDialog.swift; sourceTree = "<group>"; };
		1B9553751BD52D5C001D1FBD /* Joystick.swift */ = {isa = PBXFileReference; fileEncoding = 4; lastKnownFileType = sourcecode.swift; path = Joystick.swift; sourceTree = "<group>"; };
		1B9553771BD53195001D1FBD /* DirectionPlayer.swift */ = {isa = PBXFileReference; fileEncoding = 4; lastKnownFileType = sourcecode.swift; path = DirectionPlayer.swift; sourceTree = "<group>"; };
		1B9671D31BDBF42D0055D034 /* Skill.swift */ = {isa = PBXFileReference; fileEncoding = 4; lastKnownFileType = sourcecode.swift; path = Skill.swift; sourceTree = "<group>"; };
		1B9AD0391BED3B2700FA04C6 /* key.png */ = {isa = PBXFileReference; lastKnownFileType = image.png; path = key.png; sourceTree = "<group>"; };
		1B9AD03B1BED43AD00FA04C6 /* NavigationController.swift */ = {isa = PBXFileReference; fileEncoding = 4; lastKnownFileType = sourcecode.swift; path = NavigationController.swift; sourceTree = "<group>"; };
		1B9BE8771BD137E300E9EE27 /* libz.tbd */ = {isa = PBXFileReference; lastKnownFileType = "sourcecode.text-based-dylib-definition"; name = libz.tbd; path = usr/lib/libz.tbd; sourceTree = SDKROOT; };
		1B9CD2D71BE8F73F003C1834 /* prospero_bold_nbp.ttf */ = {isa = PBXFileReference; lastKnownFileType = file; path = prospero_bold_nbp.ttf; sourceTree = "<group>"; };
		1B9CD2D81BE8F73F003C1834 /* prospero_nbp.ttf */ = {isa = PBXFileReference; lastKnownFileType = file; path = prospero_nbp.ttf; sourceTree = "<group>"; };
		1B9CD2DB1BE8FABD003C1834 /* bgMenuEquipment.png */ = {isa = PBXFileReference; lastKnownFileType = image.png; path = bgMenuEquipment.png; sourceTree = "<group>"; };
		1B9CD2DD1BE8FB05003C1834 /* bgTitle.png */ = {isa = PBXFileReference; lastKnownFileType = image.png; path = bgTitle.png; sourceTree = "<group>"; };
		1B9CD2DF1BE8FB62003C1834 /* closeButton.png */ = {isa = PBXFileReference; lastKnownFileType = image.png; path = closeButton.png; sourceTree = "<group>"; };
		1B9CD2E11BE8FBA0003C1834 /* bgEquip.png */ = {isa = PBXFileReference; lastKnownFileType = image.png; path = bgEquip.png; sourceTree = "<group>"; };
		1B9CD2E31BE8FECF003C1834 /* bgEquips.png */ = {isa = PBXFileReference; lastKnownFileType = image.png; path = bgEquips.png; sourceTree = "<group>"; };
		1B9CD2E71BE8FFA7003C1834 /* equipBox.png */ = {isa = PBXFileReference; lastKnownFileType = image.png; path = equipBox.png; sourceTree = "<group>"; };
		1B9CD2EB1BE9022B003C1834 /* bgStatus.png */ = {isa = PBXFileReference; lastKnownFileType = image.png; path = bgStatus.png; sourceTree = "<group>"; };
		1B9DA41B1BE2BB25007F5921 /* HUD.swift */ = {isa = PBXFileReference; fileEncoding = 4; lastKnownFileType = sourcecode.swift; path = HUD.swift; sourceTree = "<group>"; };
		1BA00EB01BC69F3F00B8972A /* Effect.swift */ = {isa = PBXFileReference; fileEncoding = 4; lastKnownFileType = sourcecode.swift; path = Effect.swift; sourceTree = "<group>"; };
		1BA00EB31BC6AB2C00B8972A /* Player.swift */ = {isa = PBXFileReference; fileEncoding = 4; lastKnownFileType = sourcecode.swift; path = Player.swift; sourceTree = "<group>"; };
		1BA00EB71BC6B38F00B8972A /* BaseItem.swift */ = {isa = PBXFileReference; fileEncoding = 4; lastKnownFileType = sourcecode.swift; path = BaseItem.swift; sourceTree = "<group>"; };
		1BA00EB91BC6B4AD00B8972A /* ItemQuest.swift */ = {isa = PBXFileReference; fileEncoding = 4; lastKnownFileType = sourcecode.swift; path = ItemQuest.swift; sourceTree = "<group>"; };
		1BA00EBB1BC6B55100B8972A /* Item.swift */ = {isa = PBXFileReference; fileEncoding = 4; lastKnownFileType = sourcecode.swift; path = Item.swift; sourceTree = "<group>"; };
		1BA0D10F1BFF527C00E4482A /* balao.png */ = {isa = PBXFileReference; lastKnownFileType = image.png; path = balao.png; sourceTree = "<group>"; };
		1BA3ED6B1BEA2C7A00F9E3E3 /* nextPlayer.png */ = {isa = PBXFileReference; lastKnownFileType = image.png; path = nextPlayer.png; sourceTree = "<group>"; };
		1BA3ED6D1BEA3BC600F9E3E3 /* bgAttackSkill.png */ = {isa = PBXFileReference; lastKnownFileType = image.png; path = bgAttackSkill.png; sourceTree = "<group>"; };
		1BA3ED6F1BEA3BD500F9E3E3 /* bgDefenseSkill.png */ = {isa = PBXFileReference; lastKnownFileType = image.png; path = bgDefenseSkill.png; sourceTree = "<group>"; };
		1BA3ED711BEA3CB700F9E3E3 /* markAtk.png */ = {isa = PBXFileReference; lastKnownFileType = image.png; path = markAtk.png; sourceTree = "<group>"; };
		1BA3ED731BEA3CC000F9E3E3 /* markDef.png */ = {isa = PBXFileReference; lastKnownFileType = image.png; path = markDef.png; sourceTree = "<group>"; };
		1BA3ED781BEA4AB600F9E3E3 /* Sledgehammer.png */ = {isa = PBXFileReference; lastKnownFileType = image.png; path = Sledgehammer.png; sourceTree = "<group>"; };
		1BA3ED7A1BEA4ABC00F9E3E3 /* Warhammer.png */ = {isa = PBXFileReference; lastKnownFileType = image.png; path = Warhammer.png; sourceTree = "<group>"; };
		1BA3ED7C1BEA4AC200F9E3E3 /* Punishment.png */ = {isa = PBXFileReference; lastKnownFileType = image.png; path = Punishment.png; sourceTree = "<group>"; };
		1BA6B98D1BF0D1C600046B7C /* InteractionDelegate.swift */ = {isa = PBXFileReference; fileEncoding = 4; lastKnownFileType = sourcecode.swift; path = InteractionDelegate.swift; sourceTree = "<group>"; };
		1BA6B9901BF0DB6600046B7C /* DBInteraction.swift */ = {isa = PBXFileReference; fileEncoding = 4; lastKnownFileType = sourcecode.swift; path = DBInteraction.swift; sourceTree = "<group>"; };
		1BA6B9921BF0DBD800046B7C /* DBEnemy.swift */ = {isa = PBXFileReference; fileEncoding = 4; lastKnownFileType = sourcecode.swift; path = DBEnemy.swift; sourceTree = "<group>"; };
		1BA6B9951BF0EB5B00046B7C /* Dialog.swift */ = {isa = PBXFileReference; fileEncoding = 4; lastKnownFileType = sourcecode.swift; path = Dialog.swift; sourceTree = "<group>"; };
		1BA6B9971BF0EC4900046B7C /* Message.swift */ = {isa = PBXFileReference; fileEncoding = 4; lastKnownFileType = sourcecode.swift; path = Message.swift; sourceTree = "<group>"; };
		1BB03DCC1BE26444007E7615 /* EquipmentsMenu.swift */ = {isa = PBXFileReference; fileEncoding = 4; lastKnownFileType = sourcecode.swift; path = EquipmentsMenu.swift; sourceTree = "<group>"; };
		1BB03DCE1BE266BC007E7615 /* BackpackMenu.swift */ = {isa = PBXFileReference; fileEncoding = 4; lastKnownFileType = sourcecode.swift; path = BackpackMenu.swift; sourceTree = "<group>"; };
		1BB27CB01BFA391E00A5736E /* footer.png */ = {isa = PBXFileReference; lastKnownFileType = image.png; path = footer.png; sourceTree = "<group>"; };
		1BB27CB11BFA391E00A5736E /* bgbar.png */ = {isa = PBXFileReference; lastKnownFileType = image.png; path = bgbar.png; sourceTree = "<group>"; };
		1BB27CB21BFA391E00A5736E /* hpbar.png */ = {isa = PBXFileReference; lastKnownFileType = image.png; path = hpbar.png; sourceTree = "<group>"; };
		1BB27CB31BFA391E00A5736E /* mpbar.png */ = {isa = PBXFileReference; lastKnownFileType = image.png; path = mpbar.png; sourceTree = "<group>"; };
		1BB27CB41BFA391E00A5736E /* basichit.png */ = {isa = PBXFileReference; lastKnownFileType = image.png; name = basichit.png; path = map/Combat/basichit.png; sourceTree = "<group>"; };
		1BB27CB51BFA391E00A5736E /* 05 skillholylight.png */ = {isa = PBXFileReference; lastKnownFileType = image.png; path = "05 skillholylight.png"; sourceTree = "<group>"; };
		1BB27CB61BFA391E00A5736E /* 06 skillheal.png */ = {isa = PBXFileReference; lastKnownFileType = image.png; path = "06 skillheal.png"; sourceTree = "<group>"; };
		1BB27CB71BFA391E00A5736E /* 07 turnfriend.png */ = {isa = PBXFileReference; lastKnownFileType = image.png; path = "07 turnfriend.png"; sourceTree = "<group>"; };
		1BB27CB81BFA391E00A5736E /* 08 turnenemy.png */ = {isa = PBXFileReference; lastKnownFileType = image.png; path = "08 turnenemy.png"; sourceTree = "<group>"; };
		1BB27CB91BFA391E00A5736E /* 09 waitfriend.png */ = {isa = PBXFileReference; lastKnownFileType = image.png; path = "09 waitfriend.png"; sourceTree = "<group>"; };
		1BB27CBA1BFA391E00A5736E /* 10 waitenemy.png */ = {isa = PBXFileReference; lastKnownFileType = image.png; path = "10 waitenemy.png"; sourceTree = "<group>"; };
		1BB27CBB1BFA391E00A5736E /* reddot.png */ = {isa = PBXFileReference; lastKnownFileType = image.png; path = reddot.png; sourceTree = "<group>"; };
		1BB27CBC1BFA391E00A5736E /* 12 sound.png */ = {isa = PBXFileReference; lastKnownFileType = image.png; path = "12 sound.png"; sourceTree = "<group>"; };
		1BB27CBD1BFA391E00A5736E /* 13 enemybgbar.png */ = {isa = PBXFileReference; lastKnownFileType = image.png; path = "13 enemybgbar.png"; sourceTree = "<group>"; };
		1BB27CBE1BFA391E00A5736E /* 14 enemyhpbar.png */ = {isa = PBXFileReference; lastKnownFileType = image.png; path = "14 enemyhpbar.png"; sourceTree = "<group>"; };
		1BB27CBF1BFA391E00A5736E /* 15 screen.png */ = {isa = PBXFileReference; lastKnownFileType = image.png; path = "15 screen.png"; sourceTree = "<group>"; };
		1BB27CC11BFA391E00A5736E /* sceneNormalCombat.png */ = {isa = PBXFileReference; lastKnownFileType = image.png; path = sceneNormalCombat.png; sourceTree = "<group>"; };
		1BB27CD51BFA615E00A5736E /* String.swift */ = {isa = PBXFileReference; fileEncoding = 4; lastKnownFileType = sourcecode.swift; path = String.swift; sourceTree = "<group>"; };
		1BB6D30E1BEB883C007229DA /* MvpScene.swift */ = {isa = PBXFileReference; fileEncoding = 4; lastKnownFileType = sourcecode.swift; name = MvpScene.swift; path = ../MvpScene.swift; sourceTree = "<group>"; };
		1BB6D3101BEB8867007229DA /* MvpScene.sks */ = {isa = PBXFileReference; lastKnownFileType = file.sks; path = MvpScene.sks; sourceTree = "<group>"; };
		1BB6D3131BEB88BF007229DA /* bgMVP.png */ = {isa = PBXFileReference; lastKnownFileType = image.png; path = bgMVP.png; sourceTree = "<group>"; };
		1BB6D3151BEB89E1007229DA /* rocks.png */ = {isa = PBXFileReference; lastKnownFileType = image.png; path = rocks.png; sourceTree = "<group>"; };
		1BB6D3171BEBAD72007229DA /* bones.png */ = {isa = PBXFileReference; lastKnownFileType = image.png; path = bones.png; sourceTree = "<group>"; };
		1BB6D3191BEBAD7D007229DA /* stones.png */ = {isa = PBXFileReference; lastKnownFileType = image.png; path = stones.png; sourceTree = "<group>"; };
		1BC1F41C1BD1C6CB000CE8B3 /* MovementManagement.swift */ = {isa = PBXFileReference; fileEncoding = 4; lastKnownFileType = sourcecode.swift; path = MovementManagement.swift; sourceTree = "<group>"; };
		1BC1F41F1BD2360F000CE8B3 /* ActionManagement.swift */ = {isa = PBXFileReference; fileEncoding = 4; lastKnownFileType = sourcecode.swift; path = ActionManagement.swift; sourceTree = "<group>"; };
		1BC910211BD7E4AE009E2A9C /* public_tileset_by_orohnpokemon-d4vpcfu copy.png */ = {isa = PBXFileReference; lastKnownFileType = image.png; path = "public_tileset_by_orohnpokemon-d4vpcfu copy.png"; sourceTree = "<group>"; };
		1BD0C53C1BECDCD0006F4220 /* Herb.atlas */ = {isa = PBXFileReference; lastKnownFileType = folder.skatlas; path = Herb.atlas; sourceTree = "<group>"; };
		1BD0C54A1BECDCD0006F4220 /* Rohan.atlas */ = {isa = PBXFileReference; lastKnownFileType = folder.skatlas; path = Rohan.atlas; sourceTree = "<group>"; };
		1BD0C54B1BECDCD0006F4220 /* Aemon.atlas */ = {isa = PBXFileReference; lastKnownFileType = folder.skatlas; path = Aemon.atlas; sourceTree = "<group>"; };
		1BD0C54C1BECDCD0006F4220 /* Ramdall.atlas */ = {isa = PBXFileReference; lastKnownFileType = folder.skatlas; path = Ramdall.atlas; sourceTree = "<group>"; };
		1BD0C54D1BECDCD0006F4220 /* Bellatrix.atlas */ = {isa = PBXFileReference; lastKnownFileType = folder.skatlas; path = Bellatrix.atlas; sourceTree = "<group>"; };
		1BD0C55F1BECDCF6006F4220 /* Marge.atlas */ = {isa = PBXFileReference; lastKnownFileType = folder.skatlas; path = Marge.atlas; sourceTree = "<group>"; };
		1BD0C5631BECE26D006F4220 /* arvore.png */ = {isa = PBXFileReference; lastKnownFileType = image.png; path = arvore.png; sourceTree = "<group>"; };
		1BD0C5641BECE26D006F4220 /* casas.png */ = {isa = PBXFileReference; lastKnownFileType = image.png; path = casas.png; sourceTree = "<group>"; };
		1BD0C5651BECE26D006F4220 /* chao.png */ = {isa = PBXFileReference; lastKnownFileType = image.png; path = chao.png; sourceTree = "<group>"; };
		1BD0C5661BECE26D006F4220 /* flores.png */ = {isa = PBXFileReference; lastKnownFileType = image.png; path = flores.png; sourceTree = "<group>"; };
		1BD0C5671BECE26D006F4220 /* fundo.png */ = {isa = PBXFileReference; lastKnownFileType = image.png; path = fundo.png; sourceTree = "<group>"; };
		1BD0C5681BECE26D006F4220 /* grass.png */ = {isa = PBXFileReference; lastKnownFileType = image.png; path = grass.png; sourceTree = "<group>"; };
		1BD0C5691BECE26D006F4220 /* house1.png */ = {isa = PBXFileReference; lastKnownFileType = image.png; path = house1.png; sourceTree = "<group>"; };
		1BD0C56A1BECE26D006F4220 /* house2.png */ = {isa = PBXFileReference; lastKnownFileType = image.png; path = house2.png; sourceTree = "<group>"; };
		1BD0C56B1BECE26D006F4220 /* mato.png */ = {isa = PBXFileReference; lastKnownFileType = image.png; path = mato.png; sourceTree = "<group>"; };
		1BD0C5761BECE5E0006F4220 /* closeddoor.png */ = {isa = PBXFileReference; lastKnownFileType = image.png; path = closeddoor.png; sourceTree = "<group>"; };
		1BD0C5771BECE5E0006F4220 /* openeddoor.png */ = {isa = PBXFileReference; lastKnownFileType = image.png; path = openeddoor.png; sourceTree = "<group>"; };
		1BD0C5841BECEFFB006F4220 /* DBPlayers.swift */ = {isa = PBXFileReference; fileEncoding = 4; lastKnownFileType = sourcecode.swift; path = DBPlayers.swift; sourceTree = "<group>"; };
		1BD76E3E1BC401CF00A2EDE1 /* Equip.swift */ = {isa = PBXFileReference; fileEncoding = 4; lastKnownFileType = sourcecode.swift; path = Equip.swift; sourceTree = "<group>"; };
		1BD76E421BC4080D00A2EDE1 /* ItemType.swift */ = {isa = PBXFileReference; fileEncoding = 4; lastKnownFileType = sourcecode.swift; path = ItemType.swift; sourceTree = "<group>"; };
		1BD76E441BC4093900A2EDE1 /* PlayerStatus.swift */ = {isa = PBXFileReference; fileEncoding = 4; lastKnownFileType = sourcecode.swift; path = PlayerStatus.swift; sourceTree = "<group>"; };
		1BD76E4D1BC4135900A2EDE1 /* BaseSkill.swift */ = {isa = PBXFileReference; fileEncoding = 4; lastKnownFileType = sourcecode.swift; path = BaseSkill.swift; sourceTree = "<group>"; };
		1BE7D7FE1BC7F854000FA60C /* MiraadTales-Bridging-Header.h */ = {isa = PBXFileReference; lastKnownFileType = sourcecode.c.h; path = "MiraadTales-Bridging-Header.h"; sourceTree = "<group>"; };
		1BE7D8041BC7FEDA000FA60C /* Ylla.atlas */ = {isa = PBXFileReference; lastKnownFileType = folder.skatlas; path = Ylla.atlas; sourceTree = "<group>"; };
		1BECB4CA1BC55CB000EDBB8F /* BaseRace.swift */ = {isa = PBXFileReference; fileEncoding = 4; lastKnownFileType = sourcecode.swift; path = BaseRace.swift; sourceTree = "<group>"; };
		1BECB4CC1BC55E2200EDBB8F /* Swordsman.swift */ = {isa = PBXFileReference; fileEncoding = 4; lastKnownFileType = sourcecode.swift; path = Swordsman.swift; sourceTree = "<group>"; };
		1BECB4CE1BC55EB300EDBB8F /* Mage.swift */ = {isa = PBXFileReference; fileEncoding = 4; lastKnownFileType = sourcecode.swift; path = Mage.swift; sourceTree = "<group>"; };
		1BECB4D01BC55EF700EDBB8F /* Bard.swift */ = {isa = PBXFileReference; fileEncoding = 4; lastKnownFileType = sourcecode.swift; path = Bard.swift; sourceTree = "<group>"; };
		1BECB4D21BC55F2600EDBB8F /* Paladin.swift */ = {isa = PBXFileReference; fileEncoding = 4; lastKnownFileType = sourcecode.swift; path = Paladin.swift; sourceTree = "<group>"; };
		1BECB4D41BC563F700EDBB8F /* StatusList.swift */ = {isa = PBXFileReference; fileEncoding = 4; lastKnownFileType = sourcecode.swift; path = StatusList.swift; sourceTree = "<group>"; };
		1BEDA5681BCE8B8800C95A73 /* Hydora.atlas */ = {isa = PBXFileReference; lastKnownFileType = folder.skatlas; path = Hydora.atlas; sourceTree = "<group>"; };
		BCCBB89E1BD7C3370026EEB2 /* CollisionSetUps.swift */ = {isa = PBXFileReference; fileEncoding = 4; lastKnownFileType = sourcecode.swift; path = CollisionSetUps.swift; sourceTree = "<group>"; };
/* End PBXFileReference section */

/* Begin PBXFrameworksBuildPhase section */
		1B8EDBFE1BC2B073009603B6 /* Frameworks */ = {
			isa = PBXFrameworksBuildPhase;
			buildActionMask = 2147483647;
			files = (
				1B9BE8781BD137E300E9EE27 /* libz.tbd in Frameworks */,
			);
			runOnlyForDeploymentPostprocessing = 0;
		};
		1B8EDC161BC2B074009603B6 /* Frameworks */ = {
			isa = PBXFrameworksBuildPhase;
			buildActionMask = 2147483647;
			files = (
			);
			runOnlyForDeploymentPostprocessing = 0;
		};
		1B8EDC211BC2B074009603B6 /* Frameworks */ = {
			isa = PBXFrameworksBuildPhase;
			buildActionMask = 2147483647;
			files = (
			);
			runOnlyForDeploymentPostprocessing = 0;
		};
/* End PBXFrameworksBuildPhase section */

/* Begin PBXGroup section */
		1B46EAC31BE58F8A005E040B /* HUD */ = {
			isa = PBXGroup;
			children = (
				1B9CD2D41BE8F229003C1834 /* Equipment */,
			);
			name = HUD;
			sourceTree = "<group>";
		};
		1B4F29771BCFD26F00612BF8 /* ContextMenuPlayer */ = {
			isa = PBXGroup;
			children = (
				1B4F29781BCFD28200612BF8 /* VLDContextSheet.h */,
				1B4F29791BCFD28200612BF8 /* VLDContextSheet.m */,
				1B4F297A1BCFD28200612BF8 /* VLDContextSheetItem.h */,
				1B4F297B1BCFD28200612BF8 /* VLDContextSheetItem.m */,
				1B4F297C1BCFD28200612BF8 /* VLDContextSheetItemView.h */,
				1B4F297D1BCFD28200612BF8 /* VLDContextSheetItemView.m */,
			);
			name = ContextMenuPlayer;
			sourceTree = "<group>";
		};
		1B4F29811BCFE29700612BF8 /* TileMap */ = {
			isa = PBXGroup;
			children = (
				1B4F29821BCFE2EB00612BF8 /* LFCGzipUtility.h */,
				1B4F29831BCFE2EB00612BF8 /* LFCGzipUtility.m */,
				1B4F29841BCFE2EB00612BF8 /* JSTileMap.h */,
				1B4F29851BCFE2EB00612BF8 /* JSTileMap.m */,
			);
			name = TileMap;
			sourceTree = "<group>";
		};
		1B5C1ECA1BFDF996008B2779 /* Skills */ = {
			isa = PBXGroup;
			children = (
				1BB27CB41BFA391E00A5736E /* basichit.png */,
				1B5C1ECE1BFDF9BB008B2779 /* Swordsman */,
				1B5C1ECD1BFDF9B4008B2779 /* Mage */,
				1B5C1ECC1BFDF9AE008B2779 /* Bard */,
				1B5C1ECB1BFDF99B008B2779 /* Paladin */,
			);
			name = Skills;
			sourceTree = "<group>";
		};
		1B5C1ECB1BFDF99B008B2779 /* Paladin */ = {
			isa = PBXGroup;
			children = (
			);
			name = Paladin;
			sourceTree = "<group>";
		};
		1B5C1ECC1BFDF9AE008B2779 /* Bard */ = {
			isa = PBXGroup;
			children = (
			);
			name = Bard;
			sourceTree = "<group>";
		};
		1B5C1ECD1BFDF9B4008B2779 /* Mage */ = {
			isa = PBXGroup;
			children = (
			);
			name = Mage;
			sourceTree = "<group>";
		};
		1B5C1ECE1BFDF9BB008B2779 /* Swordsman */ = {
			isa = PBXGroup;
			children = (
			);
			name = Swordsman;
			sourceTree = "<group>";
		};
		1B881B7F1BDFB051000DC648 /* Enimies */ = {
			isa = PBXGroup;
			children = (
				1B881B801BDFB074000DC648 /* BaseEnemy.swift */,
				1B881B821BDFB0AD000DC648 /* TypeEnemy.swift */,
				1B881B841BDFB360000DC648 /* Enemy.swift */,
			);
			name = Enimies;
			sourceTree = "<group>";
		};
		1B881B861BDFB468000DC648 /* Databases */ = {
			isa = PBXGroup;
			children = (
				1B881B871BDFB5D8000DC648 /* DBEquipSkill.swift */,
				1BD0C5841BECEFFB006F4220 /* DBPlayers.swift */,
				1BA6B9901BF0DB6600046B7C /* DBInteraction.swift */,
				1BA6B9921BF0DBD800046B7C /* DBEnemy.swift */,
			);
			name = Databases;
			sourceTree = "<group>";
		};
		1B8EDBF81BC2B073009603B6 = {
			isa = PBXGroup;
			children = (
				1B9BE8771BD137E300E9EE27 /* libz.tbd */,
				1B8EDC031BC2B074009603B6 /* MiraadTales */,
				1B8EDC1C1BC2B074009603B6 /* MiraadTalesTests */,
				1B8EDC271BC2B074009603B6 /* MiraadTalesUITests */,
				1B8EDC021BC2B074009603B6 /* Products */,
			);
			sourceTree = "<group>";
		};
		1B8EDC021BC2B074009603B6 /* Products */ = {
			isa = PBXGroup;
			children = (
				1B8EDC011BC2B074009603B6 /* MiraadTales.app */,
				1B8EDC191BC2B074009603B6 /* MiraadTalesTests.xctest */,
				1B8EDC241BC2B074009603B6 /* MiraadTalesUITests.xctest */,
			);
			name = Products;
			sourceTree = "<group>";
		};
		1B8EDC031BC2B074009603B6 /* MiraadTales */ = {
			isa = PBXGroup;
			children = (
				1B90C99C1BFCB83500B198FB /* Pages */,
				1B9CD2D51BE8F717003C1834 /* Font */,
				1BE7D7E31BC7E2EB000FA60C /* Assets */,
				1B8EDC361BC2B0FC009603B6 /* Library */,
				1B8EDC061BC2B074009603B6 /* GameScene.sks */,
				1B8EDC081BC2B074009603B6 /* GameScene.swift */,
				1B8EDC041BC2B074009603B6 /* AppDelegate.swift */,
				1B8EDC0A1BC2B074009603B6 /* GameViewController.swift */,
				1B8EDC0C1BC2B074009603B6 /* Main.storyboard */,
				1B8EDC0F1BC2B074009603B6 /* Assets.xcassets */,
				1B8EDC111BC2B074009603B6 /* LaunchScreen.storyboard */,
				1B8EDC141BC2B074009603B6 /* Info.plist */,
			);
			path = MiraadTales;
			sourceTree = "<group>";
		};
		1B8EDC1C1BC2B074009603B6 /* MiraadTalesTests */ = {
			isa = PBXGroup;
			children = (
				1B8EDC1D1BC2B074009603B6 /* MiraadTalesTests.swift */,
				1B8EDC1F1BC2B074009603B6 /* Info.plist */,
			);
			path = MiraadTalesTests;
			sourceTree = "<group>";
		};
		1B8EDC271BC2B074009603B6 /* MiraadTalesUITests */ = {
			isa = PBXGroup;
			children = (
				1B8EDC281BC2B074009603B6 /* MiraadTalesUITests.swift */,
				1B8EDC2A1BC2B074009603B6 /* Info.plist */,
			);
			path = MiraadTalesUITests;
			sourceTree = "<group>";
		};
		1B8EDC361BC2B0FC009603B6 /* Library */ = {
			isa = PBXGroup;
			children = (
				1BE7D7FE1BC7F854000FA60C /* MiraadTales-Bridging-Header.h */,
				1BC1F41F1BD2360F000CE8B3 /* ActionManagement.swift */,
				1BC1F41C1BD1C6CB000CE8B3 /* MovementManagement.swift */,
				BCCBB89E1BD7C3370026EEB2 /* CollisionSetUps.swift */,
				1BA6B98F1BF0D83F00046B7C /* Delegates */,
				1B4F29811BCFE29700612BF8 /* TileMap */,
				1B4F29771BCFD26F00612BF8 /* ContextMenuPlayer */,
				1BE7D7FD1BC7F834000FA60C /* Joystick */,
				1BD76E3C1BC4003800A2EDE1 /* Characters */,
				1B881B861BDFB468000DC648 /* Databases */,
				1BB03DCB1BE263EE007E7615 /* HUD */,
				1BB27CD41BFA614E00A5736E /* Extensions */,
				1BA6B9941BF0EB2C00046B7C /* Conversation */,
				1B9AD03B1BED43AD00FA04C6 /* NavigationController.swift */,
			);
			name = Library;
			sourceTree = "<group>";
		};
		1B8EDC371BC2B11A009603B6 /* Attibutes */ = {
			isa = PBXGroup;
			children = (
				1BD76E441BC4093900A2EDE1 /* PlayerStatus.swift */,
				1BECB4D41BC563F700EDBB8F /* StatusList.swift */,
			);
			name = Attibutes;
			sourceTree = "<group>";
		};
		1B90C99C1BFCB83500B198FB /* Pages */ = {
			isa = PBXGroup;
			children = (
				1B90C9A01BFCB85D00B198FB /* Combat */,
				1B90C99F1BFCB85500B198FB /* Map */,
				1B90C99E1BFCB84E00B198FB /* Intro */,
			);
			name = Pages;
			sourceTree = "<group>";
		};
		1B90C99E1BFCB84E00B198FB /* Intro */ = {
			isa = PBXGroup;
			children = (
				1B90C9A11BFCB8AF00B198FB /* Intro.swift */,
				1B90C9A31BFCB8CC00B198FB /* Intro.sks */,
			);
			name = Intro;
			sourceTree = "<group>";
		};
		1B90C99F1BFCB85500B198FB /* Map */ = {
			isa = PBXGroup;
			children = (
				1BB6D30E1BEB883C007229DA /* MvpScene.swift */,
				1BB6D3101BEB8867007229DA /* MvpScene.sks */,
			);
			name = Map;
			sourceTree = "<group>";
		};
		1B90C9A01BFCB85D00B198FB /* Combat */ = {
			isa = PBXGroup;
			children = (
				1B4780301BD9297B007E03B5 /* CombatScene.swift */,
				1B4780321BD9298E007E03B5 /* CombatScene.sks */,
			);
			name = Combat;
			sourceTree = "<group>";
		};
		1B9AD0381BED3B2700FA04C6 /* Items-Quests */ = {
			isa = PBXGroup;
			children = (
				1B9AD0391BED3B2700FA04C6 /* key.png */,
			);
			path = "Items-Quests";
			sourceTree = "<group>";
		};
		1B9CD2D41BE8F229003C1834 /* Equipment */ = {
			isa = PBXGroup;
			children = (
				1BA3ED731BEA3CC000F9E3E3 /* markDef.png */,
				1BA3ED711BEA3CB700F9E3E3 /* markAtk.png */,
				1BA3ED6F1BEA3BD500F9E3E3 /* bgDefenseSkill.png */,
				1BA3ED6D1BEA3BC600F9E3E3 /* bgAttackSkill.png */,
				1BA3ED6B1BEA2C7A00F9E3E3 /* nextPlayer.png */,
				1B9CD2EB1BE9022B003C1834 /* bgStatus.png */,
				1B9CD2E71BE8FFA7003C1834 /* equipBox.png */,
				1B9CD2E31BE8FECF003C1834 /* bgEquips.png */,
				1B9CD2E11BE8FBA0003C1834 /* bgEquip.png */,
				1B9CD2DF1BE8FB62003C1834 /* closeButton.png */,
				1B9CD2DD1BE8FB05003C1834 /* bgTitle.png */,
				1B9CD2DB1BE8FABD003C1834 /* bgMenuEquipment.png */,
			);
			name = Equipment;
			sourceTree = "<group>";
		};
		1B9CD2D51BE8F717003C1834 /* Font */ = {
			isa = PBXGroup;
			children = (
				1B9CD2D71BE8F73F003C1834 /* prospero_bold_nbp.ttf */,
				1B9CD2D81BE8F73F003C1834 /* prospero_nbp.ttf */,
			);
			name = Font;
			sourceTree = "<group>";
		};
		1BA0D10E1BFF525500E4482A /* Dialog */ = {
			isa = PBXGroup;
			children = (
				1BA0D10F1BFF527C00E4482A /* balao.png */,
			);
			name = Dialog;
			sourceTree = "<group>";
		};
		1BA3ED751BEA4A6A00F9E3E3 /* Equipments */ = {
			isa = PBXGroup;
			children = (
				1BA3ED761BEA4A9F00F9E3E3 /* Paladin */,
			);
			name = Equipments;
			sourceTree = "<group>";
		};
		1BA3ED761BEA4A9F00F9E3E3 /* Paladin */ = {
			isa = PBXGroup;
			children = (
				1BA3ED771BEA4AAB00F9E3E3 /* Atk */,
			);
			name = Paladin;
			sourceTree = "<group>";
		};
		1BA3ED771BEA4AAB00F9E3E3 /* Atk */ = {
			isa = PBXGroup;
			children = (
				1BA3ED7C1BEA4AC200F9E3E3 /* Punishment.png */,
				1BA3ED7A1BEA4ABC00F9E3E3 /* Warhammer.png */,
				1BA3ED781BEA4AB600F9E3E3 /* Sledgehammer.png */,
			);
			name = Atk;
			sourceTree = "<group>";
		};
		1BA6B98F1BF0D83F00046B7C /* Delegates */ = {
			isa = PBXGroup;
			children = (
				1BA6B98D1BF0D1C600046B7C /* InteractionDelegate.swift */,
			);
			name = Delegates;
			sourceTree = "<group>";
		};
		1BA6B9941BF0EB2C00046B7C /* Conversation */ = {
			isa = PBXGroup;
			children = (
				1BA6B9951BF0EB5B00046B7C /* Dialog.swift */,
				1BA6B9971BF0EC4900046B7C /* Message.swift */,
				1B90C9A51BFCBCC300B198FB /* ActionDialog.swift */,
			);
			name = Conversation;
			sourceTree = "<group>";
		};
		1BB03DCB1BE263EE007E7615 /* HUD */ = {
			isa = PBXGroup;
			children = (
				1BB03DCC1BE26444007E7615 /* EquipmentsMenu.swift */,
				1BB03DCE1BE266BC007E7615 /* BackpackMenu.swift */,
				1B9DA41B1BE2BB25007F5921 /* HUD.swift */,
			);
			name = HUD;
			sourceTree = "<group>";
		};
		1BB27CAF1BFA391E00A5736E /* Combat */ = {
			isa = PBXGroup;
			children = (
				1BB27CB01BFA391E00A5736E /* footer.png */,
				1BB27CB11BFA391E00A5736E /* bgbar.png */,
				1BB27CB21BFA391E00A5736E /* hpbar.png */,
				1BB27CB31BFA391E00A5736E /* mpbar.png */,
				1BB27CB51BFA391E00A5736E /* 05 skillholylight.png */,
				1BB27CB61BFA391E00A5736E /* 06 skillheal.png */,
				1BB27CB71BFA391E00A5736E /* 07 turnfriend.png */,
				1BB27CB81BFA391E00A5736E /* 08 turnenemy.png */,
				1BB27CB91BFA391E00A5736E /* 09 waitfriend.png */,
				1BB27CBA1BFA391E00A5736E /* 10 waitenemy.png */,
				1BB27CBB1BFA391E00A5736E /* reddot.png */,
				1BB27CBC1BFA391E00A5736E /* 12 sound.png */,
				1BB27CBD1BFA391E00A5736E /* 13 enemybgbar.png */,
				1BB27CBE1BFA391E00A5736E /* 14 enemyhpbar.png */,
				1BB27CBF1BFA391E00A5736E /* 15 screen.png */,
				1BB27CC11BFA391E00A5736E /* sceneNormalCombat.png */,
			);
			path = Combat;
			sourceTree = "<group>";
		};
		1BB27CD41BFA614E00A5736E /* Extensions */ = {
			isa = PBXGroup;
			children = (
				1BB27CD51BFA615E00A5736E /* String.swift */,
			);
			name = Extensions;
			sourceTree = "<group>";
		};
		1BB6D3121BEB88A0007229DA /* MVP */ = {
			isa = PBXGroup;
			children = (
				1BD0C5761BECE5E0006F4220 /* closeddoor.png */,
				1BD0C5771BECE5E0006F4220 /* openeddoor.png */,
				1BB6D3191BEBAD7D007229DA /* stones.png */,
				1BB6D3171BEBAD72007229DA /* bones.png */,
				1BB6D3151BEB89E1007229DA /* rocks.png */,
				1BB6D3131BEB88BF007229DA /* bgMVP.png */,
			);
			name = MVP;
			sourceTree = "<group>";
		};
		1BC9101A1BD7E4AE009E2A9C /* Maps */ = {
			isa = PBXGroup;
			children = (
				1BB27CAF1BFA391E00A5736E /* Combat */,
				1BD0C5621BECE26D006F4220 /* City-Forest */,
				1BB6D3121BEB88A0007229DA /* MVP */,
				1BC910211BD7E4AE009E2A9C /* public_tileset_by_orohnpokemon-d4vpcfu copy.png */,
			);
			name = Maps;
			path = map;
			sourceTree = "<group>";
		};
		1BD0C53B1BECD927006F4220 /* Characters */ = {
			isa = PBXGroup;
			children = (
				1BD0C55F1BECDCF6006F4220 /* Marge.atlas */,
				1BD0C53C1BECDCD0006F4220 /* Herb.atlas */,
				1BD0C54A1BECDCD0006F4220 /* Rohan.atlas */,
				1BD0C54B1BECDCD0006F4220 /* Aemon.atlas */,
				1BD0C54C1BECDCD0006F4220 /* Ramdall.atlas */,
				1BD0C54D1BECDCD0006F4220 /* Bellatrix.atlas */,
				1BEDA5681BCE8B8800C95A73 /* Hydora.atlas */,
				1BE7D8041BC7FEDA000FA60C /* Ylla.atlas */,
			);
			name = Characters;
			sourceTree = "<group>";
		};
		1BD0C5621BECE26D006F4220 /* City-Forest */ = {
			isa = PBXGroup;
			children = (
				1BD0C5631BECE26D006F4220 /* arvore.png */,
				1BD0C5641BECE26D006F4220 /* casas.png */,
				1BD0C5651BECE26D006F4220 /* chao.png */,
				1BD0C5661BECE26D006F4220 /* flores.png */,
				1BD0C5671BECE26D006F4220 /* fundo.png */,
				1BD0C5681BECE26D006F4220 /* grass.png */,
				1BD0C5691BECE26D006F4220 /* house1.png */,
				1BD0C56A1BECE26D006F4220 /* house2.png */,
				1BD0C56B1BECE26D006F4220 /* mato.png */,
			);
			path = "City-Forest";
			sourceTree = "<group>";
		};
		1BD0C5751BECE279006F4220 /* Joystick */ = {
			isa = PBXGroup;
			children = (
			);
			name = Joystick;
			sourceTree = "<group>";
		};
		1BD76E3C1BC4003800A2EDE1 /* Characters */ = {
			isa = PBXGroup;
			children = (
				1B8EDC381BC2B959009603B6 /* Status.swift */,
				1BA00EB31BC6AB2C00B8972A /* Player.swift */,
				1BECB4C91BC55C9900EDBB8F /* Race */,
				1BD76E461BC40D7E00A2EDE1 /* Skill */,
				1BD76E3D1BC401B400A2EDE1 /* Items */,
				1B8EDC371BC2B11A009603B6 /* Attibutes */,
				1B881B7F1BDFB051000DC648 /* Enimies */,
			);
			name = Characters;
			sourceTree = "<group>";
		};
		1BD76E3D1BC401B400A2EDE1 /* Items */ = {
			isa = PBXGroup;
			children = (
				1BD76E3E1BC401CF00A2EDE1 /* Equip.swift */,
				1BA00EB71BC6B38F00B8972A /* BaseItem.swift */,
				1B881B8A1BDFCA48000DC648 /* BaseEquip.swift */,
				1BD76E421BC4080D00A2EDE1 /* ItemType.swift */,
				1BA00EB91BC6B4AD00B8972A /* ItemQuest.swift */,
				1BA00EBB1BC6B55100B8972A /* Item.swift */,
			);
			name = Items;
			sourceTree = "<group>";
		};
		1BD76E461BC40D7E00A2EDE1 /* Skill */ = {
			isa = PBXGroup;
			children = (
				1BD76E4D1BC4135900A2EDE1 /* BaseSkill.swift */,
				1BA00EB01BC69F3F00B8972A /* Effect.swift */,
				1B9671D31BDBF42D0055D034 /* Skill.swift */,
			);
			name = Skill;
			sourceTree = "<group>";
		};
		1BE7D7E31BC7E2EB000FA60C /* Assets */ = {
			isa = PBXGroup;
			children = (
				1BA0D10E1BFF525500E4482A /* Dialog */,
				1B5C1ECA1BFDF996008B2779 /* Skills */,
				1B9AD0381BED3B2700FA04C6 /* Items-Quests */,
				1BD0C5751BECE279006F4220 /* Joystick */,
				1BD0C53B1BECD927006F4220 /* Characters */,
				1BA3ED751BEA4A6A00F9E3E3 /* Equipments */,
				1B46EAC31BE58F8A005E040B /* HUD */,
				1BC9101A1BD7E4AE009E2A9C /* Maps */,
			);
			name = Assets;
			sourceTree = "<group>";
		};
		1BE7D7FD1BC7F834000FA60C /* Joystick */ = {
			isa = PBXGroup;
			children = (
				1B9553751BD52D5C001D1FBD /* Joystick.swift */,
			);
			name = Joystick;
			sourceTree = "<group>";
		};
		1BECB4C91BC55C9900EDBB8F /* Race */ = {
			isa = PBXGroup;
			children = (
				1B9553771BD53195001D1FBD /* DirectionPlayer.swift */,
				1B8EDC3A1BC2C506009603B6 /* PlayersRace.swift */,
				1BECB4CA1BC55CB000EDBB8F /* BaseRace.swift */,
				1BECB4CC1BC55E2200EDBB8F /* Swordsman.swift */,
				1BECB4CE1BC55EB300EDBB8F /* Mage.swift */,
				1BECB4D01BC55EF700EDBB8F /* Bard.swift */,
				1BECB4D21BC55F2600EDBB8F /* Paladin.swift */,
			);
			name = Race;
			sourceTree = "<group>";
		};
/* End PBXGroup section */

/* Begin PBXNativeTarget section */
		1B8EDC001BC2B073009603B6 /* MiraadTales */ = {
			isa = PBXNativeTarget;
			buildConfigurationList = 1B8EDC2D1BC2B074009603B6 /* Build configuration list for PBXNativeTarget "MiraadTales" */;
			buildPhases = (
				1B8EDBFD1BC2B073009603B6 /* Sources */,
				1B8EDBFE1BC2B073009603B6 /* Frameworks */,
				1B8EDBFF1BC2B073009603B6 /* Resources */,
			);
			buildRules = (
			);
			dependencies = (
			);
			name = MiraadTales;
			productName = MiraadTales;
			productReference = 1B8EDC011BC2B074009603B6 /* MiraadTales.app */;
			productType = "com.apple.product-type.application";
		};
		1B8EDC181BC2B074009603B6 /* MiraadTalesTests */ = {
			isa = PBXNativeTarget;
			buildConfigurationList = 1B8EDC301BC2B074009603B6 /* Build configuration list for PBXNativeTarget "MiraadTalesTests" */;
			buildPhases = (
				1B8EDC151BC2B074009603B6 /* Sources */,
				1B8EDC161BC2B074009603B6 /* Frameworks */,
				1B8EDC171BC2B074009603B6 /* Resources */,
			);
			buildRules = (
			);
			dependencies = (
				1B8EDC1B1BC2B074009603B6 /* PBXTargetDependency */,
			);
			name = MiraadTalesTests;
			productName = MiraadTalesTests;
			productReference = 1B8EDC191BC2B074009603B6 /* MiraadTalesTests.xctest */;
			productType = "com.apple.product-type.bundle.unit-test";
		};
		1B8EDC231BC2B074009603B6 /* MiraadTalesUITests */ = {
			isa = PBXNativeTarget;
			buildConfigurationList = 1B8EDC331BC2B074009603B6 /* Build configuration list for PBXNativeTarget "MiraadTalesUITests" */;
			buildPhases = (
				1B8EDC201BC2B074009603B6 /* Sources */,
				1B8EDC211BC2B074009603B6 /* Frameworks */,
				1B8EDC221BC2B074009603B6 /* Resources */,
			);
			buildRules = (
			);
			dependencies = (
				1B8EDC261BC2B074009603B6 /* PBXTargetDependency */,
			);
			name = MiraadTalesUITests;
			productName = MiraadTalesUITests;
			productReference = 1B8EDC241BC2B074009603B6 /* MiraadTalesUITests.xctest */;
			productType = "com.apple.product-type.bundle.ui-testing";
		};
/* End PBXNativeTarget section */

/* Begin PBXProject section */
		1B8EDBF91BC2B073009603B6 /* Project object */ = {
			isa = PBXProject;
			attributes = {
				LastSwiftUpdateCheck = 0700;
				LastUpgradeCheck = 0700;
				ORGANIZATIONNAME = "Rodolfo José";
				TargetAttributes = {
					1B8EDC001BC2B073009603B6 = {
						CreatedOnToolsVersion = 7.0;
						DevelopmentTeam = GHP2MP7KV3;
					};
					1B8EDC181BC2B074009603B6 = {
						CreatedOnToolsVersion = 7.0;
						TestTargetID = 1B8EDC001BC2B073009603B6;
					};
					1B8EDC231BC2B074009603B6 = {
						CreatedOnToolsVersion = 7.0;
						TestTargetID = 1B8EDC001BC2B073009603B6;
					};
				};
			};
			buildConfigurationList = 1B8EDBFC1BC2B073009603B6 /* Build configuration list for PBXProject "MiraadTales" */;
			compatibilityVersion = "Xcode 3.2";
			developmentRegion = English;
			hasScannedForEncodings = 0;
			knownRegions = (
				en,
				Base,
			);
			mainGroup = 1B8EDBF81BC2B073009603B6;
			productRefGroup = 1B8EDC021BC2B074009603B6 /* Products */;
			projectDirPath = "";
			projectRoot = "";
			targets = (
				1B8EDC001BC2B073009603B6 /* MiraadTales */,
				1B8EDC181BC2B074009603B6 /* MiraadTalesTests */,
				1B8EDC231BC2B074009603B6 /* MiraadTalesUITests */,
			);
		};
/* End PBXProject section */

/* Begin PBXResourcesBuildPhase section */
		1B8EDBFF1BC2B073009603B6 /* Resources */ = {
			isa = PBXResourcesBuildPhase;
			buildActionMask = 2147483647;
			files = (
				1BB27CC81BFA391E00A5736E /* 06 skillheal.png in Resources */,
				1BA0D1101BFF527C00E4482A /* balao.png in Resources */,
				1B9CD2D91BE8F7EE003C1834 /* prospero_bold_nbp.ttf in Resources */,
				1BB27CC91BFA391E00A5736E /* 07 turnfriend.png in Resources */,
				1B9CD2DA1BE8F7EE003C1834 /* prospero_nbp.ttf in Resources */,
				1BA3ED6C1BEA2C7A00F9E3E3 /* nextPlayer.png in Resources */,
				1BD0C56F1BECE26D006F4220 /* flores.png in Resources */,
				1BEDA5691BCE8B8800C95A73 /* Hydora.atlas in Resources */,
				1BD0C55D1BECDCD0006F4220 /* Ramdall.atlas in Resources */,
				1BB27CC21BFA391E00A5736E /* footer.png in Resources */,
				1BA3ED7D1BEA4AC200F9E3E3 /* Punishment.png in Resources */,
				1BB6D3181BEBAD72007229DA /* bones.png in Resources */,
				1BD0C5721BECE26D006F4220 /* house1.png in Resources */,
				1BB27CD31BFA391E00A5736E /* sceneNormalCombat.png in Resources */,
				1BA3ED701BEA3BD500F9E3E3 /* bgDefenseSkill.png in Resources */,
				1BB27CC31BFA391E00A5736E /* bgbar.png in Resources */,
				1B4780331BD9298E007E03B5 /* CombatScene.sks in Resources */,
				1BB27CC61BFA391E00A5736E /* basichit.png in Resources */,
				1B8EDC071BC2B074009603B6 /* GameScene.sks in Resources */,
				1BD0C5711BECE26D006F4220 /* grass.png in Resources */,
				1BB27CCA1BFA391E00A5736E /* 08 turnenemy.png in Resources */,
				1BB27CCE1BFA391E00A5736E /* 12 sound.png in Resources */,
				1BB27CCD1BFA391E00A5736E /* reddot.png in Resources */,
				1BE7D8051BC7FEDA000FA60C /* Ylla.atlas in Resources */,
				1BD0C5791BECE5E0006F4220 /* openeddoor.png in Resources */,
				1B9CD2DE1BE8FB05003C1834 /* bgTitle.png in Resources */,
				1BD0C55E1BECDCD0006F4220 /* Bellatrix.atlas in Resources */,
				1BD0C55B1BECDCD0006F4220 /* Rohan.atlas in Resources */,
				1BD0C5601BECDCF6006F4220 /* Marge.atlas in Resources */,
				1B9CD2E01BE8FB62003C1834 /* closeButton.png in Resources */,
				1B9CD2E41BE8FECF003C1834 /* bgEquips.png in Resources */,
				1B90C9A41BFCB8CC00B198FB /* Intro.sks in Resources */,
				1BB6D31A1BEBAD7D007229DA /* stones.png in Resources */,
				1BD0C56C1BECE26D006F4220 /* arvore.png in Resources */,
				1BD0C56E1BECE26D006F4220 /* chao.png in Resources */,
				1BB27CCF1BFA391E00A5736E /* 13 enemybgbar.png in Resources */,
				1BB6D3161BEB89E1007229DA /* rocks.png in Resources */,
				1BB27CC71BFA391E00A5736E /* 05 skillholylight.png in Resources */,
				1BD0C54E1BECDCD0006F4220 /* Herb.atlas in Resources */,
				1BB27CCC1BFA391E00A5736E /* 10 waitenemy.png in Resources */,
				1BB6D3141BEB88BF007229DA /* bgMVP.png in Resources */,
				1BA3ED721BEA3CB700F9E3E3 /* markAtk.png in Resources */,
				1B9AD03A1BED3B2700FA04C6 /* key.png in Resources */,
				1BA3ED7B1BEA4ABC00F9E3E3 /* Warhammer.png in Resources */,
				1BA3ED6E1BEA3BC600F9E3E3 /* bgAttackSkill.png in Resources */,
				1B9CD2E21BE8FBA0003C1834 /* bgEquip.png in Resources */,
				1BA3ED791BEA4AB600F9E3E3 /* Sledgehammer.png in Resources */,
				1BB6D3111BEB8867007229DA /* MvpScene.sks in Resources */,
				1B9CD2DC1BE8FABD003C1834 /* bgMenuEquipment.png in Resources */,
				1BD0C55C1BECDCD0006F4220 /* Aemon.atlas in Resources */,
				1BD0C5731BECE26D006F4220 /* house2.png in Resources */,
				1B8EDC131BC2B074009603B6 /* LaunchScreen.storyboard in Resources */,
				1BD0C5701BECE26D006F4220 /* fundo.png in Resources */,
				1B8EDC101BC2B074009603B6 /* Assets.xcassets in Resources */,
				1BB27CC41BFA391E00A5736E /* hpbar.png in Resources */,
				1B9CD2EC1BE9022B003C1834 /* bgStatus.png in Resources */,
				1B9CD2E81BE8FFA7003C1834 /* equipBox.png in Resources */,
				1BB27CD01BFA391E00A5736E /* 14 enemyhpbar.png in Resources */,
				1B8EDC0E1BC2B074009603B6 /* Main.storyboard in Resources */,
				1BD0C5781BECE5E0006F4220 /* closeddoor.png in Resources */,
				1BB27CC51BFA391E00A5736E /* mpbar.png in Resources */,
				1BB27CD11BFA391E00A5736E /* 15 screen.png in Resources */,
				1BD0C5741BECE26D006F4220 /* mato.png in Resources */,
				1BA3ED741BEA3CC000F9E3E3 /* markDef.png in Resources */,
				1BD0C56D1BECE26D006F4220 /* casas.png in Resources */,
				1BB27CCB1BFA391E00A5736E /* 09 waitfriend.png in Resources */,
			);
			runOnlyForDeploymentPostprocessing = 0;
		};
		1B8EDC171BC2B074009603B6 /* Resources */ = {
			isa = PBXResourcesBuildPhase;
			buildActionMask = 2147483647;
			files = (
			);
			runOnlyForDeploymentPostprocessing = 0;
		};
		1B8EDC221BC2B074009603B6 /* Resources */ = {
			isa = PBXResourcesBuildPhase;
			buildActionMask = 2147483647;
			files = (
			);
			runOnlyForDeploymentPostprocessing = 0;
		};
/* End PBXResourcesBuildPhase section */

/* Begin PBXSourcesBuildPhase section */
		1B8EDBFD1BC2B073009603B6 /* Sources */ = {
			isa = PBXSourcesBuildPhase;
			buildActionMask = 2147483647;
			files = (
				1B90C9A21BFCB8AF00B198FB /* Intro.swift in Sources */,
				BCCBB89F1BD7C3370026EEB2 /* CollisionSetUps.swift in Sources */,
				1BB03DCF1BE266BC007E7615 /* BackpackMenu.swift in Sources */,
				1B4F297F1BCFD28200612BF8 /* VLDContextSheetItem.m in Sources */,
				1B9AD03C1BED43AD00FA04C6 /* NavigationController.swift in Sources */,
				1BA00EBC1BC6B55100B8972A /* Item.swift in Sources */,
				1BECB4CF1BC55EB300EDBB8F /* Mage.swift in Sources */,
				1B881B8B1BDFCA48000DC648 /* BaseEquip.swift in Sources */,
				1BA00EB81BC6B38F00B8972A /* BaseItem.swift in Sources */,
				1BD76E4E1BC4135900A2EDE1 /* BaseSkill.swift in Sources */,
				1B4F297E1BCFD28200612BF8 /* VLDContextSheet.m in Sources */,
				1BECB4CB1BC55CB000EDBB8F /* BaseRace.swift in Sources */,
				1B8EDC3B1BC2C506009603B6 /* PlayersRace.swift in Sources */,
				1BA6B98E1BF0D1C600046B7C /* InteractionDelegate.swift in Sources */,
				1B881B851BDFB360000DC648 /* Enemy.swift in Sources */,
				1BC1F4201BD2360F000CE8B3 /* ActionManagement.swift in Sources */,
				1B9553761BD52D5C001D1FBD /* Joystick.swift in Sources */,
				1B881B881BDFB5D8000DC648 /* DBEquipSkill.swift in Sources */,
				1BB6D30F1BEB883C007229DA /* MvpScene.swift in Sources */,
				1BB27CD61BFA615E00A5736E /* String.swift in Sources */,
				1BA00EBA1BC6B4AD00B8972A /* ItemQuest.swift in Sources */,
				1B4F29801BCFD28200612BF8 /* VLDContextSheetItemView.m in Sources */,
				1BA6B9911BF0DB6600046B7C /* DBInteraction.swift in Sources */,
				1BA6B9931BF0DBD800046B7C /* DBEnemy.swift in Sources */,
				1BA6B9981BF0EC4900046B7C /* Message.swift in Sources */,
				1BD0C5851BECEFFB006F4220 /* DBPlayers.swift in Sources */,
				1B4F29871BCFE2EB00612BF8 /* JSTileMap.m in Sources */,
				1BD76E431BC4080D00A2EDE1 /* ItemType.swift in Sources */,
				1B8EDC091BC2B074009603B6 /* GameScene.swift in Sources */,
				1BECB4D31BC55F2600EDBB8F /* Paladin.swift in Sources */,
				1B8EDC0B1BC2B074009603B6 /* GameViewController.swift in Sources */,
				1B90C9A61BFCBCC300B198FB /* ActionDialog.swift in Sources */,
				1BECB4CD1BC55E2200EDBB8F /* Swordsman.swift in Sources */,
				1B4F29861BCFE2EB00612BF8 /* LFCGzipUtility.m in Sources */,
				1B881B811BDFB074000DC648 /* BaseEnemy.swift in Sources */,
				1B9671D41BDBF42D0055D034 /* Skill.swift in Sources */,
				1B9553781BD53195001D1FBD /* DirectionPlayer.swift in Sources */,
				1BD76E451BC4093900A2EDE1 /* PlayerStatus.swift in Sources */,
				1B8EDC051BC2B074009603B6 /* AppDelegate.swift in Sources */,
				1B9DA41C1BE2BB25007F5921 /* HUD.swift in Sources */,
				1BA00EB11BC69F3F00B8972A /* Effect.swift in Sources */,
				1BECB4D51BC563F700EDBB8F /* StatusList.swift in Sources */,
				1BA6B9961BF0EB5B00046B7C /* Dialog.swift in Sources */,
				1BD76E3F1BC401CF00A2EDE1 /* Equip.swift in Sources */,
				1BECB4D11BC55EF700EDBB8F /* Bard.swift in Sources */,
				1B881B831BDFB0AD000DC648 /* TypeEnemy.swift in Sources */,
				1B4780311BD9297B007E03B5 /* CombatScene.swift in Sources */,
				1BA00EB41BC6AB2C00B8972A /* Player.swift in Sources */,
				1BC1F41D1BD1C6CB000CE8B3 /* MovementManagement.swift in Sources */,
				1B8EDC391BC2B959009603B6 /* Status.swift in Sources */,
				1BB03DCD1BE26444007E7615 /* EquipmentsMenu.swift in Sources */,
			);
			runOnlyForDeploymentPostprocessing = 0;
		};
		1B8EDC151BC2B074009603B6 /* Sources */ = {
			isa = PBXSourcesBuildPhase;
			buildActionMask = 2147483647;
			files = (
				1B8EDC1E1BC2B074009603B6 /* MiraadTalesTests.swift in Sources */,
			);
			runOnlyForDeploymentPostprocessing = 0;
		};
		1B8EDC201BC2B074009603B6 /* Sources */ = {
			isa = PBXSourcesBuildPhase;
			buildActionMask = 2147483647;
			files = (
				1B8EDC291BC2B074009603B6 /* MiraadTalesUITests.swift in Sources */,
			);
			runOnlyForDeploymentPostprocessing = 0;
		};
/* End PBXSourcesBuildPhase section */

/* Begin PBXTargetDependency section */
		1B8EDC1B1BC2B074009603B6 /* PBXTargetDependency */ = {
			isa = PBXTargetDependency;
			target = 1B8EDC001BC2B073009603B6 /* MiraadTales */;
			targetProxy = 1B8EDC1A1BC2B074009603B6 /* PBXContainerItemProxy */;
		};
		1B8EDC261BC2B074009603B6 /* PBXTargetDependency */ = {
			isa = PBXTargetDependency;
			target = 1B8EDC001BC2B073009603B6 /* MiraadTales */;
			targetProxy = 1B8EDC251BC2B074009603B6 /* PBXContainerItemProxy */;
		};
/* End PBXTargetDependency section */

/* Begin PBXVariantGroup section */
		1B8EDC0C1BC2B074009603B6 /* Main.storyboard */ = {
			isa = PBXVariantGroup;
			children = (
				1B8EDC0D1BC2B074009603B6 /* Base */,
			);
			name = Main.storyboard;
			sourceTree = "<group>";
		};
		1B8EDC111BC2B074009603B6 /* LaunchScreen.storyboard */ = {
			isa = PBXVariantGroup;
			children = (
				1B8EDC121BC2B074009603B6 /* Base */,
			);
			name = LaunchScreen.storyboard;
			sourceTree = "<group>";
		};
/* End PBXVariantGroup section */

/* Begin XCBuildConfiguration section */
		1B8EDC2B1BC2B074009603B6 /* Debug */ = {
			isa = XCBuildConfiguration;
			buildSettings = {
				ALWAYS_SEARCH_USER_PATHS = NO;
				CLANG_CXX_LANGUAGE_STANDARD = "gnu++0x";
				CLANG_CXX_LIBRARY = "libc++";
				CLANG_ENABLE_MODULES = YES;
				CLANG_ENABLE_OBJC_ARC = YES;
				CLANG_WARN_BOOL_CONVERSION = YES;
				CLANG_WARN_CONSTANT_CONVERSION = YES;
				CLANG_WARN_DIRECT_OBJC_ISA_USAGE = YES_ERROR;
				CLANG_WARN_EMPTY_BODY = YES;
				CLANG_WARN_ENUM_CONVERSION = YES;
				CLANG_WARN_INT_CONVERSION = YES;
				CLANG_WARN_OBJC_ROOT_CLASS = YES_ERROR;
				CLANG_WARN_UNREACHABLE_CODE = YES;
				CLANG_WARN__DUPLICATE_METHOD_MATCH = YES;
				"CODE_SIGN_IDENTITY[sdk=iphoneos*]" = "iPhone Developer";
				COPY_PHASE_STRIP = NO;
				DEBUG_INFORMATION_FORMAT = "dwarf-with-dsym";
				ENABLE_STRICT_OBJC_MSGSEND = YES;
				ENABLE_TESTABILITY = YES;
				GCC_C_LANGUAGE_STANDARD = gnu99;
				GCC_DYNAMIC_NO_PIC = NO;
				GCC_NO_COMMON_BLOCKS = YES;
				GCC_OPTIMIZATION_LEVEL = 0;
				GCC_PREPROCESSOR_DEFINITIONS = (
					"DEBUG=1",
					"$(inherited)",
				);
				GCC_WARN_64_TO_32_BIT_CONVERSION = YES;
				GCC_WARN_ABOUT_RETURN_TYPE = YES_ERROR;
				GCC_WARN_UNDECLARED_SELECTOR = YES;
				GCC_WARN_UNINITIALIZED_AUTOS = YES_AGGRESSIVE;
				GCC_WARN_UNUSED_FUNCTION = YES;
				GCC_WARN_UNUSED_VARIABLE = YES;
				IPHONEOS_DEPLOYMENT_TARGET = 9.0;
				MTL_ENABLE_DEBUG_INFO = YES;
				ONLY_ACTIVE_ARCH = YES;
				SDKROOT = iphoneos;
				SWIFT_OPTIMIZATION_LEVEL = "-Onone";
				TARGETED_DEVICE_FAMILY = 2;
			};
			name = Debug;
		};
		1B8EDC2C1BC2B074009603B6 /* Release */ = {
			isa = XCBuildConfiguration;
			buildSettings = {
				ALWAYS_SEARCH_USER_PATHS = NO;
				CLANG_CXX_LANGUAGE_STANDARD = "gnu++0x";
				CLANG_CXX_LIBRARY = "libc++";
				CLANG_ENABLE_MODULES = YES;
				CLANG_ENABLE_OBJC_ARC = YES;
				CLANG_WARN_BOOL_CONVERSION = YES;
				CLANG_WARN_CONSTANT_CONVERSION = YES;
				CLANG_WARN_DIRECT_OBJC_ISA_USAGE = YES_ERROR;
				CLANG_WARN_EMPTY_BODY = YES;
				CLANG_WARN_ENUM_CONVERSION = YES;
				CLANG_WARN_INT_CONVERSION = YES;
				CLANG_WARN_OBJC_ROOT_CLASS = YES_ERROR;
				CLANG_WARN_UNREACHABLE_CODE = YES;
				CLANG_WARN__DUPLICATE_METHOD_MATCH = YES;
				"CODE_SIGN_IDENTITY[sdk=iphoneos*]" = "iPhone Developer";
				COPY_PHASE_STRIP = NO;
				DEBUG_INFORMATION_FORMAT = "dwarf-with-dsym";
				ENABLE_NS_ASSERTIONS = NO;
				ENABLE_STRICT_OBJC_MSGSEND = YES;
				GCC_C_LANGUAGE_STANDARD = gnu99;
				GCC_NO_COMMON_BLOCKS = YES;
				GCC_WARN_64_TO_32_BIT_CONVERSION = YES;
				GCC_WARN_ABOUT_RETURN_TYPE = YES_ERROR;
				GCC_WARN_UNDECLARED_SELECTOR = YES;
				GCC_WARN_UNINITIALIZED_AUTOS = YES_AGGRESSIVE;
				GCC_WARN_UNUSED_FUNCTION = YES;
				GCC_WARN_UNUSED_VARIABLE = YES;
				IPHONEOS_DEPLOYMENT_TARGET = 9.0;
				MTL_ENABLE_DEBUG_INFO = NO;
				SDKROOT = iphoneos;
				TARGETED_DEVICE_FAMILY = 2;
				VALIDATE_PRODUCT = YES;
			};
			name = Release;
		};
		1B8EDC2E1BC2B074009603B6 /* Debug */ = {
			isa = XCBuildConfiguration;
			buildSettings = {
				ASSETCATALOG_COMPILER_APPICON_NAME = AppIcon;
				CLANG_ENABLE_MODULES = YES;
				CODE_SIGN_IDENTITY = "iPhone Developer";
				"CODE_SIGN_IDENTITY[sdk=iphoneos*]" = "iPhone Developer";
				INFOPLIST_FILE = MiraadTales/Info.plist;
				LD_RUNPATH_SEARCH_PATHS = "$(inherited) @executable_path/Frameworks";
				PRODUCT_BUNDLE_IDENTIFIER = br.com.cin.bepid.rjos.MiraadTales;
				PRODUCT_NAME = "$(TARGET_NAME)";
				PROVISIONING_PROFILE = "";
				SWIFT_OBJC_BRIDGING_HEADER = "MiraadTales/MiraadTales-Bridging-Header.h";
				SWIFT_OPTIMIZATION_LEVEL = "-Onone";
			};
			name = Debug;
		};
		1B8EDC2F1BC2B074009603B6 /* Release */ = {
			isa = XCBuildConfiguration;
			buildSettings = {
				ASSETCATALOG_COMPILER_APPICON_NAME = AppIcon;
				CLANG_ENABLE_MODULES = YES;
				CODE_SIGN_IDENTITY = "iPhone Developer";
				"CODE_SIGN_IDENTITY[sdk=iphoneos*]" = "iPhone Developer";
				INFOPLIST_FILE = MiraadTales/Info.plist;
				LD_RUNPATH_SEARCH_PATHS = "$(inherited) @executable_path/Frameworks";
				PRODUCT_BUNDLE_IDENTIFIER = br.com.cin.bepid.rjos.MiraadTales;
				PRODUCT_NAME = "$(TARGET_NAME)";
				PROVISIONING_PROFILE = "";
				SWIFT_OBJC_BRIDGING_HEADER = "MiraadTales/MiraadTales-Bridging-Header.h";
			};
			name = Release;
		};
		1B8EDC311BC2B074009603B6 /* Debug */ = {
			isa = XCBuildConfiguration;
			buildSettings = {
				BUNDLE_LOADER = "$(TEST_HOST)";
				DEBUG_INFORMATION_FORMAT = dwarf;
				INFOPLIST_FILE = MiraadTalesTests/Info.plist;
				LD_RUNPATH_SEARCH_PATHS = "$(inherited) @executable_path/Frameworks @loader_path/Frameworks";
				PRODUCT_BUNDLE_IDENTIFIER = br.com.cin.bepid.rjos.MiraadTalesTests;
				PRODUCT_NAME = "$(TARGET_NAME)";
				TEST_HOST = "$(BUILT_PRODUCTS_DIR)/MiraadTales.app/MiraadTales";
			};
			name = Debug;
		};
		1B8EDC321BC2B074009603B6 /* Release */ = {
			isa = XCBuildConfiguration;
			buildSettings = {
				BUNDLE_LOADER = "$(TEST_HOST)";
				INFOPLIST_FILE = MiraadTalesTests/Info.plist;
				LD_RUNPATH_SEARCH_PATHS = "$(inherited) @executable_path/Frameworks @loader_path/Frameworks";
				PRODUCT_BUNDLE_IDENTIFIER = br.com.cin.bepid.rjos.MiraadTalesTests;
				PRODUCT_NAME = "$(TARGET_NAME)";
				TEST_HOST = "$(BUILT_PRODUCTS_DIR)/MiraadTales.app/MiraadTales";
			};
			name = Release;
		};
		1B8EDC341BC2B074009603B6 /* Debug */ = {
			isa = XCBuildConfiguration;
			buildSettings = {
				DEBUG_INFORMATION_FORMAT = dwarf;
				INFOPLIST_FILE = MiraadTalesUITests/Info.plist;
				LD_RUNPATH_SEARCH_PATHS = "$(inherited) @executable_path/Frameworks @loader_path/Frameworks";
				PRODUCT_BUNDLE_IDENTIFIER = br.com.cin.bepid.rjos.MiraadTalesUITests;
				PRODUCT_NAME = "$(TARGET_NAME)";
				TEST_TARGET_NAME = MiraadTales;
				USES_XCTRUNNER = YES;
			};
			name = Debug;
		};
		1B8EDC351BC2B074009603B6 /* Release */ = {
			isa = XCBuildConfiguration;
			buildSettings = {
				INFOPLIST_FILE = MiraadTalesUITests/Info.plist;
				LD_RUNPATH_SEARCH_PATHS = "$(inherited) @executable_path/Frameworks @loader_path/Frameworks";
				PRODUCT_BUNDLE_IDENTIFIER = br.com.cin.bepid.rjos.MiraadTalesUITests;
				PRODUCT_NAME = "$(TARGET_NAME)";
				TEST_TARGET_NAME = MiraadTales;
				USES_XCTRUNNER = YES;
			};
			name = Release;
		};
/* End XCBuildConfiguration section */

/* Begin XCConfigurationList section */
		1B8EDBFC1BC2B073009603B6 /* Build configuration list for PBXProject "MiraadTales" */ = {
			isa = XCConfigurationList;
			buildConfigurations = (
				1B8EDC2B1BC2B074009603B6 /* Debug */,
				1B8EDC2C1BC2B074009603B6 /* Release */,
			);
			defaultConfigurationIsVisible = 0;
			defaultConfigurationName = Release;
		};
		1B8EDC2D1BC2B074009603B6 /* Build configuration list for PBXNativeTarget "MiraadTales" */ = {
			isa = XCConfigurationList;
			buildConfigurations = (
				1B8EDC2E1BC2B074009603B6 /* Debug */,
				1B8EDC2F1BC2B074009603B6 /* Release */,
			);
			defaultConfigurationIsVisible = 0;
			defaultConfigurationName = Release;
		};
		1B8EDC301BC2B074009603B6 /* Build configuration list for PBXNativeTarget "MiraadTalesTests" */ = {
			isa = XCConfigurationList;
			buildConfigurations = (
				1B8EDC311BC2B074009603B6 /* Debug */,
				1B8EDC321BC2B074009603B6 /* Release */,
			);
			defaultConfigurationIsVisible = 0;
			defaultConfigurationName = Release;
		};
		1B8EDC331BC2B074009603B6 /* Build configuration list for PBXNativeTarget "MiraadTalesUITests" */ = {
			isa = XCConfigurationList;
			buildConfigurations = (
				1B8EDC341BC2B074009603B6 /* Debug */,
				1B8EDC351BC2B074009603B6 /* Release */,
			);
			defaultConfigurationIsVisible = 0;
			defaultConfigurationName = Release;
		};
/* End XCConfigurationList section */
	};
	rootObject = 1B8EDBF91BC2B073009603B6 /* Project object */;
}
