// !$*UTF8*$!
{
	archiveVersion = 1;
	classes = {
	};
	objectVersion = 46;
	objects = {

/* Begin PBXBuildFile section */
		1B4780311BD9297B007E03B5 /* CombatScene.swift in Sources */ = {isa = PBXBuildFile; fileRef = 1B4780301BD9297B007E03B5 /* CombatScene.swift */; settings = {ASSET_TAGS = (); }; };
		1B4780331BD9298E007E03B5 /* CombatScene.sks in Resources */ = {isa = PBXBuildFile; fileRef = 1B4780321BD9298E007E03B5 /* CombatScene.sks */; settings = {ASSET_TAGS = (); }; };
		1B4F297E1BCFD28200612BF8 /* VLDContextSheet.m in Sources */ = {isa = PBXBuildFile; fileRef = 1B4F29791BCFD28200612BF8 /* VLDContextSheet.m */; };
		1B4F297F1BCFD28200612BF8 /* VLDContextSheetItem.m in Sources */ = {isa = PBXBuildFile; fileRef = 1B4F297B1BCFD28200612BF8 /* VLDContextSheetItem.m */; };
		1B4F29801BCFD28200612BF8 /* VLDContextSheetItemView.m in Sources */ = {isa = PBXBuildFile; fileRef = 1B4F297D1BCFD28200612BF8 /* VLDContextSheetItemView.m */; };
		1B4F29861BCFE2EB00612BF8 /* LFCGzipUtility.m in Sources */ = {isa = PBXBuildFile; fileRef = 1B4F29831BCFE2EB00612BF8 /* LFCGzipUtility.m */; };
		1B4F29871BCFE2EB00612BF8 /* JSTileMap.m in Sources */ = {isa = PBXBuildFile; fileRef = 1B4F29851BCFE2EB00612BF8 /* JSTileMap.m */; };
		1B8EDC051BC2B074009603B6 /* AppDelegate.swift in Sources */ = {isa = PBXBuildFile; fileRef = 1B8EDC041BC2B074009603B6 /* AppDelegate.swift */; };
		1B8EDC071BC2B074009603B6 /* GameScene.sks in Resources */ = {isa = PBXBuildFile; fileRef = 1B8EDC061BC2B074009603B6 /* GameScene.sks */; };
		1B8EDC091BC2B074009603B6 /* GameScene.swift in Sources */ = {isa = PBXBuildFile; fileRef = 1B8EDC081BC2B074009603B6 /* GameScene.swift */; };
		1B8EDC0B1BC2B074009603B6 /* GameViewController.swift in Sources */ = {isa = PBXBuildFile; fileRef = 1B8EDC0A1BC2B074009603B6 /* GameViewController.swift */; };
		1B8EDC0E1BC2B074009603B6 /* Main.storyboard in Resources */ = {isa = PBXBuildFile; fileRef = 1B8EDC0C1BC2B074009603B6 /* Main.storyboard */; };
		1B8EDC101BC2B074009603B6 /* Assets.xcassets in Resources */ = {isa = PBXBuildFile; fileRef = 1B8EDC0F1BC2B074009603B6 /* Assets.xcassets */; };
		1B8EDC131BC2B074009603B6 /* LaunchScreen.storyboard in Resources */ = {isa = PBXBuildFile; fileRef = 1B8EDC111BC2B074009603B6 /* LaunchScreen.storyboard */; };
		1B8EDC1E1BC2B074009603B6 /* MiraadTalesTests.swift in Sources */ = {isa = PBXBuildFile; fileRef = 1B8EDC1D1BC2B074009603B6 /* MiraadTalesTests.swift */; };
		1B8EDC291BC2B074009603B6 /* MiraadTalesUITests.swift in Sources */ = {isa = PBXBuildFile; fileRef = 1B8EDC281BC2B074009603B6 /* MiraadTalesUITests.swift */; };
		1B8EDC391BC2B959009603B6 /* Status.swift in Sources */ = {isa = PBXBuildFile; fileRef = 1B8EDC381BC2B959009603B6 /* Status.swift */; };
		1B8EDC3B1BC2C506009603B6 /* PlayersRace.swift in Sources */ = {isa = PBXBuildFile; fileRef = 1B8EDC3A1BC2C506009603B6 /* PlayersRace.swift */; };
		1B9553761BD52D5C001D1FBD /* Joystick.swift in Sources */ = {isa = PBXBuildFile; fileRef = 1B9553751BD52D5C001D1FBD /* Joystick.swift */; };
		1B9553781BD53195001D1FBD /* DirectionPlayer.swift in Sources */ = {isa = PBXBuildFile; fileRef = 1B9553771BD53195001D1FBD /* DirectionPlayer.swift */; };
		1B9BE8761BD1359300E9EE27 /* test-tilemap.tmx in Resources */ = {isa = PBXBuildFile; fileRef = 1B9BE8751BD1359300E9EE27 /* test-tilemap.tmx */; };
		1B9BE8781BD137E300E9EE27 /* libz.tbd in Frameworks */ = {isa = PBXBuildFile; fileRef = 1B9BE8771BD137E300E9EE27 /* libz.tbd */; };
		1BA00EB11BC69F3F00B8972A /* Effect.swift in Sources */ = {isa = PBXBuildFile; fileRef = 1BA00EB01BC69F3F00B8972A /* Effect.swift */; };
		1BA00EB41BC6AB2C00B8972A /* Player.swift in Sources */ = {isa = PBXBuildFile; fileRef = 1BA00EB31BC6AB2C00B8972A /* Player.swift */; };
		1BA00EB81BC6B38F00B8972A /* BaseItem.swift in Sources */ = {isa = PBXBuildFile; fileRef = 1BA00EB71BC6B38F00B8972A /* BaseItem.swift */; };
		1BA00EBA1BC6B4AD00B8972A /* ItemQuest.swift in Sources */ = {isa = PBXBuildFile; fileRef = 1BA00EB91BC6B4AD00B8972A /* ItemQuest.swift */; };
		1BA00EBC1BC6B55100B8972A /* Item.swift in Sources */ = {isa = PBXBuildFile; fileRef = 1BA00EBB1BC6B55100B8972A /* Item.swift */; };
		1BC1F4191BD1A00C000CE8B3 /* casas.png in Resources */ = {isa = PBXBuildFile; fileRef = 1BC1F4171BD1A00C000CE8B3 /* casas.png */; };
		1BC1F41A1BD1A00C000CE8B3 /* grama.png in Resources */ = {isa = PBXBuildFile; fileRef = 1BC1F4181BD1A00C000CE8B3 /* grama.png */; };
		1BC1F41D1BD1C6CB000CE8B3 /* MovementManagement.swift in Sources */ = {isa = PBXBuildFile; fileRef = 1BC1F41C1BD1C6CB000CE8B3 /* MovementManagement.swift */; };
		1BC1F4201BD2360F000CE8B3 /* ActionManagement.swift in Sources */ = {isa = PBXBuildFile; fileRef = 1BC1F41F1BD2360F000CE8B3 /* ActionManagement.swift */; };
		1BD76E3F1BC401CF00A2EDE1 /* Equip.swift in Sources */ = {isa = PBXBuildFile; fileRef = 1BD76E3E1BC401CF00A2EDE1 /* Equip.swift */; };
		1BD76E431BC4080D00A2EDE1 /* ItemType.swift in Sources */ = {isa = PBXBuildFile; fileRef = 1BD76E421BC4080D00A2EDE1 /* ItemType.swift */; };
		1BD76E451BC4093900A2EDE1 /* PlayerStatus.swift in Sources */ = {isa = PBXBuildFile; fileRef = 1BD76E441BC4093900A2EDE1 /* PlayerStatus.swift */; };
		1BD76E4E1BC4135900A2EDE1 /* Skill.swift in Sources */ = {isa = PBXBuildFile; fileRef = 1BD76E4D1BC4135900A2EDE1 /* Skill.swift */; };
		1BE7D8011BC7F855000FA60C /* Joystick.m in Sources */ = {isa = PBXBuildFile; fileRef = 1BE7D8001BC7F855000FA60C /* Joystick.m */; };
		1BE7D8051BC7FEDA000FA60C /* Ylla.atlas in Resources */ = {isa = PBXBuildFile; fileRef = 1BE7D8041BC7FEDA000FA60C /* Ylla.atlas */; };
		1BECB4CB1BC55CB000EDBB8F /* BaseRace.swift in Sources */ = {isa = PBXBuildFile; fileRef = 1BECB4CA1BC55CB000EDBB8F /* BaseRace.swift */; };
		1BECB4CD1BC55E2200EDBB8F /* Swordsman.swift in Sources */ = {isa = PBXBuildFile; fileRef = 1BECB4CC1BC55E2200EDBB8F /* Swordsman.swift */; };
		1BECB4CF1BC55EB300EDBB8F /* Mage.swift in Sources */ = {isa = PBXBuildFile; fileRef = 1BECB4CE1BC55EB300EDBB8F /* Mage.swift */; };
		1BECB4D11BC55EF700EDBB8F /* Bard.swift in Sources */ = {isa = PBXBuildFile; fileRef = 1BECB4D01BC55EF700EDBB8F /* Bard.swift */; };
		1BECB4D31BC55F2600EDBB8F /* Paladin.swift in Sources */ = {isa = PBXBuildFile; fileRef = 1BECB4D21BC55F2600EDBB8F /* Paladin.swift */; };
		1BECB4D51BC563F700EDBB8F /* StatusList.swift in Sources */ = {isa = PBXBuildFile; fileRef = 1BECB4D41BC563F700EDBB8F /* StatusList.swift */; };
		1BEDA5691BCE8B8800C95A73 /* Hydora.atlas in Resources */ = {isa = PBXBuildFile; fileRef = 1BEDA5681BCE8B8800C95A73 /* Hydora.atlas */; };
		BC0F858C1BD90DC5005E424D /* ground.png in Resources */ = {isa = PBXBuildFile; fileRef = BC0F858B1BD90DC5005E424D /* ground.png */; };
		BC0F858E1BD911A4005E424D /* EquipScene.sks in Resources */ = {isa = PBXBuildFile; fileRef = BC0F858D1BD911A4005E424D /* EquipScene.sks */; };
		BC0F85AC1BD9136A005E424D /* bg_equipamento.png in Resources */ = {isa = PBXBuildFile; fileRef = BC0F85921BD9136A005E424D /* bg_equipamento.png */; };
		BC0F85AD1BD9136A005E424D /* cajado.png in Resources */ = {isa = PBXBuildFile; fileRef = BC0F85931BD9136A005E424D /* cajado.png */; };
		BC0F85AF1BD9136A005E424D /* desc1.png in Resources */ = {isa = PBXBuildFile; fileRef = BC0F85951BD9136A005E424D /* desc1.png */; };
		BC0F85B01BD9136A005E424D /* desc2.png in Resources */ = {isa = PBXBuildFile; fileRef = BC0F85961BD9136A005E424D /* desc2.png */; };
		BC0F85B11BD9136A005E424D /* desc3.png in Resources */ = {isa = PBXBuildFile; fileRef = BC0F85971BD9136A005E424D /* desc3.png */; };
		BC0F85B21BD9136A005E424D /* desc4.png in Resources */ = {isa = PBXBuildFile; fileRef = BC0F85981BD9136A005E424D /* desc4.png */; };
		BC0F85B31BD9136A005E424D /* desc5.png in Resources */ = {isa = PBXBuildFile; fileRef = BC0F85991BD9136A005E424D /* desc5.png */; };
		BC0F85B41BD9136A005E424D /* desc6.png in Resources */ = {isa = PBXBuildFile; fileRef = BC0F859A1BD9136A005E424D /* desc6.png */; };
		BC0F85B51BD9136A005E424D /* desc7.png in Resources */ = {isa = PBXBuildFile; fileRef = BC0F859B1BD9136A005E424D /* desc7.png */; };
		BC0F85B61BD9136A005E424D /* desc8.png in Resources */ = {isa = PBXBuildFile; fileRef = BC0F859C1BD9136A005E424D /* desc8.png */; };
		BC0F85B71BD9136A005E424D /* EQUIPAMENTO.png in Resources */ = {isa = PBXBuildFile; fileRef = BC0F859D1BD9136A005E424D /* EQUIPAMENTO.png */; };
		BC0F85B81BD9136A005E424D /* escudo.png in Resources */ = {isa = PBXBuildFile; fileRef = BC0F859E1BD9136A005E424D /* escudo.png */; };
		BC0F85BC1BD9136A005E424D /* Marreta.png in Resources */ = {isa = PBXBuildFile; fileRef = BC0F85A21BD9136A005E424D /* Marreta.png */; };
		BC0F85BD1BD9136A005E424D /* moldura.png in Resources */ = {isa = PBXBuildFile; fileRef = BC0F85A31BD9136A005E424D /* moldura.png */; };
		BC0F85BF1BD9136A005E424D /* retangulo.png in Resources */ = {isa = PBXBuildFile; fileRef = BC0F85A51BD9136A005E424D /* retangulo.png */; };
		BC0F85C01BD9136A005E424D /* sidearrow.png in Resources */ = {isa = PBXBuildFile; fileRef = BC0F85A61BD9136A005E424D /* sidearrow.png */; };
		BC0F85C11BD9136A005E424D /* tela_equipamento.png in Resources */ = {isa = PBXBuildFile; fileRef = BC0F85A71BD9136A005E424D /* tela_equipamento.png */; };
		BC0F85C21BD9136A005E424D /* tela_equipamento.svg in Resources */ = {isa = PBXBuildFile; fileRef = BC0F85A81BD9136A005E424D /* tela_equipamento.svg */; };
		BC0F85C61BD91D05005E424D /* hydora-retrato.png in Resources */ = {isa = PBXBuildFile; fileRef = BC0F85C41BD91D05005E424D /* hydora-retrato.png */; };
		BC0F85C71BD91D05005E424D /* tio-retrato.png in Resources */ = {isa = PBXBuildFile; fileRef = BC0F85C51BD91D05005E424D /* tio-retrato.png */; };
		BC0F85C91BD922F7005E424D /* EquipScene.swift in Sources */ = {isa = PBXBuildFile; fileRef = BC0F85C81BD922F6005E424D /* EquipScene.swift */; };
		BCCBB8541BD7B5330026EEB2 /* Aemon---Tyrant_01.png in Resources */ = {isa = PBXBuildFile; fileRef = BCCBB8071BD7B5330026EEB2 /* Aemon---Tyrant_01.png */; };
		BCCBB8551BD7B5330026EEB2 /* Aemon---Tyrant_02.png in Resources */ = {isa = PBXBuildFile; fileRef = BCCBB8081BD7B5330026EEB2 /* Aemon---Tyrant_02.png */; };
		BCCBB8561BD7B5330026EEB2 /* Aemon---Tyrant_03.png in Resources */ = {isa = PBXBuildFile; fileRef = BCCBB8091BD7B5330026EEB2 /* Aemon---Tyrant_03.png */; };
		BCCBB8571BD7B5330026EEB2 /* Aemon---Tyrant_04.png in Resources */ = {isa = PBXBuildFile; fileRef = BCCBB80A1BD7B5330026EEB2 /* Aemon---Tyrant_04.png */; };
		BCCBB8581BD7B5330026EEB2 /* Aemon---Tyrant_05.png in Resources */ = {isa = PBXBuildFile; fileRef = BCCBB80B1BD7B5330026EEB2 /* Aemon---Tyrant_05.png */; };
		BCCBB8591BD7B5330026EEB2 /* Aemon---Tyrant_06.png in Resources */ = {isa = PBXBuildFile; fileRef = BCCBB80C1BD7B5330026EEB2 /* Aemon---Tyrant_06.png */; };
		BCCBB85A1BD7B5330026EEB2 /* Aemon---Tyrant_07.png in Resources */ = {isa = PBXBuildFile; fileRef = BCCBB80D1BD7B5330026EEB2 /* Aemon---Tyrant_07.png */; };
		BCCBB85B1BD7B5330026EEB2 /* Aemon---Tyrant_08.png in Resources */ = {isa = PBXBuildFile; fileRef = BCCBB80E1BD7B5330026EEB2 /* Aemon---Tyrant_08.png */; };
		BCCBB85C1BD7B5330026EEB2 /* Aemon---Tyrant_09.png in Resources */ = {isa = PBXBuildFile; fileRef = BCCBB80F1BD7B5330026EEB2 /* Aemon---Tyrant_09.png */; };
		BCCBB85D1BD7B5330026EEB2 /* Aemon---Tyrant_10.png in Resources */ = {isa = PBXBuildFile; fileRef = BCCBB8101BD7B5330026EEB2 /* Aemon---Tyrant_10.png */; };
		BCCBB85E1BD7B5330026EEB2 /* Aemon---Tyrant_11.png in Resources */ = {isa = PBXBuildFile; fileRef = BCCBB8111BD7B5330026EEB2 /* Aemon---Tyrant_11.png */; };
		BCCBB85F1BD7B5330026EEB2 /* Aemon---Tyrant_12.png in Resources */ = {isa = PBXBuildFile; fileRef = BCCBB8121BD7B5330026EEB2 /* Aemon---Tyrant_12.png */; };
		BCCBB8601BD7B5330026EEB2 /* Bellatrix---Witch_01.png in Resources */ = {isa = PBXBuildFile; fileRef = BCCBB8141BD7B5330026EEB2 /* Bellatrix---Witch_01.png */; };
		BCCBB8611BD7B5330026EEB2 /* Bellatrix---Witch_02.png in Resources */ = {isa = PBXBuildFile; fileRef = BCCBB8151BD7B5330026EEB2 /* Bellatrix---Witch_02.png */; };
		BCCBB8621BD7B5330026EEB2 /* Bellatrix---Witch_03.png in Resources */ = {isa = PBXBuildFile; fileRef = BCCBB8161BD7B5330026EEB2 /* Bellatrix---Witch_03.png */; };
		BCCBB8631BD7B5330026EEB2 /* Bellatrix---Witch_04.png in Resources */ = {isa = PBXBuildFile; fileRef = BCCBB8171BD7B5330026EEB2 /* Bellatrix---Witch_04.png */; };
		BCCBB8641BD7B5330026EEB2 /* Bellatrix---Witch_05.png in Resources */ = {isa = PBXBuildFile; fileRef = BCCBB8181BD7B5330026EEB2 /* Bellatrix---Witch_05.png */; };
		BCCBB8651BD7B5330026EEB2 /* Bellatrix---Witch_06.png in Resources */ = {isa = PBXBuildFile; fileRef = BCCBB8191BD7B5330026EEB2 /* Bellatrix---Witch_06.png */; };
		BCCBB8661BD7B5330026EEB2 /* Bellatrix---Witch_07.png in Resources */ = {isa = PBXBuildFile; fileRef = BCCBB81A1BD7B5330026EEB2 /* Bellatrix---Witch_07.png */; };
		BCCBB8671BD7B5330026EEB2 /* Bellatrix---Witch_08.png in Resources */ = {isa = PBXBuildFile; fileRef = BCCBB81B1BD7B5330026EEB2 /* Bellatrix---Witch_08.png */; };
		BCCBB8681BD7B5330026EEB2 /* Bellatrix---Witch_09.png in Resources */ = {isa = PBXBuildFile; fileRef = BCCBB81C1BD7B5330026EEB2 /* Bellatrix---Witch_09.png */; };
		BCCBB8691BD7B5330026EEB2 /* Bellatrix---Witch_10.png in Resources */ = {isa = PBXBuildFile; fileRef = BCCBB81D1BD7B5330026EEB2 /* Bellatrix---Witch_10.png */; };
		BCCBB86A1BD7B5330026EEB2 /* Bellatrix---Witch_11.png in Resources */ = {isa = PBXBuildFile; fileRef = BCCBB81E1BD7B5330026EEB2 /* Bellatrix---Witch_11.png */; };
		BCCBB86B1BD7B5330026EEB2 /* Bellatrix---Witch_12.png in Resources */ = {isa = PBXBuildFile; fileRef = BCCBB81F1BD7B5330026EEB2 /* Bellatrix---Witch_12.png */; };
		BCCBB86C1BD7B5330026EEB2 /* Herb_01.png in Resources */ = {isa = PBXBuildFile; fileRef = BCCBB8211BD7B5330026EEB2 /* Herb_01.png */; };
		BCCBB86D1BD7B5330026EEB2 /* Herb_02.png in Resources */ = {isa = PBXBuildFile; fileRef = BCCBB8221BD7B5330026EEB2 /* Herb_02.png */; };
		BCCBB86E1BD7B5330026EEB2 /* Herb_03.png in Resources */ = {isa = PBXBuildFile; fileRef = BCCBB8231BD7B5330026EEB2 /* Herb_03.png */; };
		BCCBB86F1BD7B5330026EEB2 /* Herb_04.png in Resources */ = {isa = PBXBuildFile; fileRef = BCCBB8241BD7B5330026EEB2 /* Herb_04.png */; };
		BCCBB8701BD7B5330026EEB2 /* Herb_05.png in Resources */ = {isa = PBXBuildFile; fileRef = BCCBB8251BD7B5330026EEB2 /* Herb_05.png */; };
		BCCBB8711BD7B5330026EEB2 /* Herb_06.png in Resources */ = {isa = PBXBuildFile; fileRef = BCCBB8261BD7B5330026EEB2 /* Herb_06.png */; };
		BCCBB8721BD7B5330026EEB2 /* Herb_07.png in Resources */ = {isa = PBXBuildFile; fileRef = BCCBB8271BD7B5330026EEB2 /* Herb_07.png */; };
		BCCBB8731BD7B5330026EEB2 /* Herb_08.png in Resources */ = {isa = PBXBuildFile; fileRef = BCCBB8281BD7B5330026EEB2 /* Herb_08.png */; };
		BCCBB8741BD7B5330026EEB2 /* Herb_09.png in Resources */ = {isa = PBXBuildFile; fileRef = BCCBB8291BD7B5330026EEB2 /* Herb_09.png */; };
		BCCBB8751BD7B5330026EEB2 /* Herb_10.png in Resources */ = {isa = PBXBuildFile; fileRef = BCCBB82A1BD7B5330026EEB2 /* Herb_10.png */; };
		BCCBB8761BD7B5330026EEB2 /* Herb_11.png in Resources */ = {isa = PBXBuildFile; fileRef = BCCBB82B1BD7B5330026EEB2 /* Herb_11.png */; };
		BCCBB8771BD7B5330026EEB2 /* Herb_12.png in Resources */ = {isa = PBXBuildFile; fileRef = BCCBB82C1BD7B5330026EEB2 /* Herb_12.png */; };
		BCCBB8781BD7B5330026EEB2 /* Marge---Old-Farmer's-Wife_01.png in Resources */ = {isa = PBXBuildFile; fileRef = BCCBB82E1BD7B5330026EEB2 /* Marge---Old-Farmer's-Wife_01.png */; };
		BCCBB8791BD7B5330026EEB2 /* Marge---Old-Farmer's-Wife_02.png in Resources */ = {isa = PBXBuildFile; fileRef = BCCBB82F1BD7B5330026EEB2 /* Marge---Old-Farmer's-Wife_02.png */; };
		BCCBB87A1BD7B5330026EEB2 /* Marge---Old-Farmer's-Wife_03.png in Resources */ = {isa = PBXBuildFile; fileRef = BCCBB8301BD7B5330026EEB2 /* Marge---Old-Farmer's-Wife_03.png */; };
		BCCBB87B1BD7B5330026EEB2 /* Marge---Old-Farmer's-Wife_04.png in Resources */ = {isa = PBXBuildFile; fileRef = BCCBB8311BD7B5330026EEB2 /* Marge---Old-Farmer's-Wife_04.png */; };
		BCCBB87C1BD7B5330026EEB2 /* Marge---Old-Farmer's-Wife_05.png in Resources */ = {isa = PBXBuildFile; fileRef = BCCBB8321BD7B5330026EEB2 /* Marge---Old-Farmer's-Wife_05.png */; };
		BCCBB87D1BD7B5330026EEB2 /* Marge---Old-Farmer's-Wife_06.png in Resources */ = {isa = PBXBuildFile; fileRef = BCCBB8331BD7B5330026EEB2 /* Marge---Old-Farmer's-Wife_06.png */; };
		BCCBB87E1BD7B5330026EEB2 /* Marge---Old-Farmer's-Wife_07.png in Resources */ = {isa = PBXBuildFile; fileRef = BCCBB8341BD7B5330026EEB2 /* Marge---Old-Farmer's-Wife_07.png */; };
		BCCBB87F1BD7B5330026EEB2 /* Marge---Old-Farmer's-Wife_08.png in Resources */ = {isa = PBXBuildFile; fileRef = BCCBB8351BD7B5330026EEB2 /* Marge---Old-Farmer's-Wife_08.png */; };
		BCCBB8801BD7B5330026EEB2 /* Marge---Old-Farmer's-Wife_09.png in Resources */ = {isa = PBXBuildFile; fileRef = BCCBB8361BD7B5330026EEB2 /* Marge---Old-Farmer's-Wife_09.png */; };
		BCCBB8811BD7B5330026EEB2 /* Marge---Old-Farmer's-Wife_10.png in Resources */ = {isa = PBXBuildFile; fileRef = BCCBB8371BD7B5330026EEB2 /* Marge---Old-Farmer's-Wife_10.png */; };
		BCCBB8821BD7B5330026EEB2 /* Marge---Old-Farmer's-Wife_11.png in Resources */ = {isa = PBXBuildFile; fileRef = BCCBB8381BD7B5330026EEB2 /* Marge---Old-Farmer's-Wife_11.png */; };
		BCCBB8831BD7B5330026EEB2 /* Marge---Old-Farmer's-Wife_12.png in Resources */ = {isa = PBXBuildFile; fileRef = BCCBB8391BD7B5330026EEB2 /* Marge---Old-Farmer's-Wife_12.png */; };
		BCCBB8841BD7B5330026EEB2 /* Ramdall---Black-Mage_01.png in Resources */ = {isa = PBXBuildFile; fileRef = BCCBB83B1BD7B5330026EEB2 /* Ramdall---Black-Mage_01.png */; };
		BCCBB8851BD7B5330026EEB2 /* Ramdall---Black-Mage_02.png in Resources */ = {isa = PBXBuildFile; fileRef = BCCBB83C1BD7B5330026EEB2 /* Ramdall---Black-Mage_02.png */; };
		BCCBB8861BD7B5330026EEB2 /* Ramdall---Black-Mage_03.png in Resources */ = {isa = PBXBuildFile; fileRef = BCCBB83D1BD7B5330026EEB2 /* Ramdall---Black-Mage_03.png */; };
		BCCBB8871BD7B5330026EEB2 /* Ramdall---Black-Mage_04.png in Resources */ = {isa = PBXBuildFile; fileRef = BCCBB83E1BD7B5330026EEB2 /* Ramdall---Black-Mage_04.png */; };
		BCCBB8881BD7B5330026EEB2 /* Ramdall---Black-Mage_05.png in Resources */ = {isa = PBXBuildFile; fileRef = BCCBB83F1BD7B5330026EEB2 /* Ramdall---Black-Mage_05.png */; };
		BCCBB8891BD7B5330026EEB2 /* Ramdall---Black-Mage_06.png in Resources */ = {isa = PBXBuildFile; fileRef = BCCBB8401BD7B5330026EEB2 /* Ramdall---Black-Mage_06.png */; };
		BCCBB88A1BD7B5330026EEB2 /* Ramdall---Black-Mage_07.png in Resources */ = {isa = PBXBuildFile; fileRef = BCCBB8411BD7B5330026EEB2 /* Ramdall---Black-Mage_07.png */; };
		BCCBB88B1BD7B5330026EEB2 /* Ramdall---Black-Mage_08.png in Resources */ = {isa = PBXBuildFile; fileRef = BCCBB8421BD7B5330026EEB2 /* Ramdall---Black-Mage_08.png */; };
		BCCBB88C1BD7B5330026EEB2 /* Ramdall---Black-Mage_09.png in Resources */ = {isa = PBXBuildFile; fileRef = BCCBB8431BD7B5330026EEB2 /* Ramdall---Black-Mage_09.png */; };
		BCCBB88D1BD7B5330026EEB2 /* Ramdall---Black-Mage_10.png in Resources */ = {isa = PBXBuildFile; fileRef = BCCBB8441BD7B5330026EEB2 /* Ramdall---Black-Mage_10.png */; };
		BCCBB88E1BD7B5330026EEB2 /* Ramdall---Black-Mage_11.png in Resources */ = {isa = PBXBuildFile; fileRef = BCCBB8451BD7B5330026EEB2 /* Ramdall---Black-Mage_11.png */; };
		BCCBB88F1BD7B5330026EEB2 /* Ramdall---Black-Mage_12.png in Resources */ = {isa = PBXBuildFile; fileRef = BCCBB8461BD7B5330026EEB2 /* Ramdall---Black-Mage_12.png */; };
		BCCBB8901BD7B5330026EEB2 /* Rohan---Bard_01.png in Resources */ = {isa = PBXBuildFile; fileRef = BCCBB8481BD7B5330026EEB2 /* Rohan---Bard_01.png */; };
		BCCBB8911BD7B5330026EEB2 /* Rohan---Bard_02.png in Resources */ = {isa = PBXBuildFile; fileRef = BCCBB8491BD7B5330026EEB2 /* Rohan---Bard_02.png */; };
		BCCBB8921BD7B5330026EEB2 /* Rohan---Bard_03.png in Resources */ = {isa = PBXBuildFile; fileRef = BCCBB84A1BD7B5330026EEB2 /* Rohan---Bard_03.png */; };
		BCCBB8931BD7B5330026EEB2 /* Rohan---Bard_04.png in Resources */ = {isa = PBXBuildFile; fileRef = BCCBB84B1BD7B5330026EEB2 /* Rohan---Bard_04.png */; };
		BCCBB8941BD7B5330026EEB2 /* Rohan---Bard_05.png in Resources */ = {isa = PBXBuildFile; fileRef = BCCBB84C1BD7B5330026EEB2 /* Rohan---Bard_05.png */; };
		BCCBB8951BD7B5330026EEB2 /* Rohan---Bard_06.png in Resources */ = {isa = PBXBuildFile; fileRef = BCCBB84D1BD7B5330026EEB2 /* Rohan---Bard_06.png */; };
		BCCBB8961BD7B5330026EEB2 /* Rohan---Bard_07.png in Resources */ = {isa = PBXBuildFile; fileRef = BCCBB84E1BD7B5330026EEB2 /* Rohan---Bard_07.png */; };
		BCCBB8971BD7B5330026EEB2 /* Rohan---Bard_08.png in Resources */ = {isa = PBXBuildFile; fileRef = BCCBB84F1BD7B5330026EEB2 /* Rohan---Bard_08.png */; };
		BCCBB8981BD7B5330026EEB2 /* Rohan---Bard_09.png in Resources */ = {isa = PBXBuildFile; fileRef = BCCBB8501BD7B5330026EEB2 /* Rohan---Bard_09.png */; };
		BCCBB8991BD7B5330026EEB2 /* Rohan---Bard_10.png in Resources */ = {isa = PBXBuildFile; fileRef = BCCBB8511BD7B5330026EEB2 /* Rohan---Bard_10.png */; };
		BCCBB89A1BD7B5330026EEB2 /* Rohan---Bard_11.png in Resources */ = {isa = PBXBuildFile; fileRef = BCCBB8521BD7B5330026EEB2 /* Rohan---Bard_11.png */; };
		BCCBB89B1BD7B5330026EEB2 /* Rohan---Bard_12.png in Resources */ = {isa = PBXBuildFile; fileRef = BCCBB8531BD7B5330026EEB2 /* Rohan---Bard_12.png */; };
		BCCBB89F1BD7C3370026EEB2 /* CollisionSetUps.swift in Sources */ = {isa = PBXBuildFile; fileRef = BCCBB89E1BD7C3370026EEB2 /* CollisionSetUps.swift */; };
/* End PBXBuildFile section */

/* Begin PBXContainerItemProxy section */
		1B8EDC1A1BC2B074009603B6 /* PBXContainerItemProxy */ = {
			isa = PBXContainerItemProxy;
			containerPortal = 1B8EDBF91BC2B073009603B6 /* Project object */;
			proxyType = 1;
			remoteGlobalIDString = 1B8EDC001BC2B073009603B6;
			remoteInfo = MiraadTales;
		};
		1B8EDC251BC2B074009603B6 /* PBXContainerItemProxy */ = {
			isa = PBXContainerItemProxy;
			containerPortal = 1B8EDBF91BC2B073009603B6 /* Project object */;
			proxyType = 1;
			remoteGlobalIDString = 1B8EDC001BC2B073009603B6;
			remoteInfo = MiraadTales;
		};
/* End PBXContainerItemProxy section */

/* Begin PBXFileReference section */
		1B4780301BD9297B007E03B5 /* CombatScene.swift */ = {isa = PBXFileReference; fileEncoding = 4; lastKnownFileType = sourcecode.swift; path = CombatScene.swift; sourceTree = "<group>"; };
		1B4780321BD9298E007E03B5 /* CombatScene.sks */ = {isa = PBXFileReference; lastKnownFileType = file.sks; path = CombatScene.sks; sourceTree = "<group>"; };
		1B4F29781BCFD28200612BF8 /* VLDContextSheet.h */ = {isa = PBXFileReference; fileEncoding = 4; lastKnownFileType = sourcecode.c.h; path = VLDContextSheet.h; sourceTree = "<group>"; };
		1B4F29791BCFD28200612BF8 /* VLDContextSheet.m */ = {isa = PBXFileReference; fileEncoding = 4; lastKnownFileType = sourcecode.c.objc; path = VLDContextSheet.m; sourceTree = "<group>"; };
		1B4F297A1BCFD28200612BF8 /* VLDContextSheetItem.h */ = {isa = PBXFileReference; fileEncoding = 4; lastKnownFileType = sourcecode.c.h; path = VLDContextSheetItem.h; sourceTree = "<group>"; };
		1B4F297B1BCFD28200612BF8 /* VLDContextSheetItem.m */ = {isa = PBXFileReference; fileEncoding = 4; lastKnownFileType = sourcecode.c.objc; path = VLDContextSheetItem.m; sourceTree = "<group>"; };
		1B4F297C1BCFD28200612BF8 /* VLDContextSheetItemView.h */ = {isa = PBXFileReference; fileEncoding = 4; lastKnownFileType = sourcecode.c.h; path = VLDContextSheetItemView.h; sourceTree = "<group>"; };
		1B4F297D1BCFD28200612BF8 /* VLDContextSheetItemView.m */ = {isa = PBXFileReference; fileEncoding = 4; lastKnownFileType = sourcecode.c.objc; path = VLDContextSheetItemView.m; sourceTree = "<group>"; };
		1B4F29821BCFE2EB00612BF8 /* LFCGzipUtility.h */ = {isa = PBXFileReference; fileEncoding = 4; lastKnownFileType = sourcecode.c.h; path = LFCGzipUtility.h; sourceTree = "<group>"; };
		1B4F29831BCFE2EB00612BF8 /* LFCGzipUtility.m */ = {isa = PBXFileReference; fileEncoding = 4; lastKnownFileType = sourcecode.c.objc; path = LFCGzipUtility.m; sourceTree = "<group>"; };
		1B4F29841BCFE2EB00612BF8 /* JSTileMap.h */ = {isa = PBXFileReference; fileEncoding = 4; lastKnownFileType = sourcecode.c.h; path = JSTileMap.h; sourceTree = "<group>"; };
		1B4F29851BCFE2EB00612BF8 /* JSTileMap.m */ = {isa = PBXFileReference; fileEncoding = 4; lastKnownFileType = sourcecode.c.objc; path = JSTileMap.m; sourceTree = "<group>"; };
		1B8EDC011BC2B074009603B6 /* MiraadTales.app */ = {isa = PBXFileReference; explicitFileType = wrapper.application; includeInIndex = 0; path = MiraadTales.app; sourceTree = BUILT_PRODUCTS_DIR; };
		1B8EDC041BC2B074009603B6 /* AppDelegate.swift */ = {isa = PBXFileReference; lastKnownFileType = sourcecode.swift; path = AppDelegate.swift; sourceTree = "<group>"; };
		1B8EDC061BC2B074009603B6 /* GameScene.sks */ = {isa = PBXFileReference; lastKnownFileType = file.sks; path = GameScene.sks; sourceTree = "<group>"; };
		1B8EDC081BC2B074009603B6 /* GameScene.swift */ = {isa = PBXFileReference; lastKnownFileType = sourcecode.swift; path = GameScene.swift; sourceTree = "<group>"; };
		1B8EDC0A1BC2B074009603B6 /* GameViewController.swift */ = {isa = PBXFileReference; lastKnownFileType = sourcecode.swift; path = GameViewController.swift; sourceTree = "<group>"; };
		1B8EDC0D1BC2B074009603B6 /* Base */ = {isa = PBXFileReference; lastKnownFileType = file.storyboard; name = Base; path = Base.lproj/Main.storyboard; sourceTree = "<group>"; };
		1B8EDC0F1BC2B074009603B6 /* Assets.xcassets */ = {isa = PBXFileReference; lastKnownFileType = folder.assetcatalog; path = Assets.xcassets; sourceTree = "<group>"; };
		1B8EDC121BC2B074009603B6 /* Base */ = {isa = PBXFileReference; lastKnownFileType = file.storyboard; name = Base; path = Base.lproj/LaunchScreen.storyboard; sourceTree = "<group>"; };
		1B8EDC141BC2B074009603B6 /* Info.plist */ = {isa = PBXFileReference; lastKnownFileType = text.plist.xml; path = Info.plist; sourceTree = "<group>"; };
		1B8EDC191BC2B074009603B6 /* MiraadTalesTests.xctest */ = {isa = PBXFileReference; explicitFileType = wrapper.cfbundle; includeInIndex = 0; path = MiraadTalesTests.xctest; sourceTree = BUILT_PRODUCTS_DIR; };
		1B8EDC1D1BC2B074009603B6 /* MiraadTalesTests.swift */ = {isa = PBXFileReference; lastKnownFileType = sourcecode.swift; path = MiraadTalesTests.swift; sourceTree = "<group>"; };
		1B8EDC1F1BC2B074009603B6 /* Info.plist */ = {isa = PBXFileReference; lastKnownFileType = text.plist.xml; path = Info.plist; sourceTree = "<group>"; };
		1B8EDC241BC2B074009603B6 /* MiraadTalesUITests.xctest */ = {isa = PBXFileReference; explicitFileType = wrapper.cfbundle; includeInIndex = 0; path = MiraadTalesUITests.xctest; sourceTree = BUILT_PRODUCTS_DIR; };
		1B8EDC281BC2B074009603B6 /* MiraadTalesUITests.swift */ = {isa = PBXFileReference; lastKnownFileType = sourcecode.swift; path = MiraadTalesUITests.swift; sourceTree = "<group>"; };
		1B8EDC2A1BC2B074009603B6 /* Info.plist */ = {isa = PBXFileReference; lastKnownFileType = text.plist.xml; path = Info.plist; sourceTree = "<group>"; };
		1B8EDC381BC2B959009603B6 /* Status.swift */ = {isa = PBXFileReference; fileEncoding = 4; lastKnownFileType = sourcecode.swift; path = Status.swift; sourceTree = "<group>"; };
		1B8EDC3A1BC2C506009603B6 /* PlayersRace.swift */ = {isa = PBXFileReference; fileEncoding = 4; lastKnownFileType = sourcecode.swift; path = PlayersRace.swift; sourceTree = "<group>"; };
		1B9553751BD52D5C001D1FBD /* Joystick.swift */ = {isa = PBXFileReference; fileEncoding = 4; lastKnownFileType = sourcecode.swift; path = Joystick.swift; sourceTree = "<group>"; };
		1B9553771BD53195001D1FBD /* DirectionPlayer.swift */ = {isa = PBXFileReference; fileEncoding = 4; lastKnownFileType = sourcecode.swift; path = DirectionPlayer.swift; sourceTree = "<group>"; };
		1B9BE8751BD1359300E9EE27 /* test-tilemap.tmx */ = {isa = PBXFileReference; fileEncoding = 4; lastKnownFileType = text.xml; path = "test-tilemap.tmx"; sourceTree = "<group>"; };
		1B9BE8771BD137E300E9EE27 /* libz.tbd */ = {isa = PBXFileReference; lastKnownFileType = "sourcecode.text-based-dylib-definition"; name = libz.tbd; path = usr/lib/libz.tbd; sourceTree = SDKROOT; };
		1BA00EB01BC69F3F00B8972A /* Effect.swift */ = {isa = PBXFileReference; fileEncoding = 4; lastKnownFileType = sourcecode.swift; path = Effect.swift; sourceTree = "<group>"; };
		1BA00EB31BC6AB2C00B8972A /* Player.swift */ = {isa = PBXFileReference; fileEncoding = 4; lastKnownFileType = sourcecode.swift; path = Player.swift; sourceTree = "<group>"; };
		1BA00EB71BC6B38F00B8972A /* BaseItem.swift */ = {isa = PBXFileReference; fileEncoding = 4; lastKnownFileType = sourcecode.swift; path = BaseItem.swift; sourceTree = "<group>"; };
		1BA00EB91BC6B4AD00B8972A /* ItemQuest.swift */ = {isa = PBXFileReference; fileEncoding = 4; lastKnownFileType = sourcecode.swift; path = ItemQuest.swift; sourceTree = "<group>"; };
		1BA00EBB1BC6B55100B8972A /* Item.swift */ = {isa = PBXFileReference; fileEncoding = 4; lastKnownFileType = sourcecode.swift; path = Item.swift; sourceTree = "<group>"; };
		1BC1F4171BD1A00C000CE8B3 /* casas.png */ = {isa = PBXFileReference; lastKnownFileType = image.png; path = casas.png; sourceTree = "<group>"; };
		1BC1F4181BD1A00C000CE8B3 /* grama.png */ = {isa = PBXFileReference; lastKnownFileType = image.png; path = grama.png; sourceTree = "<group>"; };
		1BC1F41C1BD1C6CB000CE8B3 /* MovementManagement.swift */ = {isa = PBXFileReference; fileEncoding = 4; lastKnownFileType = sourcecode.swift; path = MovementManagement.swift; sourceTree = "<group>"; };
		1BC1F41F1BD2360F000CE8B3 /* ActionManagement.swift */ = {isa = PBXFileReference; fileEncoding = 4; lastKnownFileType = sourcecode.swift; path = ActionManagement.swift; sourceTree = "<group>"; };
		1BC910211BD7E4AE009E2A9C /* public_tileset_by_orohnpokemon-d4vpcfu copy.png */ = {isa = PBXFileReference; lastKnownFileType = image.png; path = "public_tileset_by_orohnpokemon-d4vpcfu copy.png"; sourceTree = "<group>"; };
		1BD76E3E1BC401CF00A2EDE1 /* Equip.swift */ = {isa = PBXFileReference; fileEncoding = 4; lastKnownFileType = sourcecode.swift; path = Equip.swift; sourceTree = "<group>"; };
		1BD76E421BC4080D00A2EDE1 /* ItemType.swift */ = {isa = PBXFileReference; fileEncoding = 4; lastKnownFileType = sourcecode.swift; path = ItemType.swift; sourceTree = "<group>"; };
		1BD76E441BC4093900A2EDE1 /* PlayerStatus.swift */ = {isa = PBXFileReference; fileEncoding = 4; lastKnownFileType = sourcecode.swift; path = PlayerStatus.swift; sourceTree = "<group>"; };
		1BD76E4D1BC4135900A2EDE1 /* Skill.swift */ = {isa = PBXFileReference; fileEncoding = 4; lastKnownFileType = sourcecode.swift; path = Skill.swift; sourceTree = "<group>"; };
		1BE7D7FE1BC7F854000FA60C /* MiraadTales-Bridging-Header.h */ = {isa = PBXFileReference; lastKnownFileType = sourcecode.c.h; path = "MiraadTales-Bridging-Header.h"; sourceTree = "<group>"; };
		1BE7D7FF1BC7F855000FA60C /* Joystick.h */ = {isa = PBXFileReference; fileEncoding = 4; lastKnownFileType = sourcecode.c.h; path = Joystick.h; sourceTree = "<group>"; };
		1BE7D8001BC7F855000FA60C /* Joystick.m */ = {isa = PBXFileReference; fileEncoding = 4; lastKnownFileType = sourcecode.c.objc; path = Joystick.m; sourceTree = "<group>"; };
		1BE7D8041BC7FEDA000FA60C /* Ylla.atlas */ = {isa = PBXFileReference; lastKnownFileType = folder.skatlas; path = Ylla.atlas; sourceTree = "<group>"; };
		1BECB4CA1BC55CB000EDBB8F /* BaseRace.swift */ = {isa = PBXFileReference; fileEncoding = 4; lastKnownFileType = sourcecode.swift; path = BaseRace.swift; sourceTree = "<group>"; };
		1BECB4CC1BC55E2200EDBB8F /* Swordsman.swift */ = {isa = PBXFileReference; fileEncoding = 4; lastKnownFileType = sourcecode.swift; path = Swordsman.swift; sourceTree = "<group>"; };
		1BECB4CE1BC55EB300EDBB8F /* Mage.swift */ = {isa = PBXFileReference; fileEncoding = 4; lastKnownFileType = sourcecode.swift; path = Mage.swift; sourceTree = "<group>"; };
		1BECB4D01BC55EF700EDBB8F /* Bard.swift */ = {isa = PBXFileReference; fileEncoding = 4; lastKnownFileType = sourcecode.swift; path = Bard.swift; sourceTree = "<group>"; };
		1BECB4D21BC55F2600EDBB8F /* Paladin.swift */ = {isa = PBXFileReference; fileEncoding = 4; lastKnownFileType = sourcecode.swift; path = Paladin.swift; sourceTree = "<group>"; };
		1BECB4D41BC563F700EDBB8F /* StatusList.swift */ = {isa = PBXFileReference; fileEncoding = 4; lastKnownFileType = sourcecode.swift; path = StatusList.swift; sourceTree = "<group>"; };
		1BEDA5681BCE8B8800C95A73 /* Hydora.atlas */ = {isa = PBXFileReference; lastKnownFileType = folder.skatlas; path = Hydora.atlas; sourceTree = "<group>"; };
		BC0F858B1BD90DC5005E424D /* ground.png */ = {isa = PBXFileReference; lastKnownFileType = image.png; path = ground.png; sourceTree = "<group>"; };
		BC0F858D1BD911A4005E424D /* EquipScene.sks */ = {isa = PBXFileReference; lastKnownFileType = file.sks; path = EquipScene.sks; sourceTree = "<group>"; };
		BC0F85921BD9136A005E424D /* bg_equipamento.png */ = {isa = PBXFileReference; lastKnownFileType = image.png; path = bg_equipamento.png; sourceTree = "<group>"; };
		BC0F85931BD9136A005E424D /* cajado.png */ = {isa = PBXFileReference; lastKnownFileType = image.png; path = cajado.png; sourceTree = "<group>"; };
		BC0F85951BD9136A005E424D /* desc1.png */ = {isa = PBXFileReference; lastKnownFileType = image.png; path = desc1.png; sourceTree = "<group>"; };
		BC0F85961BD9136A005E424D /* desc2.png */ = {isa = PBXFileReference; lastKnownFileType = image.png; path = desc2.png; sourceTree = "<group>"; };
		BC0F85971BD9136A005E424D /* desc3.png */ = {isa = PBXFileReference; lastKnownFileType = image.png; path = desc3.png; sourceTree = "<group>"; };
		BC0F85981BD9136A005E424D /* desc4.png */ = {isa = PBXFileReference; lastKnownFileType = image.png; path = desc4.png; sourceTree = "<group>"; };
		BC0F85991BD9136A005E424D /* desc5.png */ = {isa = PBXFileReference; lastKnownFileType = image.png; path = desc5.png; sourceTree = "<group>"; };
		BC0F859A1BD9136A005E424D /* desc6.png */ = {isa = PBXFileReference; lastKnownFileType = image.png; path = desc6.png; sourceTree = "<group>"; };
		BC0F859B1BD9136A005E424D /* desc7.png */ = {isa = PBXFileReference; lastKnownFileType = image.png; path = desc7.png; sourceTree = "<group>"; };
		BC0F859C1BD9136A005E424D /* desc8.png */ = {isa = PBXFileReference; lastKnownFileType = image.png; path = desc8.png; sourceTree = "<group>"; };
		BC0F859D1BD9136A005E424D /* EQUIPAMENTO.png */ = {isa = PBXFileReference; lastKnownFileType = image.png; path = EQUIPAMENTO.png; sourceTree = "<group>"; };
		BC0F859E1BD9136A005E424D /* escudo.png */ = {isa = PBXFileReference; lastKnownFileType = image.png; path = escudo.png; sourceTree = "<group>"; };
		BC0F859F1BD9136A005E424D /* Escudocomfrescurinha.png */ = {isa = PBXFileReference; lastKnownFileType = image.png; path = Escudocomfrescurinha.png; sourceTree = "<group>"; };
		BC0F85A21BD9136A005E424D /* Marreta.png */ = {isa = PBXFileReference; lastKnownFileType = image.png; path = Marreta.png; sourceTree = "<group>"; };
		BC0F85A31BD9136A005E424D /* moldura.png */ = {isa = PBXFileReference; lastKnownFileType = image.png; path = moldura.png; sourceTree = "<group>"; };
		BC0F85A51BD9136A005E424D /* retangulo.png */ = {isa = PBXFileReference; lastKnownFileType = image.png; path = retangulo.png; sourceTree = "<group>"; };
		BC0F85A61BD9136A005E424D /* sidearrow.png */ = {isa = PBXFileReference; lastKnownFileType = image.png; path = sidearrow.png; sourceTree = "<group>"; };
		BC0F85A71BD9136A005E424D /* tela_equipamento.png */ = {isa = PBXFileReference; lastKnownFileType = image.png; path = tela_equipamento.png; sourceTree = "<group>"; };
		BC0F85A81BD9136A005E424D /* tela_equipamento.svg */ = {isa = PBXFileReference; fileEncoding = 4; lastKnownFileType = text.xml; path = tela_equipamento.svg; sourceTree = "<group>"; };
		BC0F85C41BD91D05005E424D /* hydora-retrato.png */ = {isa = PBXFileReference; lastKnownFileType = image.png; path = "hydora-retrato.png"; sourceTree = "<group>"; };
		BC0F85C51BD91D05005E424D /* tio-retrato.png */ = {isa = PBXFileReference; lastKnownFileType = image.png; path = "tio-retrato.png"; sourceTree = "<group>"; };
		BC0F85C81BD922F6005E424D /* EquipScene.swift */ = {isa = PBXFileReference; fileEncoding = 4; lastKnownFileType = sourcecode.swift; path = EquipScene.swift; sourceTree = "<group>"; };
		BCCBB8071BD7B5330026EEB2 /* Aemon---Tyrant_01.png */ = {isa = PBXFileReference; lastKnownFileType = image.png; path = "Aemon---Tyrant_01.png"; sourceTree = "<group>"; };
		BCCBB8081BD7B5330026EEB2 /* Aemon---Tyrant_02.png */ = {isa = PBXFileReference; lastKnownFileType = image.png; path = "Aemon---Tyrant_02.png"; sourceTree = "<group>"; };
		BCCBB8091BD7B5330026EEB2 /* Aemon---Tyrant_03.png */ = {isa = PBXFileReference; lastKnownFileType = image.png; path = "Aemon---Tyrant_03.png"; sourceTree = "<group>"; };
		BCCBB80A1BD7B5330026EEB2 /* Aemon---Tyrant_04.png */ = {isa = PBXFileReference; lastKnownFileType = image.png; path = "Aemon---Tyrant_04.png"; sourceTree = "<group>"; };
		BCCBB80B1BD7B5330026EEB2 /* Aemon---Tyrant_05.png */ = {isa = PBXFileReference; lastKnownFileType = image.png; path = "Aemon---Tyrant_05.png"; sourceTree = "<group>"; };
		BCCBB80C1BD7B5330026EEB2 /* Aemon---Tyrant_06.png */ = {isa = PBXFileReference; lastKnownFileType = image.png; path = "Aemon---Tyrant_06.png"; sourceTree = "<group>"; };
		BCCBB80D1BD7B5330026EEB2 /* Aemon---Tyrant_07.png */ = {isa = PBXFileReference; lastKnownFileType = image.png; path = "Aemon---Tyrant_07.png"; sourceTree = "<group>"; };
		BCCBB80E1BD7B5330026EEB2 /* Aemon---Tyrant_08.png */ = {isa = PBXFileReference; lastKnownFileType = image.png; path = "Aemon---Tyrant_08.png"; sourceTree = "<group>"; };
		BCCBB80F1BD7B5330026EEB2 /* Aemon---Tyrant_09.png */ = {isa = PBXFileReference; lastKnownFileType = image.png; path = "Aemon---Tyrant_09.png"; sourceTree = "<group>"; };
		BCCBB8101BD7B5330026EEB2 /* Aemon---Tyrant_10.png */ = {isa = PBXFileReference; lastKnownFileType = image.png; path = "Aemon---Tyrant_10.png"; sourceTree = "<group>"; };
		BCCBB8111BD7B5330026EEB2 /* Aemon---Tyrant_11.png */ = {isa = PBXFileReference; lastKnownFileType = image.png; path = "Aemon---Tyrant_11.png"; sourceTree = "<group>"; };
		BCCBB8121BD7B5330026EEB2 /* Aemon---Tyrant_12.png */ = {isa = PBXFileReference; lastKnownFileType = image.png; path = "Aemon---Tyrant_12.png"; sourceTree = "<group>"; };
		BCCBB8141BD7B5330026EEB2 /* Bellatrix---Witch_01.png */ = {isa = PBXFileReference; lastKnownFileType = image.png; path = "Bellatrix---Witch_01.png"; sourceTree = "<group>"; };
		BCCBB8151BD7B5330026EEB2 /* Bellatrix---Witch_02.png */ = {isa = PBXFileReference; lastKnownFileType = image.png; path = "Bellatrix---Witch_02.png"; sourceTree = "<group>"; };
		BCCBB8161BD7B5330026EEB2 /* Bellatrix---Witch_03.png */ = {isa = PBXFileReference; lastKnownFileType = image.png; path = "Bellatrix---Witch_03.png"; sourceTree = "<group>"; };
		BCCBB8171BD7B5330026EEB2 /* Bellatrix---Witch_04.png */ = {isa = PBXFileReference; lastKnownFileType = image.png; path = "Bellatrix---Witch_04.png"; sourceTree = "<group>"; };
		BCCBB8181BD7B5330026EEB2 /* Bellatrix---Witch_05.png */ = {isa = PBXFileReference; lastKnownFileType = image.png; path = "Bellatrix---Witch_05.png"; sourceTree = "<group>"; };
		BCCBB8191BD7B5330026EEB2 /* Bellatrix---Witch_06.png */ = {isa = PBXFileReference; lastKnownFileType = image.png; path = "Bellatrix---Witch_06.png"; sourceTree = "<group>"; };
		BCCBB81A1BD7B5330026EEB2 /* Bellatrix---Witch_07.png */ = {isa = PBXFileReference; lastKnownFileType = image.png; path = "Bellatrix---Witch_07.png"; sourceTree = "<group>"; };
		BCCBB81B1BD7B5330026EEB2 /* Bellatrix---Witch_08.png */ = {isa = PBXFileReference; lastKnownFileType = image.png; path = "Bellatrix---Witch_08.png"; sourceTree = "<group>"; };
		BCCBB81C1BD7B5330026EEB2 /* Bellatrix---Witch_09.png */ = {isa = PBXFileReference; lastKnownFileType = image.png; path = "Bellatrix---Witch_09.png"; sourceTree = "<group>"; };
		BCCBB81D1BD7B5330026EEB2 /* Bellatrix---Witch_10.png */ = {isa = PBXFileReference; lastKnownFileType = image.png; path = "Bellatrix---Witch_10.png"; sourceTree = "<group>"; };
		BCCBB81E1BD7B5330026EEB2 /* Bellatrix---Witch_11.png */ = {isa = PBXFileReference; lastKnownFileType = image.png; path = "Bellatrix---Witch_11.png"; sourceTree = "<group>"; };
		BCCBB81F1BD7B5330026EEB2 /* Bellatrix---Witch_12.png */ = {isa = PBXFileReference; lastKnownFileType = image.png; path = "Bellatrix---Witch_12.png"; sourceTree = "<group>"; };
		BCCBB8211BD7B5330026EEB2 /* Herb_01.png */ = {isa = PBXFileReference; lastKnownFileType = image.png; path = Herb_01.png; sourceTree = "<group>"; };
		BCCBB8221BD7B5330026EEB2 /* Herb_02.png */ = {isa = PBXFileReference; lastKnownFileType = image.png; path = Herb_02.png; sourceTree = "<group>"; };
		BCCBB8231BD7B5330026EEB2 /* Herb_03.png */ = {isa = PBXFileReference; lastKnownFileType = image.png; path = Herb_03.png; sourceTree = "<group>"; };
		BCCBB8241BD7B5330026EEB2 /* Herb_04.png */ = {isa = PBXFileReference; lastKnownFileType = image.png; path = Herb_04.png; sourceTree = "<group>"; };
		BCCBB8251BD7B5330026EEB2 /* Herb_05.png */ = {isa = PBXFileReference; lastKnownFileType = image.png; path = Herb_05.png; sourceTree = "<group>"; };
		BCCBB8261BD7B5330026EEB2 /* Herb_06.png */ = {isa = PBXFileReference; lastKnownFileType = image.png; path = Herb_06.png; sourceTree = "<group>"; };
		BCCBB8271BD7B5330026EEB2 /* Herb_07.png */ = {isa = PBXFileReference; lastKnownFileType = image.png; path = Herb_07.png; sourceTree = "<group>"; };
		BCCBB8281BD7B5330026EEB2 /* Herb_08.png */ = {isa = PBXFileReference; lastKnownFileType = image.png; path = Herb_08.png; sourceTree = "<group>"; };
		BCCBB8291BD7B5330026EEB2 /* Herb_09.png */ = {isa = PBXFileReference; lastKnownFileType = image.png; path = Herb_09.png; sourceTree = "<group>"; };
		BCCBB82A1BD7B5330026EEB2 /* Herb_10.png */ = {isa = PBXFileReference; lastKnownFileType = image.png; path = Herb_10.png; sourceTree = "<group>"; };
		BCCBB82B1BD7B5330026EEB2 /* Herb_11.png */ = {isa = PBXFileReference; lastKnownFileType = image.png; path = Herb_11.png; sourceTree = "<group>"; };
		BCCBB82C1BD7B5330026EEB2 /* Herb_12.png */ = {isa = PBXFileReference; lastKnownFileType = image.png; path = Herb_12.png; sourceTree = "<group>"; };
		BCCBB82E1BD7B5330026EEB2 /* Marge---Old-Farmer's-Wife_01.png */ = {isa = PBXFileReference; lastKnownFileType = image.png; path = "Marge---Old-Farmer's-Wife_01.png"; sourceTree = "<group>"; };
		BCCBB82F1BD7B5330026EEB2 /* Marge---Old-Farmer's-Wife_02.png */ = {isa = PBXFileReference; lastKnownFileType = image.png; path = "Marge---Old-Farmer's-Wife_02.png"; sourceTree = "<group>"; };
		BCCBB8301BD7B5330026EEB2 /* Marge---Old-Farmer's-Wife_03.png */ = {isa = PBXFileReference; lastKnownFileType = image.png; path = "Marge---Old-Farmer's-Wife_03.png"; sourceTree = "<group>"; };
		BCCBB8311BD7B5330026EEB2 /* Marge---Old-Farmer's-Wife_04.png */ = {isa = PBXFileReference; lastKnownFileType = image.png; path = "Marge---Old-Farmer's-Wife_04.png"; sourceTree = "<group>"; };
		BCCBB8321BD7B5330026EEB2 /* Marge---Old-Farmer's-Wife_05.png */ = {isa = PBXFileReference; lastKnownFileType = image.png; path = "Marge---Old-Farmer's-Wife_05.png"; sourceTree = "<group>"; };
		BCCBB8331BD7B5330026EEB2 /* Marge---Old-Farmer's-Wife_06.png */ = {isa = PBXFileReference; lastKnownFileType = image.png; path = "Marge---Old-Farmer's-Wife_06.png"; sourceTree = "<group>"; };
		BCCBB8341BD7B5330026EEB2 /* Marge---Old-Farmer's-Wife_07.png */ = {isa = PBXFileReference; lastKnownFileType = image.png; path = "Marge---Old-Farmer's-Wife_07.png"; sourceTree = "<group>"; };
		BCCBB8351BD7B5330026EEB2 /* Marge---Old-Farmer's-Wife_08.png */ = {isa = PBXFileReference; lastKnownFileType = image.png; path = "Marge---Old-Farmer's-Wife_08.png"; sourceTree = "<group>"; };
		BCCBB8361BD7B5330026EEB2 /* Marge---Old-Farmer's-Wife_09.png */ = {isa = PBXFileReference; lastKnownFileType = image.png; path = "Marge---Old-Farmer's-Wife_09.png"; sourceTree = "<group>"; };
		BCCBB8371BD7B5330026EEB2 /* Marge---Old-Farmer's-Wife_10.png */ = {isa = PBXFileReference; lastKnownFileType = image.png; path = "Marge---Old-Farmer's-Wife_10.png"; sourceTree = "<group>"; };
		BCCBB8381BD7B5330026EEB2 /* Marge---Old-Farmer's-Wife_11.png */ = {isa = PBXFileReference; lastKnownFileType = image.png; path = "Marge---Old-Farmer's-Wife_11.png"; sourceTree = "<group>"; };
		BCCBB8391BD7B5330026EEB2 /* Marge---Old-Farmer's-Wife_12.png */ = {isa = PBXFileReference; lastKnownFileType = image.png; path = "Marge---Old-Farmer's-Wife_12.png"; sourceTree = "<group>"; };
		BCCBB83B1BD7B5330026EEB2 /* Ramdall---Black-Mage_01.png */ = {isa = PBXFileReference; lastKnownFileType = image.png; path = "Ramdall---Black-Mage_01.png"; sourceTree = "<group>"; };
		BCCBB83C1BD7B5330026EEB2 /* Ramdall---Black-Mage_02.png */ = {isa = PBXFileReference; lastKnownFileType = image.png; path = "Ramdall---Black-Mage_02.png"; sourceTree = "<group>"; };
		BCCBB83D1BD7B5330026EEB2 /* Ramdall---Black-Mage_03.png */ = {isa = PBXFileReference; lastKnownFileType = image.png; path = "Ramdall---Black-Mage_03.png"; sourceTree = "<group>"; };
		BCCBB83E1BD7B5330026EEB2 /* Ramdall---Black-Mage_04.png */ = {isa = PBXFileReference; lastKnownFileType = image.png; path = "Ramdall---Black-Mage_04.png"; sourceTree = "<group>"; };
		BCCBB83F1BD7B5330026EEB2 /* Ramdall---Black-Mage_05.png */ = {isa = PBXFileReference; lastKnownFileType = image.png; path = "Ramdall---Black-Mage_05.png"; sourceTree = "<group>"; };
		BCCBB8401BD7B5330026EEB2 /* Ramdall---Black-Mage_06.png */ = {isa = PBXFileReference; lastKnownFileType = image.png; path = "Ramdall---Black-Mage_06.png"; sourceTree = "<group>"; };
		BCCBB8411BD7B5330026EEB2 /* Ramdall---Black-Mage_07.png */ = {isa = PBXFileReference; lastKnownFileType = image.png; path = "Ramdall---Black-Mage_07.png"; sourceTree = "<group>"; };
		BCCBB8421BD7B5330026EEB2 /* Ramdall---Black-Mage_08.png */ = {isa = PBXFileReference; lastKnownFileType = image.png; path = "Ramdall---Black-Mage_08.png"; sourceTree = "<group>"; };
		BCCBB8431BD7B5330026EEB2 /* Ramdall---Black-Mage_09.png */ = {isa = PBXFileReference; lastKnownFileType = image.png; path = "Ramdall---Black-Mage_09.png"; sourceTree = "<group>"; };
		BCCBB8441BD7B5330026EEB2 /* Ramdall---Black-Mage_10.png */ = {isa = PBXFileReference; lastKnownFileType = image.png; path = "Ramdall---Black-Mage_10.png"; sourceTree = "<group>"; };
		BCCBB8451BD7B5330026EEB2 /* Ramdall---Black-Mage_11.png */ = {isa = PBXFileReference; lastKnownFileType = image.png; path = "Ramdall---Black-Mage_11.png"; sourceTree = "<group>"; };
		BCCBB8461BD7B5330026EEB2 /* Ramdall---Black-Mage_12.png */ = {isa = PBXFileReference; lastKnownFileType = image.png; path = "Ramdall---Black-Mage_12.png"; sourceTree = "<group>"; };
		BCCBB8481BD7B5330026EEB2 /* Rohan---Bard_01.png */ = {isa = PBXFileReference; lastKnownFileType = image.png; path = "Rohan---Bard_01.png"; sourceTree = "<group>"; };
		BCCBB8491BD7B5330026EEB2 /* Rohan---Bard_02.png */ = {isa = PBXFileReference; lastKnownFileType = image.png; path = "Rohan---Bard_02.png"; sourceTree = "<group>"; };
		BCCBB84A1BD7B5330026EEB2 /* Rohan---Bard_03.png */ = {isa = PBXFileReference; lastKnownFileType = image.png; path = "Rohan---Bard_03.png"; sourceTree = "<group>"; };
		BCCBB84B1BD7B5330026EEB2 /* Rohan---Bard_04.png */ = {isa = PBXFileReference; lastKnownFileType = image.png; path = "Rohan---Bard_04.png"; sourceTree = "<group>"; };
		BCCBB84C1BD7B5330026EEB2 /* Rohan---Bard_05.png */ = {isa = PBXFileReference; lastKnownFileType = image.png; path = "Rohan---Bard_05.png"; sourceTree = "<group>"; };
		BCCBB84D1BD7B5330026EEB2 /* Rohan---Bard_06.png */ = {isa = PBXFileReference; lastKnownFileType = image.png; path = "Rohan---Bard_06.png"; sourceTree = "<group>"; };
		BCCBB84E1BD7B5330026EEB2 /* Rohan---Bard_07.png */ = {isa = PBXFileReference; lastKnownFileType = image.png; path = "Rohan---Bard_07.png"; sourceTree = "<group>"; };
		BCCBB84F1BD7B5330026EEB2 /* Rohan---Bard_08.png */ = {isa = PBXFileReference; lastKnownFileType = image.png; path = "Rohan---Bard_08.png"; sourceTree = "<group>"; };
		BCCBB8501BD7B5330026EEB2 /* Rohan---Bard_09.png */ = {isa = PBXFileReference; lastKnownFileType = image.png; path = "Rohan---Bard_09.png"; sourceTree = "<group>"; };
		BCCBB8511BD7B5330026EEB2 /* Rohan---Bard_10.png */ = {isa = PBXFileReference; lastKnownFileType = image.png; path = "Rohan---Bard_10.png"; sourceTree = "<group>"; };
		BCCBB8521BD7B5330026EEB2 /* Rohan---Bard_11.png */ = {isa = PBXFileReference; lastKnownFileType = image.png; path = "Rohan---Bard_11.png"; sourceTree = "<group>"; };
		BCCBB8531BD7B5330026EEB2 /* Rohan---Bard_12.png */ = {isa = PBXFileReference; lastKnownFileType = image.png; path = "Rohan---Bard_12.png"; sourceTree = "<group>"; };
		BCCBB89E1BD7C3370026EEB2 /* CollisionSetUps.swift */ = {isa = PBXFileReference; fileEncoding = 4; lastKnownFileType = sourcecode.swift; path = CollisionSetUps.swift; sourceTree = "<group>"; };
/* End PBXFileReference section */

/* Begin PBXFrameworksBuildPhase section */
		1B8EDBFE1BC2B073009603B6 /* Frameworks */ = {
			isa = PBXFrameworksBuildPhase;
			buildActionMask = 2147483647;
			files = (
				1B9BE8781BD137E300E9EE27 /* libz.tbd in Frameworks */,
			);
			runOnlyForDeploymentPostprocessing = 0;
		};
		1B8EDC161BC2B074009603B6 /* Frameworks */ = {
			isa = PBXFrameworksBuildPhase;
			buildActionMask = 2147483647;
			files = (
			);
			runOnlyForDeploymentPostprocessing = 0;
		};
		1B8EDC211BC2B074009603B6 /* Frameworks */ = {
			isa = PBXFrameworksBuildPhase;
			buildActionMask = 2147483647;
			files = (
			);
			runOnlyForDeploymentPostprocessing = 0;
		};
/* End PBXFrameworksBuildPhase section */

/* Begin PBXGroup section */
		1B4F29771BCFD26F00612BF8 /* ContextMenuPlayer */ = {
			isa = PBXGroup;
			children = (
				1B4F29781BCFD28200612BF8 /* VLDContextSheet.h */,
				1B4F29791BCFD28200612BF8 /* VLDContextSheet.m */,
				1B4F297A1BCFD28200612BF8 /* VLDContextSheetItem.h */,
				1B4F297B1BCFD28200612BF8 /* VLDContextSheetItem.m */,
				1B4F297C1BCFD28200612BF8 /* VLDContextSheetItemView.h */,
				1B4F297D1BCFD28200612BF8 /* VLDContextSheetItemView.m */,
			);
			name = ContextMenuPlayer;
			sourceTree = "<group>";
		};
		1B4F29811BCFE29700612BF8 /* TileMap */ = {
			isa = PBXGroup;
			children = (
				1B4F29821BCFE2EB00612BF8 /* LFCGzipUtility.h */,
				1B4F29831BCFE2EB00612BF8 /* LFCGzipUtility.m */,
				1B4F29841BCFE2EB00612BF8 /* JSTileMap.h */,
				1B4F29851BCFE2EB00612BF8 /* JSTileMap.m */,
			);
			name = TileMap;
			sourceTree = "<group>";
		};
		1B8EDBF81BC2B073009603B6 = {
			isa = PBXGroup;
			children = (
				1B9BE8771BD137E300E9EE27 /* libz.tbd */,
				1B8EDC031BC2B074009603B6 /* MiraadTales */,
				1B8EDC1C1BC2B074009603B6 /* MiraadTalesTests */,
				1B8EDC271BC2B074009603B6 /* MiraadTalesUITests */,
				1B8EDC021BC2B074009603B6 /* Products */,
			);
			sourceTree = "<group>";
		};
		1B8EDC021BC2B074009603B6 /* Products */ = {
			isa = PBXGroup;
			children = (
				1B8EDC011BC2B074009603B6 /* MiraadTales.app */,
				1B8EDC191BC2B074009603B6 /* MiraadTalesTests.xctest */,
				1B8EDC241BC2B074009603B6 /* MiraadTalesUITests.xctest */,
			);
			name = Products;
			sourceTree = "<group>";
		};
		1B8EDC031BC2B074009603B6 /* MiraadTales */ = {
			isa = PBXGroup;
			children = (
				1B9BE8741BD1357600E9EE27 /* World */,
				1BE7D7E31BC7E2EB000FA60C /* Assets */,
				1B8EDC361BC2B0FC009603B6 /* Library */,
				BC0F858D1BD911A4005E424D /* EquipScene.sks */,
				BC0F85C81BD922F6005E424D /* EquipScene.swift */,
				1B8EDC061BC2B074009603B6 /* GameScene.sks */,
				1B8EDC081BC2B074009603B6 /* GameScene.swift */,
				1B8EDC041BC2B074009603B6 /* AppDelegate.swift */,
				1B8EDC0A1BC2B074009603B6 /* GameViewController.swift */,
				1B8EDC0C1BC2B074009603B6 /* Main.storyboard */,
				1B8EDC0F1BC2B074009603B6 /* Assets.xcassets */,
				1B8EDC111BC2B074009603B6 /* LaunchScreen.storyboard */,
				1B8EDC141BC2B074009603B6 /* Info.plist */,
				1B4780301BD9297B007E03B5 /* CombatScene.swift */,
				1B4780321BD9298E007E03B5 /* CombatScene.sks */,
			);
			path = MiraadTales;
			sourceTree = "<group>";
		};
		1B8EDC1C1BC2B074009603B6 /* MiraadTalesTests */ = {
			isa = PBXGroup;
			children = (
				1B8EDC1D1BC2B074009603B6 /* MiraadTalesTests.swift */,
				1B8EDC1F1BC2B074009603B6 /* Info.plist */,
			);
			path = MiraadTalesTests;
			sourceTree = "<group>";
		};
		1B8EDC271BC2B074009603B6 /* MiraadTalesUITests */ = {
			isa = PBXGroup;
			children = (
				1B8EDC281BC2B074009603B6 /* MiraadTalesUITests.swift */,
				1B8EDC2A1BC2B074009603B6 /* Info.plist */,
			);
			path = MiraadTalesUITests;
			sourceTree = "<group>";
		};
		1B8EDC361BC2B0FC009603B6 /* Library */ = {
			isa = PBXGroup;
			children = (
				1BE7D7FE1BC7F854000FA60C /* MiraadTales-Bridging-Header.h */,
				1BC1F41F1BD2360F000CE8B3 /* ActionManagement.swift */,
				1BC1F41C1BD1C6CB000CE8B3 /* MovementManagement.swift */,
				BCCBB89E1BD7C3370026EEB2 /* CollisionSetUps.swift */,
				1B4F29811BCFE29700612BF8 /* TileMap */,
				1B4F29771BCFD26F00612BF8 /* ContextMenuPlayer */,
				1BE7D7FD1BC7F834000FA60C /* Joystick */,
				1BD76E3C1BC4003800A2EDE1 /* Character */,
			);
			name = Library;
			sourceTree = "<group>";
		};
		1B8EDC371BC2B11A009603B6 /* Attibutes */ = {
			isa = PBXGroup;
			children = (
				1BD76E441BC4093900A2EDE1 /* PlayerStatus.swift */,
				1BECB4D41BC563F700EDBB8F /* StatusList.swift */,
			);
			name = Attibutes;
			sourceTree = "<group>";
		};
		1B9BE8741BD1357600E9EE27 /* World */ = {
			isa = PBXGroup;
			children = (
				1BC1F4171BD1A00C000CE8B3 /* casas.png */,
				1BC1F4181BD1A00C000CE8B3 /* grama.png */,
				1B9BE8751BD1359300E9EE27 /* test-tilemap.tmx */,
			);
			name = World;
			sourceTree = "<group>";
		};
		1BC9101A1BD7E4AE009E2A9C /* map */ = {
			isa = PBXGroup;
			children = (
				1BC910211BD7E4AE009E2A9C /* public_tileset_by_orohnpokemon-d4vpcfu copy.png */,
			);
			path = map;
			sourceTree = "<group>";
		};
		1BD76E3C1BC4003800A2EDE1 /* Character */ = {
			isa = PBXGroup;
			children = (
				1B8EDC381BC2B959009603B6 /* Status.swift */,
				1BECB4C91BC55C9900EDBB8F /* Race */,
				1BD76E461BC40D7E00A2EDE1 /* Skill */,
				1BD76E3D1BC401B400A2EDE1 /* Items */,
				1B8EDC371BC2B11A009603B6 /* Attibutes */,
			);
			name = Character;
			sourceTree = "<group>";
		};
		1BD76E3D1BC401B400A2EDE1 /* Items */ = {
			isa = PBXGroup;
			children = (
				1BD76E3E1BC401CF00A2EDE1 /* Equip.swift */,
				1BD76E421BC4080D00A2EDE1 /* ItemType.swift */,
				1BA00EB71BC6B38F00B8972A /* BaseItem.swift */,
				1BA00EB91BC6B4AD00B8972A /* ItemQuest.swift */,
				1BA00EBB1BC6B55100B8972A /* Item.swift */,
			);
			name = Items;
			sourceTree = "<group>";
		};
		1BD76E461BC40D7E00A2EDE1 /* Skill */ = {
			isa = PBXGroup;
			children = (
				1BD76E4D1BC4135900A2EDE1 /* Skill.swift */,
				1BA00EB01BC69F3F00B8972A /* Effect.swift */,
			);
			name = Skill;
			sourceTree = "<group>";
		};
		1BE7D7E31BC7E2EB000FA60C /* Assets */ = {
			isa = PBXGroup;
			children = (
				1BC9101A1BD7E4AE009E2A9C /* map */,
				BC0F858B1BD90DC5005E424D /* ground.png */,
				BC0F858F1BD9136A005E424D /* Equipamento */,
				BCCBB8061BD7B5330026EEB2 /* Aemon */,
				BCCBB8131BD7B5330026EEB2 /* Bellatrix */,
				BCCBB8201BD7B5330026EEB2 /* Herb */,
				BCCBB82D1BD7B5330026EEB2 /* Marge */,
				BCCBB83A1BD7B5330026EEB2 /* Ramdall */,
				BCCBB8471BD7B5330026EEB2 /* Rohan */,
				1BEDA5681BCE8B8800C95A73 /* Hydora.atlas */,
				1BE7D8041BC7FEDA000FA60C /* Ylla.atlas */,
			);
			name = Assets;
			sourceTree = "<group>";
		};
		1BE7D7FD1BC7F834000FA60C /* Joystick */ = {
			isa = PBXGroup;
			children = (
				1BE7D7FF1BC7F855000FA60C /* Joystick.h */,
				1BE7D8001BC7F855000FA60C /* Joystick.m */,
				1B9553751BD52D5C001D1FBD /* Joystick.swift */,
			);
			name = Joystick;
			sourceTree = "<group>";
		};
		1BECB4C91BC55C9900EDBB8F /* Race */ = {
			isa = PBXGroup;
			children = (
				1B9553771BD53195001D1FBD /* DirectionPlayer.swift */,
				1B8EDC3A1BC2C506009603B6 /* PlayersRace.swift */,
				1BECB4CA1BC55CB000EDBB8F /* BaseRace.swift */,
				1BECB4CC1BC55E2200EDBB8F /* Swordsman.swift */,
				1BECB4CE1BC55EB300EDBB8F /* Mage.swift */,
				1BECB4D01BC55EF700EDBB8F /* Bard.swift */,
				1BECB4D21BC55F2600EDBB8F /* Paladin.swift */,
				1BA00EB31BC6AB2C00B8972A /* Player.swift */,
			);
			name = Race;
			sourceTree = "<group>";
		};
		BC0F858F1BD9136A005E424D /* Equipamento */ = {
			isa = PBXGroup;
			children = (
				BC0F85921BD9136A005E424D /* bg_equipamento.png */,
				BC0F85931BD9136A005E424D /* cajado.png */,
				BC0F85951BD9136A005E424D /* desc1.png */,
				BC0F85961BD9136A005E424D /* desc2.png */,
				BC0F85971BD9136A005E424D /* desc3.png */,
				BC0F85981BD9136A005E424D /* desc4.png */,
				BC0F85991BD9136A005E424D /* desc5.png */,
				BC0F859A1BD9136A005E424D /* desc6.png */,
				BC0F859B1BD9136A005E424D /* desc7.png */,
				BC0F859C1BD9136A005E424D /* desc8.png */,
				BC0F859D1BD9136A005E424D /* EQUIPAMENTO.png */,
				BC0F859E1BD9136A005E424D /* escudo.png */,
				BC0F859F1BD9136A005E424D /* Escudocomfrescurinha.png */,
				BC0F85C41BD91D05005E424D /* hydora-retrato.png */,
				BC0F85C51BD91D05005E424D /* tio-retrato.png */,
				BC0F85A21BD9136A005E424D /* Marreta.png */,
				BC0F85A31BD9136A005E424D /* moldura.png */,
				BC0F85A51BD9136A005E424D /* retangulo.png */,
				BC0F85A61BD9136A005E424D /* sidearrow.png */,
				BC0F85A71BD9136A005E424D /* tela_equipamento.png */,
				BC0F85A81BD9136A005E424D /* tela_equipamento.svg */,
			);
			name = Equipamento;
			path = Rohan/Equipamento;
			sourceTree = "<group>";
		};
		BCCBB8061BD7B5330026EEB2 /* Aemon */ = {
			isa = PBXGroup;
			children = (
				BCCBB8071BD7B5330026EEB2 /* Aemon---Tyrant_01.png */,
				BCCBB8081BD7B5330026EEB2 /* Aemon---Tyrant_02.png */,
				BCCBB8091BD7B5330026EEB2 /* Aemon---Tyrant_03.png */,
				BCCBB80A1BD7B5330026EEB2 /* Aemon---Tyrant_04.png */,
				BCCBB80B1BD7B5330026EEB2 /* Aemon---Tyrant_05.png */,
				BCCBB80C1BD7B5330026EEB2 /* Aemon---Tyrant_06.png */,
				BCCBB80D1BD7B5330026EEB2 /* Aemon---Tyrant_07.png */,
				BCCBB80E1BD7B5330026EEB2 /* Aemon---Tyrant_08.png */,
				BCCBB80F1BD7B5330026EEB2 /* Aemon---Tyrant_09.png */,
				BCCBB8101BD7B5330026EEB2 /* Aemon---Tyrant_10.png */,
				BCCBB8111BD7B5330026EEB2 /* Aemon---Tyrant_11.png */,
				BCCBB8121BD7B5330026EEB2 /* Aemon---Tyrant_12.png */,
			);
			path = Aemon;
			sourceTree = "<group>";
		};
		BCCBB8131BD7B5330026EEB2 /* Bellatrix */ = {
			isa = PBXGroup;
			children = (
				BCCBB8141BD7B5330026EEB2 /* Bellatrix---Witch_01.png */,
				BCCBB8151BD7B5330026EEB2 /* Bellatrix---Witch_02.png */,
				BCCBB8161BD7B5330026EEB2 /* Bellatrix---Witch_03.png */,
				BCCBB8171BD7B5330026EEB2 /* Bellatrix---Witch_04.png */,
				BCCBB8181BD7B5330026EEB2 /* Bellatrix---Witch_05.png */,
				BCCBB8191BD7B5330026EEB2 /* Bellatrix---Witch_06.png */,
				BCCBB81A1BD7B5330026EEB2 /* Bellatrix---Witch_07.png */,
				BCCBB81B1BD7B5330026EEB2 /* Bellatrix---Witch_08.png */,
				BCCBB81C1BD7B5330026EEB2 /* Bellatrix---Witch_09.png */,
				BCCBB81D1BD7B5330026EEB2 /* Bellatrix---Witch_10.png */,
				BCCBB81E1BD7B5330026EEB2 /* Bellatrix---Witch_11.png */,
				BCCBB81F1BD7B5330026EEB2 /* Bellatrix---Witch_12.png */,
			);
			path = Bellatrix;
			sourceTree = "<group>";
		};
		BCCBB8201BD7B5330026EEB2 /* Herb */ = {
			isa = PBXGroup;
			children = (
				BCCBB8211BD7B5330026EEB2 /* Herb_01.png */,
				BCCBB8221BD7B5330026EEB2 /* Herb_02.png */,
				BCCBB8231BD7B5330026EEB2 /* Herb_03.png */,
				BCCBB8241BD7B5330026EEB2 /* Herb_04.png */,
				BCCBB8251BD7B5330026EEB2 /* Herb_05.png */,
				BCCBB8261BD7B5330026EEB2 /* Herb_06.png */,
				BCCBB8271BD7B5330026EEB2 /* Herb_07.png */,
				BCCBB8281BD7B5330026EEB2 /* Herb_08.png */,
				BCCBB8291BD7B5330026EEB2 /* Herb_09.png */,
				BCCBB82A1BD7B5330026EEB2 /* Herb_10.png */,
				BCCBB82B1BD7B5330026EEB2 /* Herb_11.png */,
				BCCBB82C1BD7B5330026EEB2 /* Herb_12.png */,
			);
			path = Herb;
			sourceTree = "<group>";
		};
		BCCBB82D1BD7B5330026EEB2 /* Marge */ = {
			isa = PBXGroup;
			children = (
				BCCBB82E1BD7B5330026EEB2 /* Marge---Old-Farmer's-Wife_01.png */,
				BCCBB82F1BD7B5330026EEB2 /* Marge---Old-Farmer's-Wife_02.png */,
				BCCBB8301BD7B5330026EEB2 /* Marge---Old-Farmer's-Wife_03.png */,
				BCCBB8311BD7B5330026EEB2 /* Marge---Old-Farmer's-Wife_04.png */,
				BCCBB8321BD7B5330026EEB2 /* Marge---Old-Farmer's-Wife_05.png */,
				BCCBB8331BD7B5330026EEB2 /* Marge---Old-Farmer's-Wife_06.png */,
				BCCBB8341BD7B5330026EEB2 /* Marge---Old-Farmer's-Wife_07.png */,
				BCCBB8351BD7B5330026EEB2 /* Marge---Old-Farmer's-Wife_08.png */,
				BCCBB8361BD7B5330026EEB2 /* Marge---Old-Farmer's-Wife_09.png */,
				BCCBB8371BD7B5330026EEB2 /* Marge---Old-Farmer's-Wife_10.png */,
				BCCBB8381BD7B5330026EEB2 /* Marge---Old-Farmer's-Wife_11.png */,
				BCCBB8391BD7B5330026EEB2 /* Marge---Old-Farmer's-Wife_12.png */,
			);
			path = Marge;
			sourceTree = "<group>";
		};
		BCCBB83A1BD7B5330026EEB2 /* Ramdall */ = {
			isa = PBXGroup;
			children = (
				BCCBB83B1BD7B5330026EEB2 /* Ramdall---Black-Mage_01.png */,
				BCCBB83C1BD7B5330026EEB2 /* Ramdall---Black-Mage_02.png */,
				BCCBB83D1BD7B5330026EEB2 /* Ramdall---Black-Mage_03.png */,
				BCCBB83E1BD7B5330026EEB2 /* Ramdall---Black-Mage_04.png */,
				BCCBB83F1BD7B5330026EEB2 /* Ramdall---Black-Mage_05.png */,
				BCCBB8401BD7B5330026EEB2 /* Ramdall---Black-Mage_06.png */,
				BCCBB8411BD7B5330026EEB2 /* Ramdall---Black-Mage_07.png */,
				BCCBB8421BD7B5330026EEB2 /* Ramdall---Black-Mage_08.png */,
				BCCBB8431BD7B5330026EEB2 /* Ramdall---Black-Mage_09.png */,
				BCCBB8441BD7B5330026EEB2 /* Ramdall---Black-Mage_10.png */,
				BCCBB8451BD7B5330026EEB2 /* Ramdall---Black-Mage_11.png */,
				BCCBB8461BD7B5330026EEB2 /* Ramdall---Black-Mage_12.png */,
			);
			path = Ramdall;
			sourceTree = "<group>";
		};
		BCCBB8471BD7B5330026EEB2 /* Rohan */ = {
			isa = PBXGroup;
			children = (
				BCCBB8481BD7B5330026EEB2 /* Rohan---Bard_01.png */,
				BCCBB8491BD7B5330026EEB2 /* Rohan---Bard_02.png */,
				BCCBB84A1BD7B5330026EEB2 /* Rohan---Bard_03.png */,
				BCCBB84B1BD7B5330026EEB2 /* Rohan---Bard_04.png */,
				BCCBB84C1BD7B5330026EEB2 /* Rohan---Bard_05.png */,
				BCCBB84D1BD7B5330026EEB2 /* Rohan---Bard_06.png */,
				BCCBB84E1BD7B5330026EEB2 /* Rohan---Bard_07.png */,
				BCCBB84F1BD7B5330026EEB2 /* Rohan---Bard_08.png */,
				BCCBB8501BD7B5330026EEB2 /* Rohan---Bard_09.png */,
				BCCBB8511BD7B5330026EEB2 /* Rohan---Bard_10.png */,
				BCCBB8521BD7B5330026EEB2 /* Rohan---Bard_11.png */,
				BCCBB8531BD7B5330026EEB2 /* Rohan---Bard_12.png */,
			);
			path = Rohan;
			sourceTree = "<group>";
		};
/* End PBXGroup section */

/* Begin PBXNativeTarget section */
		1B8EDC001BC2B073009603B6 /* MiraadTales */ = {
			isa = PBXNativeTarget;
			buildConfigurationList = 1B8EDC2D1BC2B074009603B6 /* Build configuration list for PBXNativeTarget "MiraadTales" */;
			buildPhases = (
				1B8EDBFD1BC2B073009603B6 /* Sources */,
				1B8EDBFE1BC2B073009603B6 /* Frameworks */,
				1B8EDBFF1BC2B073009603B6 /* Resources */,
			);
			buildRules = (
			);
			dependencies = (
			);
			name = MiraadTales;
			productName = MiraadTales;
			productReference = 1B8EDC011BC2B074009603B6 /* MiraadTales.app */;
			productType = "com.apple.product-type.application";
		};
		1B8EDC181BC2B074009603B6 /* MiraadTalesTests */ = {
			isa = PBXNativeTarget;
			buildConfigurationList = 1B8EDC301BC2B074009603B6 /* Build configuration list for PBXNativeTarget "MiraadTalesTests" */;
			buildPhases = (
				1B8EDC151BC2B074009603B6 /* Sources */,
				1B8EDC161BC2B074009603B6 /* Frameworks */,
				1B8EDC171BC2B074009603B6 /* Resources */,
			);
			buildRules = (
			);
			dependencies = (
				1B8EDC1B1BC2B074009603B6 /* PBXTargetDependency */,
			);
			name = MiraadTalesTests;
			productName = MiraadTalesTests;
			productReference = 1B8EDC191BC2B074009603B6 /* MiraadTalesTests.xctest */;
			productType = "com.apple.product-type.bundle.unit-test";
		};
		1B8EDC231BC2B074009603B6 /* MiraadTalesUITests */ = {
			isa = PBXNativeTarget;
			buildConfigurationList = 1B8EDC331BC2B074009603B6 /* Build configuration list for PBXNativeTarget "MiraadTalesUITests" */;
			buildPhases = (
				1B8EDC201BC2B074009603B6 /* Sources */,
				1B8EDC211BC2B074009603B6 /* Frameworks */,
				1B8EDC221BC2B074009603B6 /* Resources */,
			);
			buildRules = (
			);
			dependencies = (
				1B8EDC261BC2B074009603B6 /* PBXTargetDependency */,
			);
			name = MiraadTalesUITests;
			productName = MiraadTalesUITests;
			productReference = 1B8EDC241BC2B074009603B6 /* MiraadTalesUITests.xctest */;
			productType = "com.apple.product-type.bundle.ui-testing";
		};
/* End PBXNativeTarget section */

/* Begin PBXProject section */
		1B8EDBF91BC2B073009603B6 /* Project object */ = {
			isa = PBXProject;
			attributes = {
				LastSwiftUpdateCheck = 0700;
				LastUpgradeCheck = 0700;
				ORGANIZATIONNAME = "Rodolfo José";
				TargetAttributes = {
					1B8EDC001BC2B073009603B6 = {
						CreatedOnToolsVersion = 7.0;
						DevelopmentTeam = GHP2MP7KV3;
					};
					1B8EDC181BC2B074009603B6 = {
						CreatedOnToolsVersion = 7.0;
						TestTargetID = 1B8EDC001BC2B073009603B6;
					};
					1B8EDC231BC2B074009603B6 = {
						CreatedOnToolsVersion = 7.0;
						TestTargetID = 1B8EDC001BC2B073009603B6;
					};
				};
			};
			buildConfigurationList = 1B8EDBFC1BC2B073009603B6 /* Build configuration list for PBXProject "MiraadTales" */;
			compatibilityVersion = "Xcode 3.2";
			developmentRegion = English;
			hasScannedForEncodings = 0;
			knownRegions = (
				en,
				Base,
			);
			mainGroup = 1B8EDBF81BC2B073009603B6;
			productRefGroup = 1B8EDC021BC2B074009603B6 /* Products */;
			projectDirPath = "";
			projectRoot = "";
			targets = (
				1B8EDC001BC2B073009603B6 /* MiraadTales */,
				1B8EDC181BC2B074009603B6 /* MiraadTalesTests */,
				1B8EDC231BC2B074009603B6 /* MiraadTalesUITests */,
			);
		};
/* End PBXProject section */

/* Begin PBXResourcesBuildPhase section */
		1B8EDBFF1BC2B073009603B6 /* Resources */ = {
			isa = PBXResourcesBuildPhase;
			buildActionMask = 2147483647;
			files = (
				BCCBB85B1BD7B5330026EEB2 /* Aemon---Tyrant_08.png in Resources */,
				BCCBB8591BD7B5330026EEB2 /* Aemon---Tyrant_06.png in Resources */,
				BCCBB87E1BD7B5330026EEB2 /* Marge---Old-Farmer's-Wife_07.png in Resources */,
				BC0F85C21BD9136A005E424D /* tela_equipamento.svg in Resources */,
				BCCBB8851BD7B5330026EEB2 /* Ramdall---Black-Mage_02.png in Resources */,
				BCCBB87D1BD7B5330026EEB2 /* Marge---Old-Farmer's-Wife_06.png in Resources */,
				BCCBB8621BD7B5330026EEB2 /* Bellatrix---Witch_03.png in Resources */,
				1BEDA5691BCE8B8800C95A73 /* Hydora.atlas in Resources */,
				BC0F85AD1BD9136A005E424D /* cajado.png in Resources */,
				BCCBB8631BD7B5330026EEB2 /* Bellatrix---Witch_04.png in Resources */,
				BCCBB89B1BD7B5330026EEB2 /* Rohan---Bard_12.png in Resources */,
				BCCBB8811BD7B5330026EEB2 /* Marge---Old-Farmer's-Wife_10.png in Resources */,
				BCCBB8611BD7B5330026EEB2 /* Bellatrix---Witch_02.png in Resources */,
				BCCBB8901BD7B5330026EEB2 /* Rohan---Bard_01.png in Resources */,
				BCCBB8881BD7B5330026EEB2 /* Ramdall---Black-Mage_05.png in Resources */,
				BCCBB86D1BD7B5330026EEB2 /* Herb_02.png in Resources */,
				BCCBB8711BD7B5330026EEB2 /* Herb_06.png in Resources */,
				BCCBB8761BD7B5330026EEB2 /* Herb_11.png in Resources */,
				BCCBB8701BD7B5330026EEB2 /* Herb_05.png in Resources */,
				BC0F85BD1BD9136A005E424D /* moldura.png in Resources */,
				BCCBB87B1BD7B5330026EEB2 /* Marge---Old-Farmer's-Wife_04.png in Resources */,
				BC0F858C1BD90DC5005E424D /* ground.png in Resources */,
				BCCBB8641BD7B5330026EEB2 /* Bellatrix---Witch_05.png in Resources */,
				BCCBB8801BD7B5330026EEB2 /* Marge---Old-Farmer's-Wife_09.png in Resources */,
				1B4780331BD9298E007E03B5 /* CombatScene.sks in Resources */,
				1B8EDC071BC2B074009603B6 /* GameScene.sks in Resources */,
				1BE7D8051BC7FEDA000FA60C /* Ylla.atlas in Resources */,
				BCCBB8581BD7B5330026EEB2 /* Aemon---Tyrant_05.png in Resources */,
				BCCBB8741BD7B5330026EEB2 /* Herb_09.png in Resources */,
				BC0F85C11BD9136A005E424D /* tela_equipamento.png in Resources */,
				BCCBB85F1BD7B5330026EEB2 /* Aemon---Tyrant_12.png in Resources */,
				BC0F85B31BD9136A005E424D /* desc5.png in Resources */,
				BCCBB8941BD7B5330026EEB2 /* Rohan---Bard_05.png in Resources */,
				BCCBB8651BD7B5330026EEB2 /* Bellatrix---Witch_06.png in Resources */,
				BCCBB86E1BD7B5330026EEB2 /* Herb_03.png in Resources */,
				BCCBB8561BD7B5330026EEB2 /* Aemon---Tyrant_03.png in Resources */,
				BCCBB88C1BD7B5330026EEB2 /* Ramdall---Black-Mage_09.png in Resources */,
				BCCBB8771BD7B5330026EEB2 /* Herb_12.png in Resources */,
				BC0F85AF1BD9136A005E424D /* desc1.png in Resources */,
				1BC1F41A1BD1A00C000CE8B3 /* grama.png in Resources */,
				BCCBB88A1BD7B5330026EEB2 /* Ramdall---Black-Mage_07.png in Resources */,
				BCCBB8961BD7B5330026EEB2 /* Rohan---Bard_07.png in Resources */,
				BC0F85B11BD9136A005E424D /* desc3.png in Resources */,
				BCCBB88B1BD7B5330026EEB2 /* Ramdall---Black-Mage_08.png in Resources */,
				BCCBB8921BD7B5330026EEB2 /* Rohan---Bard_03.png in Resources */,
				BC0F85AC1BD9136A005E424D /* bg_equipamento.png in Resources */,
				BC0F85B81BD9136A005E424D /* escudo.png in Resources */,
				BCCBB8841BD7B5330026EEB2 /* Ramdall---Black-Mage_01.png in Resources */,
				BCCBB8931BD7B5330026EEB2 /* Rohan---Bard_04.png in Resources */,
				BCCBB8891BD7B5330026EEB2 /* Ramdall---Black-Mage_06.png in Resources */,
				BCCBB8981BD7B5330026EEB2 /* Rohan---Bard_09.png in Resources */,
				BCCBB87F1BD7B5330026EEB2 /* Marge---Old-Farmer's-Wife_08.png in Resources */,
				BCCBB88D1BD7B5330026EEB2 /* Ramdall---Black-Mage_10.png in Resources */,
				BC0F85B61BD9136A005E424D /* desc8.png in Resources */,
				BC0F85C01BD9136A005E424D /* sidearrow.png in Resources */,
				BCCBB86F1BD7B5330026EEB2 /* Herb_04.png in Resources */,
				BCCBB8781BD7B5330026EEB2 /* Marge---Old-Farmer's-Wife_01.png in Resources */,
				BC0F85BF1BD9136A005E424D /* retangulo.png in Resources */,
				BC0F85C71BD91D05005E424D /* tio-retrato.png in Resources */,
				BCCBB8681BD7B5330026EEB2 /* Bellatrix---Witch_09.png in Resources */,
				BCCBB85A1BD7B5330026EEB2 /* Aemon---Tyrant_07.png in Resources */,
				BCCBB8721BD7B5330026EEB2 /* Herb_07.png in Resources */,
				BCCBB8671BD7B5330026EEB2 /* Bellatrix---Witch_08.png in Resources */,
				1B9BE8761BD1359300E9EE27 /* test-tilemap.tmx in Resources */,
				BCCBB85E1BD7B5330026EEB2 /* Aemon---Tyrant_11.png in Resources */,
				BCCBB8831BD7B5330026EEB2 /* Marge---Old-Farmer's-Wife_12.png in Resources */,
				BCCBB8911BD7B5330026EEB2 /* Rohan---Bard_02.png in Resources */,
				BCCBB8541BD7B5330026EEB2 /* Aemon---Tyrant_01.png in Resources */,
				BC0F858E1BD911A4005E424D /* EquipScene.sks in Resources */,
				BCCBB8661BD7B5330026EEB2 /* Bellatrix---Witch_07.png in Resources */,
				BCCBB87C1BD7B5330026EEB2 /* Marge---Old-Farmer's-Wife_05.png in Resources */,
				BC0F85B41BD9136A005E424D /* desc6.png in Resources */,
				BCCBB8691BD7B5330026EEB2 /* Bellatrix---Witch_10.png in Resources */,
				BC0F85B21BD9136A005E424D /* desc4.png in Resources */,
				BCCBB88F1BD7B5330026EEB2 /* Ramdall---Black-Mage_12.png in Resources */,
				BCCBB85D1BD7B5330026EEB2 /* Aemon---Tyrant_10.png in Resources */,
				BCCBB86C1BD7B5330026EEB2 /* Herb_01.png in Resources */,
				BCCBB8861BD7B5330026EEB2 /* Ramdall---Black-Mage_03.png in Resources */,
				BCCBB8791BD7B5330026EEB2 /* Marge---Old-Farmer's-Wife_02.png in Resources */,
				BCCBB86B1BD7B5330026EEB2 /* Bellatrix---Witch_12.png in Resources */,
				BCCBB8571BD7B5330026EEB2 /* Aemon---Tyrant_04.png in Resources */,
				BCCBB8821BD7B5330026EEB2 /* Marge---Old-Farmer's-Wife_11.png in Resources */,
				BCCBB89A1BD7B5330026EEB2 /* Rohan---Bard_11.png in Resources */,
				BCCBB8731BD7B5330026EEB2 /* Herb_08.png in Resources */,
				BCCBB87A1BD7B5330026EEB2 /* Marge---Old-Farmer's-Wife_03.png in Resources */,
				1B8EDC131BC2B074009603B6 /* LaunchScreen.storyboard in Resources */,
				BCCBB86A1BD7B5330026EEB2 /* Bellatrix---Witch_11.png in Resources */,
				BCCBB8971BD7B5330026EEB2 /* Rohan---Bard_08.png in Resources */,
				BC0F85C61BD91D05005E424D /* hydora-retrato.png in Resources */,
				BC0F85B51BD9136A005E424D /* desc7.png in Resources */,
				BCCBB8951BD7B5330026EEB2 /* Rohan---Bard_06.png in Resources */,
				1B8EDC101BC2B074009603B6 /* Assets.xcassets in Resources */,
				BCCBB8871BD7B5330026EEB2 /* Ramdall---Black-Mage_04.png in Resources */,
				BC0F85BC1BD9136A005E424D /* Marreta.png in Resources */,
				BCCBB8751BD7B5330026EEB2 /* Herb_10.png in Resources */,
				BCCBB8551BD7B5330026EEB2 /* Aemon---Tyrant_02.png in Resources */,
				BCCBB88E1BD7B5330026EEB2 /* Ramdall---Black-Mage_11.png in Resources */,
				BCCBB85C1BD7B5330026EEB2 /* Aemon---Tyrant_09.png in Resources */,
				1B8EDC0E1BC2B074009603B6 /* Main.storyboard in Resources */,
				BCCBB8601BD7B5330026EEB2 /* Bellatrix---Witch_01.png in Resources */,
				BC0F85B71BD9136A005E424D /* EQUIPAMENTO.png in Resources */,
				BC0F85B01BD9136A005E424D /* desc2.png in Resources */,
				BCCBB8991BD7B5330026EEB2 /* Rohan---Bard_10.png in Resources */,
				1BC1F4191BD1A00C000CE8B3 /* casas.png in Resources */,
			);
			runOnlyForDeploymentPostprocessing = 0;
		};
		1B8EDC171BC2B074009603B6 /* Resources */ = {
			isa = PBXResourcesBuildPhase;
			buildActionMask = 2147483647;
			files = (
			);
			runOnlyForDeploymentPostprocessing = 0;
		};
		1B8EDC221BC2B074009603B6 /* Resources */ = {
			isa = PBXResourcesBuildPhase;
			buildActionMask = 2147483647;
			files = (
			);
			runOnlyForDeploymentPostprocessing = 0;
		};
/* End PBXResourcesBuildPhase section */

/* Begin PBXSourcesBuildPhase section */
		1B8EDBFD1BC2B073009603B6 /* Sources */ = {
			isa = PBXSourcesBuildPhase;
			buildActionMask = 2147483647;
			files = (
				BCCBB89F1BD7C3370026EEB2 /* CollisionSetUps.swift in Sources */,
				1B4F297F1BCFD28200612BF8 /* VLDContextSheetItem.m in Sources */,
				1BA00EBC1BC6B55100B8972A /* Item.swift in Sources */,
				1BECB4CF1BC55EB300EDBB8F /* Mage.swift in Sources */,
				1BA00EB81BC6B38F00B8972A /* BaseItem.swift in Sources */,
				1BD76E4E1BC4135900A2EDE1 /* Skill.swift in Sources */,
				1B4F297E1BCFD28200612BF8 /* VLDContextSheet.m in Sources */,
				1BECB4CB1BC55CB000EDBB8F /* BaseRace.swift in Sources */,
				1B8EDC3B1BC2C506009603B6 /* PlayersRace.swift in Sources */,
				1BC1F4201BD2360F000CE8B3 /* ActionManagement.swift in Sources */,
				1B9553761BD52D5C001D1FBD /* Joystick.swift in Sources */,
				1BA00EBA1BC6B4AD00B8972A /* ItemQuest.swift in Sources */,
				1BE7D8011BC7F855000FA60C /* Joystick.m in Sources */,
				1B4F29801BCFD28200612BF8 /* VLDContextSheetItemView.m in Sources */,
				1B4F29871BCFE2EB00612BF8 /* JSTileMap.m in Sources */,
				1BD76E431BC4080D00A2EDE1 /* ItemType.swift in Sources */,
				1B8EDC091BC2B074009603B6 /* GameScene.swift in Sources */,
				1BECB4D31BC55F2600EDBB8F /* Paladin.swift in Sources */,
				1B8EDC0B1BC2B074009603B6 /* GameViewController.swift in Sources */,
				1BECB4CD1BC55E2200EDBB8F /* Swordsman.swift in Sources */,
				1B4F29861BCFE2EB00612BF8 /* LFCGzipUtility.m in Sources */,
				1B9553781BD53195001D1FBD /* DirectionPlayer.swift in Sources */,
				1BD76E451BC4093900A2EDE1 /* PlayerStatus.swift in Sources */,
				1B8EDC051BC2B074009603B6 /* AppDelegate.swift in Sources */,
				1BA00EB11BC69F3F00B8972A /* Effect.swift in Sources */,
				1BECB4D51BC563F700EDBB8F /* StatusList.swift in Sources */,
				1BD76E3F1BC401CF00A2EDE1 /* Equip.swift in Sources */,
				1BECB4D11BC55EF700EDBB8F /* Bard.swift in Sources */,
				1B4780311BD9297B007E03B5 /* CombatScene.swift in Sources */,
				1BA00EB41BC6AB2C00B8972A /* Player.swift in Sources */,
				BC0F85C91BD922F7005E424D /* EquipScene.swift in Sources */,
				1BC1F41D1BD1C6CB000CE8B3 /* MovementManagement.swift in Sources */,
				1B8EDC391BC2B959009603B6 /* Status.swift in Sources */,
			);
			runOnlyForDeploymentPostprocessing = 0;
		};
		1B8EDC151BC2B074009603B6 /* Sources */ = {
			isa = PBXSourcesBuildPhase;
			buildActionMask = 2147483647;
			files = (
				1B8EDC1E1BC2B074009603B6 /* MiraadTalesTests.swift in Sources */,
			);
			runOnlyForDeploymentPostprocessing = 0;
		};
		1B8EDC201BC2B074009603B6 /* Sources */ = {
			isa = PBXSourcesBuildPhase;
			buildActionMask = 2147483647;
			files = (
				1B8EDC291BC2B074009603B6 /* MiraadTalesUITests.swift in Sources */,
			);
			runOnlyForDeploymentPostprocessing = 0;
		};
/* End PBXSourcesBuildPhase section */

/* Begin PBXTargetDependency section */
		1B8EDC1B1BC2B074009603B6 /* PBXTargetDependency */ = {
			isa = PBXTargetDependency;
			target = 1B8EDC001BC2B073009603B6 /* MiraadTales */;
			targetProxy = 1B8EDC1A1BC2B074009603B6 /* PBXContainerItemProxy */;
		};
		1B8EDC261BC2B074009603B6 /* PBXTargetDependency */ = {
			isa = PBXTargetDependency;
			target = 1B8EDC001BC2B073009603B6 /* MiraadTales */;
			targetProxy = 1B8EDC251BC2B074009603B6 /* PBXContainerItemProxy */;
		};
/* End PBXTargetDependency section */

/* Begin PBXVariantGroup section */
		1B8EDC0C1BC2B074009603B6 /* Main.storyboard */ = {
			isa = PBXVariantGroup;
			children = (
				1B8EDC0D1BC2B074009603B6 /* Base */,
			);
			name = Main.storyboard;
			sourceTree = "<group>";
		};
		1B8EDC111BC2B074009603B6 /* LaunchScreen.storyboard */ = {
			isa = PBXVariantGroup;
			children = (
				1B8EDC121BC2B074009603B6 /* Base */,
			);
			name = LaunchScreen.storyboard;
			sourceTree = "<group>";
		};
/* End PBXVariantGroup section */

/* Begin XCBuildConfiguration section */
		1B8EDC2B1BC2B074009603B6 /* Debug */ = {
			isa = XCBuildConfiguration;
			buildSettings = {
				ALWAYS_SEARCH_USER_PATHS = NO;
				CLANG_CXX_LANGUAGE_STANDARD = "gnu++0x";
				CLANG_CXX_LIBRARY = "libc++";
				CLANG_ENABLE_MODULES = YES;
				CLANG_ENABLE_OBJC_ARC = YES;
				CLANG_WARN_BOOL_CONVERSION = YES;
				CLANG_WARN_CONSTANT_CONVERSION = YES;
				CLANG_WARN_DIRECT_OBJC_ISA_USAGE = YES_ERROR;
				CLANG_WARN_EMPTY_BODY = YES;
				CLANG_WARN_ENUM_CONVERSION = YES;
				CLANG_WARN_INT_CONVERSION = YES;
				CLANG_WARN_OBJC_ROOT_CLASS = YES_ERROR;
				CLANG_WARN_UNREACHABLE_CODE = YES;
				CLANG_WARN__DUPLICATE_METHOD_MATCH = YES;
				"CODE_SIGN_IDENTITY[sdk=iphoneos*]" = "iPhone Developer";
				COPY_PHASE_STRIP = NO;
				DEBUG_INFORMATION_FORMAT = "dwarf-with-dsym";
				ENABLE_STRICT_OBJC_MSGSEND = YES;
				ENABLE_TESTABILITY = YES;
				GCC_C_LANGUAGE_STANDARD = gnu99;
				GCC_DYNAMIC_NO_PIC = NO;
				GCC_NO_COMMON_BLOCKS = YES;
				GCC_OPTIMIZATION_LEVEL = 0;
				GCC_PREPROCESSOR_DEFINITIONS = (
					"DEBUG=1",
					"$(inherited)",
				);
				GCC_WARN_64_TO_32_BIT_CONVERSION = YES;
				GCC_WARN_ABOUT_RETURN_TYPE = YES_ERROR;
				GCC_WARN_UNDECLARED_SELECTOR = YES;
				GCC_WARN_UNINITIALIZED_AUTOS = YES_AGGRESSIVE;
				GCC_WARN_UNUSED_FUNCTION = YES;
				GCC_WARN_UNUSED_VARIABLE = YES;
				IPHONEOS_DEPLOYMENT_TARGET = 9.0;
				MTL_ENABLE_DEBUG_INFO = YES;
				ONLY_ACTIVE_ARCH = YES;
				SDKROOT = iphoneos;
				SWIFT_OPTIMIZATION_LEVEL = "-Onone";
				TARGETED_DEVICE_FAMILY = 2;
			};
			name = Debug;
		};
		1B8EDC2C1BC2B074009603B6 /* Release */ = {
			isa = XCBuildConfiguration;
			buildSettings = {
				ALWAYS_SEARCH_USER_PATHS = NO;
				CLANG_CXX_LANGUAGE_STANDARD = "gnu++0x";
				CLANG_CXX_LIBRARY = "libc++";
				CLANG_ENABLE_MODULES = YES;
				CLANG_ENABLE_OBJC_ARC = YES;
				CLANG_WARN_BOOL_CONVERSION = YES;
				CLANG_WARN_CONSTANT_CONVERSION = YES;
				CLANG_WARN_DIRECT_OBJC_ISA_USAGE = YES_ERROR;
				CLANG_WARN_EMPTY_BODY = YES;
				CLANG_WARN_ENUM_CONVERSION = YES;
				CLANG_WARN_INT_CONVERSION = YES;
				CLANG_WARN_OBJC_ROOT_CLASS = YES_ERROR;
				CLANG_WARN_UNREACHABLE_CODE = YES;
				CLANG_WARN__DUPLICATE_METHOD_MATCH = YES;
				"CODE_SIGN_IDENTITY[sdk=iphoneos*]" = "iPhone Developer";
				COPY_PHASE_STRIP = NO;
				DEBUG_INFORMATION_FORMAT = "dwarf-with-dsym";
				ENABLE_NS_ASSERTIONS = NO;
				ENABLE_STRICT_OBJC_MSGSEND = YES;
				GCC_C_LANGUAGE_STANDARD = gnu99;
				GCC_NO_COMMON_BLOCKS = YES;
				GCC_WARN_64_TO_32_BIT_CONVERSION = YES;
				GCC_WARN_ABOUT_RETURN_TYPE = YES_ERROR;
				GCC_WARN_UNDECLARED_SELECTOR = YES;
				GCC_WARN_UNINITIALIZED_AUTOS = YES_AGGRESSIVE;
				GCC_WARN_UNUSED_FUNCTION = YES;
				GCC_WARN_UNUSED_VARIABLE = YES;
				IPHONEOS_DEPLOYMENT_TARGET = 9.0;
				MTL_ENABLE_DEBUG_INFO = NO;
				SDKROOT = iphoneos;
				TARGETED_DEVICE_FAMILY = 2;
				VALIDATE_PRODUCT = YES;
			};
			name = Release;
		};
		1B8EDC2E1BC2B074009603B6 /* Debug */ = {
			isa = XCBuildConfiguration;
			buildSettings = {
				ASSETCATALOG_COMPILER_APPICON_NAME = AppIcon;
				CLANG_ENABLE_MODULES = YES;
				CODE_SIGN_IDENTITY = "iPhone Developer";
				"CODE_SIGN_IDENTITY[sdk=iphoneos*]" = "iPhone Developer";
				INFOPLIST_FILE = MiraadTales/Info.plist;
				LD_RUNPATH_SEARCH_PATHS = "$(inherited) @executable_path/Frameworks";
				PRODUCT_BUNDLE_IDENTIFIER = br.com.cin.bepid.rjos.MiraadTales;
				PRODUCT_NAME = "$(TARGET_NAME)";
				PROVISIONING_PROFILE = "";
				SWIFT_OBJC_BRIDGING_HEADER = "MiraadTales/MiraadTales-Bridging-Header.h";
				SWIFT_OPTIMIZATION_LEVEL = "-Onone";
			};
			name = Debug;
		};
		1B8EDC2F1BC2B074009603B6 /* Release */ = {
			isa = XCBuildConfiguration;
			buildSettings = {
				ASSETCATALOG_COMPILER_APPICON_NAME = AppIcon;
				CLANG_ENABLE_MODULES = YES;
				CODE_SIGN_IDENTITY = "iPhone Developer";
				"CODE_SIGN_IDENTITY[sdk=iphoneos*]" = "iPhone Developer";
				INFOPLIST_FILE = MiraadTales/Info.plist;
				LD_RUNPATH_SEARCH_PATHS = "$(inherited) @executable_path/Frameworks";
				PRODUCT_BUNDLE_IDENTIFIER = br.com.cin.bepid.rjos.MiraadTales;
				PRODUCT_NAME = "$(TARGET_NAME)";
				PROVISIONING_PROFILE = "";
				SWIFT_OBJC_BRIDGING_HEADER = "MiraadTales/MiraadTales-Bridging-Header.h";
			};
			name = Release;
		};
		1B8EDC311BC2B074009603B6 /* Debug */ = {
			isa = XCBuildConfiguration;
			buildSettings = {
				BUNDLE_LOADER = "$(TEST_HOST)";
				DEBUG_INFORMATION_FORMAT = dwarf;
				INFOPLIST_FILE = MiraadTalesTests/Info.plist;
				LD_RUNPATH_SEARCH_PATHS = "$(inherited) @executable_path/Frameworks @loader_path/Frameworks";
				PRODUCT_BUNDLE_IDENTIFIER = br.com.cin.bepid.rjos.MiraadTalesTests;
				PRODUCT_NAME = "$(TARGET_NAME)";
				TEST_HOST = "$(BUILT_PRODUCTS_DIR)/MiraadTales.app/MiraadTales";
			};
			name = Debug;
		};
		1B8EDC321BC2B074009603B6 /* Release */ = {
			isa = XCBuildConfiguration;
			buildSettings = {
				BUNDLE_LOADER = "$(TEST_HOST)";
				INFOPLIST_FILE = MiraadTalesTests/Info.plist;
				LD_RUNPATH_SEARCH_PATHS = "$(inherited) @executable_path/Frameworks @loader_path/Frameworks";
				PRODUCT_BUNDLE_IDENTIFIER = br.com.cin.bepid.rjos.MiraadTalesTests;
				PRODUCT_NAME = "$(TARGET_NAME)";
				TEST_HOST = "$(BUILT_PRODUCTS_DIR)/MiraadTales.app/MiraadTales";
			};
			name = Release;
		};
		1B8EDC341BC2B074009603B6 /* Debug */ = {
			isa = XCBuildConfiguration;
			buildSettings = {
				DEBUG_INFORMATION_FORMAT = dwarf;
				INFOPLIST_FILE = MiraadTalesUITests/Info.plist;
				LD_RUNPATH_SEARCH_PATHS = "$(inherited) @executable_path/Frameworks @loader_path/Frameworks";
				PRODUCT_BUNDLE_IDENTIFIER = br.com.cin.bepid.rjos.MiraadTalesUITests;
				PRODUCT_NAME = "$(TARGET_NAME)";
				TEST_TARGET_NAME = MiraadTales;
				USES_XCTRUNNER = YES;
			};
			name = Debug;
		};
		1B8EDC351BC2B074009603B6 /* Release */ = {
			isa = XCBuildConfiguration;
			buildSettings = {
				INFOPLIST_FILE = MiraadTalesUITests/Info.plist;
				LD_RUNPATH_SEARCH_PATHS = "$(inherited) @executable_path/Frameworks @loader_path/Frameworks";
				PRODUCT_BUNDLE_IDENTIFIER = br.com.cin.bepid.rjos.MiraadTalesUITests;
				PRODUCT_NAME = "$(TARGET_NAME)";
				TEST_TARGET_NAME = MiraadTales;
				USES_XCTRUNNER = YES;
			};
			name = Release;
		};
/* End XCBuildConfiguration section */

/* Begin XCConfigurationList section */
		1B8EDBFC1BC2B073009603B6 /* Build configuration list for PBXProject "MiraadTales" */ = {
			isa = XCConfigurationList;
			buildConfigurations = (
				1B8EDC2B1BC2B074009603B6 /* Debug */,
				1B8EDC2C1BC2B074009603B6 /* Release */,
			);
			defaultConfigurationIsVisible = 0;
			defaultConfigurationName = Release;
		};
		1B8EDC2D1BC2B074009603B6 /* Build configuration list for PBXNativeTarget "MiraadTales" */ = {
			isa = XCConfigurationList;
			buildConfigurations = (
				1B8EDC2E1BC2B074009603B6 /* Debug */,
				1B8EDC2F1BC2B074009603B6 /* Release */,
			);
			defaultConfigurationIsVisible = 0;
			defaultConfigurationName = Release;
		};
		1B8EDC301BC2B074009603B6 /* Build configuration list for PBXNativeTarget "MiraadTalesTests" */ = {
			isa = XCConfigurationList;
			buildConfigurations = (
				1B8EDC311BC2B074009603B6 /* Debug */,
				1B8EDC321BC2B074009603B6 /* Release */,
			);
			defaultConfigurationIsVisible = 0;
			defaultConfigurationName = Release;
		};
		1B8EDC331BC2B074009603B6 /* Build configuration list for PBXNativeTarget "MiraadTalesUITests" */ = {
			isa = XCConfigurationList;
			buildConfigurations = (
				1B8EDC341BC2B074009603B6 /* Debug */,
				1B8EDC351BC2B074009603B6 /* Release */,
			);
			defaultConfigurationIsVisible = 0;
			defaultConfigurationName = Release;
		};
/* End XCConfigurationList section */
	};
	rootObject = 1B8EDBF91BC2B073009603B6 /* Project object */;
}
