// !$*UTF8*$!
{
	archiveVersion = 1;
	classes = {
	};
	objectVersion = 46;
	objects = {

/* Begin PBXBuildFile section */
		1B8EDC051BC2B074009603B6 /* AppDelegate.swift in Sources */ = {isa = PBXBuildFile; fileRef = 1B8EDC041BC2B074009603B6 /* AppDelegate.swift */; };
		1B8EDC071BC2B074009603B6 /* GameScene.sks in Resources */ = {isa = PBXBuildFile; fileRef = 1B8EDC061BC2B074009603B6 /* GameScene.sks */; };
		1B8EDC091BC2B074009603B6 /* GameScene.swift in Sources */ = {isa = PBXBuildFile; fileRef = 1B8EDC081BC2B074009603B6 /* GameScene.swift */; };
		1B8EDC0B1BC2B074009603B6 /* GameViewController.swift in Sources */ = {isa = PBXBuildFile; fileRef = 1B8EDC0A1BC2B074009603B6 /* GameViewController.swift */; };
		1B8EDC0E1BC2B074009603B6 /* Main.storyboard in Resources */ = {isa = PBXBuildFile; fileRef = 1B8EDC0C1BC2B074009603B6 /* Main.storyboard */; };
		1B8EDC101BC2B074009603B6 /* Assets.xcassets in Resources */ = {isa = PBXBuildFile; fileRef = 1B8EDC0F1BC2B074009603B6 /* Assets.xcassets */; };
		1B8EDC131BC2B074009603B6 /* LaunchScreen.storyboard in Resources */ = {isa = PBXBuildFile; fileRef = 1B8EDC111BC2B074009603B6 /* LaunchScreen.storyboard */; };
		1B8EDC1E1BC2B074009603B6 /* MiraadTalesTests.swift in Sources */ = {isa = PBXBuildFile; fileRef = 1B8EDC1D1BC2B074009603B6 /* MiraadTalesTests.swift */; };
		1B8EDC291BC2B074009603B6 /* MiraadTalesUITests.swift in Sources */ = {isa = PBXBuildFile; fileRef = 1B8EDC281BC2B074009603B6 /* MiraadTalesUITests.swift */; };
		1B8EDC391BC2B959009603B6 /* Status.swift in Sources */ = {isa = PBXBuildFile; fileRef = 1B8EDC381BC2B959009603B6 /* Status.swift */; settings = {ASSET_TAGS = (); }; };
		1B8EDC3B1BC2C506009603B6 /* PlayersRace.swift in Sources */ = {isa = PBXBuildFile; fileRef = 1B8EDC3A1BC2C506009603B6 /* PlayersRace.swift */; settings = {ASSET_TAGS = (); }; };
		1BD76E3F1BC401CF00A2EDE1 /* Item.swift in Sources */ = {isa = PBXBuildFile; fileRef = 1BD76E3E1BC401CF00A2EDE1 /* Item.swift */; settings = {ASSET_TAGS = (); }; };
		1BD76E431BC4080D00A2EDE1 /* ItemType.swift in Sources */ = {isa = PBXBuildFile; fileRef = 1BD76E421BC4080D00A2EDE1 /* ItemType.swift */; settings = {ASSET_TAGS = (); }; };
		1BD76E451BC4093900A2EDE1 /* PlayerStatus.swift in Sources */ = {isa = PBXBuildFile; fileRef = 1BD76E441BC4093900A2EDE1 /* PlayerStatus.swift */; settings = {ASSET_TAGS = (); }; };
		1BD76E481BC40DA500A2EDE1 /* DamageSkill.swift in Sources */ = {isa = PBXBuildFile; fileRef = 1BD76E471BC40DA500A2EDE1 /* DamageSkill.swift */; settings = {ASSET_TAGS = (); }; };
		1BD76E4E1BC4135900A2EDE1 /* BaseSkill.swift in Sources */ = {isa = PBXBuildFile; fileRef = 1BD76E4D1BC4135900A2EDE1 /* BaseSkill.swift */; settings = {ASSET_TAGS = (); }; };
		1BD76E501BC4148100A2EDE1 /* RestoreSkill.swift in Sources */ = {isa = PBXBuildFile; fileRef = 1BD76E4F1BC4148100A2EDE1 /* RestoreSkill.swift */; settings = {ASSET_TAGS = (); }; };
		1BECB4CB1BC55CB000EDBB8F /* GeneralRace.swift in Sources */ = {isa = PBXBuildFile; fileRef = 1BECB4CA1BC55CB000EDBB8F /* GeneralRace.swift */; settings = {ASSET_TAGS = (); }; };
		1BECB4CD1BC55E2200EDBB8F /* Swordsman.swift in Sources */ = {isa = PBXBuildFile; fileRef = 1BECB4CC1BC55E2200EDBB8F /* Swordsman.swift */; settings = {ASSET_TAGS = (); }; };
		1BECB4CF1BC55EB300EDBB8F /* Mage.swift in Sources */ = {isa = PBXBuildFile; fileRef = 1BECB4CE1BC55EB300EDBB8F /* Mage.swift */; settings = {ASSET_TAGS = (); }; };
		1BECB4D11BC55EF700EDBB8F /* Bard.swift in Sources */ = {isa = PBXBuildFile; fileRef = 1BECB4D01BC55EF700EDBB8F /* Bard.swift */; settings = {ASSET_TAGS = (); }; };
		1BECB4D31BC55F2600EDBB8F /* Paladin.swift in Sources */ = {isa = PBXBuildFile; fileRef = 1BECB4D21BC55F2600EDBB8F /* Paladin.swift */; settings = {ASSET_TAGS = (); }; };
		1BECB4D51BC563F700EDBB8F /* StatusList.swift in Sources */ = {isa = PBXBuildFile; fileRef = 1BECB4D41BC563F700EDBB8F /* StatusList.swift */; settings = {ASSET_TAGS = (); }; };
/* End PBXBuildFile section */

/* Begin PBXContainerItemProxy section */
		1B8EDC1A1BC2B074009603B6 /* PBXContainerItemProxy */ = {
			isa = PBXContainerItemProxy;
			containerPortal = 1B8EDBF91BC2B073009603B6 /* Project object */;
			proxyType = 1;
			remoteGlobalIDString = 1B8EDC001BC2B073009603B6;
			remoteInfo = MiraadTales;
		};
		1B8EDC251BC2B074009603B6 /* PBXContainerItemProxy */ = {
			isa = PBXContainerItemProxy;
			containerPortal = 1B8EDBF91BC2B073009603B6 /* Project object */;
			proxyType = 1;
			remoteGlobalIDString = 1B8EDC001BC2B073009603B6;
			remoteInfo = MiraadTales;
		};
/* End PBXContainerItemProxy section */

/* Begin PBXFileReference section */
		1B8EDC011BC2B074009603B6 /* MiraadTales.app */ = {isa = PBXFileReference; explicitFileType = wrapper.application; includeInIndex = 0; path = MiraadTales.app; sourceTree = BUILT_PRODUCTS_DIR; };
		1B8EDC041BC2B074009603B6 /* AppDelegate.swift */ = {isa = PBXFileReference; lastKnownFileType = sourcecode.swift; path = AppDelegate.swift; sourceTree = "<group>"; };
		1B8EDC061BC2B074009603B6 /* GameScene.sks */ = {isa = PBXFileReference; lastKnownFileType = file.sks; path = GameScene.sks; sourceTree = "<group>"; };
		1B8EDC081BC2B074009603B6 /* GameScene.swift */ = {isa = PBXFileReference; lastKnownFileType = sourcecode.swift; path = GameScene.swift; sourceTree = "<group>"; };
		1B8EDC0A1BC2B074009603B6 /* GameViewController.swift */ = {isa = PBXFileReference; lastKnownFileType = sourcecode.swift; path = GameViewController.swift; sourceTree = "<group>"; };
		1B8EDC0D1BC2B074009603B6 /* Base */ = {isa = PBXFileReference; lastKnownFileType = file.storyboard; name = Base; path = Base.lproj/Main.storyboard; sourceTree = "<group>"; };
		1B8EDC0F1BC2B074009603B6 /* Assets.xcassets */ = {isa = PBXFileReference; lastKnownFileType = folder.assetcatalog; path = Assets.xcassets; sourceTree = "<group>"; };
		1B8EDC121BC2B074009603B6 /* Base */ = {isa = PBXFileReference; lastKnownFileType = file.storyboard; name = Base; path = Base.lproj/LaunchScreen.storyboard; sourceTree = "<group>"; };
		1B8EDC141BC2B074009603B6 /* Info.plist */ = {isa = PBXFileReference; lastKnownFileType = text.plist.xml; path = Info.plist; sourceTree = "<group>"; };
		1B8EDC191BC2B074009603B6 /* MiraadTalesTests.xctest */ = {isa = PBXFileReference; explicitFileType = wrapper.cfbundle; includeInIndex = 0; path = MiraadTalesTests.xctest; sourceTree = BUILT_PRODUCTS_DIR; };
		1B8EDC1D1BC2B074009603B6 /* MiraadTalesTests.swift */ = {isa = PBXFileReference; lastKnownFileType = sourcecode.swift; path = MiraadTalesTests.swift; sourceTree = "<group>"; };
		1B8EDC1F1BC2B074009603B6 /* Info.plist */ = {isa = PBXFileReference; lastKnownFileType = text.plist.xml; path = Info.plist; sourceTree = "<group>"; };
		1B8EDC241BC2B074009603B6 /* MiraadTalesUITests.xctest */ = {isa = PBXFileReference; explicitFileType = wrapper.cfbundle; includeInIndex = 0; path = MiraadTalesUITests.xctest; sourceTree = BUILT_PRODUCTS_DIR; };
		1B8EDC281BC2B074009603B6 /* MiraadTalesUITests.swift */ = {isa = PBXFileReference; lastKnownFileType = sourcecode.swift; path = MiraadTalesUITests.swift; sourceTree = "<group>"; };
		1B8EDC2A1BC2B074009603B6 /* Info.plist */ = {isa = PBXFileReference; lastKnownFileType = text.plist.xml; path = Info.plist; sourceTree = "<group>"; };
		1B8EDC381BC2B959009603B6 /* Status.swift */ = {isa = PBXFileReference; fileEncoding = 4; lastKnownFileType = sourcecode.swift; path = Status.swift; sourceTree = "<group>"; };
		1B8EDC3A1BC2C506009603B6 /* PlayersRace.swift */ = {isa = PBXFileReference; fileEncoding = 4; lastKnownFileType = sourcecode.swift; path = PlayersRace.swift; sourceTree = "<group>"; };
		1BD76E3E1BC401CF00A2EDE1 /* Item.swift */ = {isa = PBXFileReference; fileEncoding = 4; lastKnownFileType = sourcecode.swift; path = Item.swift; sourceTree = "<group>"; };
		1BD76E421BC4080D00A2EDE1 /* ItemType.swift */ = {isa = PBXFileReference; fileEncoding = 4; lastKnownFileType = sourcecode.swift; path = ItemType.swift; sourceTree = "<group>"; };
		1BD76E441BC4093900A2EDE1 /* PlayerStatus.swift */ = {isa = PBXFileReference; fileEncoding = 4; lastKnownFileType = sourcecode.swift; path = PlayerStatus.swift; sourceTree = "<group>"; };
		1BD76E471BC40DA500A2EDE1 /* DamageSkill.swift */ = {isa = PBXFileReference; fileEncoding = 4; lastKnownFileType = sourcecode.swift; path = DamageSkill.swift; sourceTree = "<group>"; };
		1BD76E4D1BC4135900A2EDE1 /* BaseSkill.swift */ = {isa = PBXFileReference; fileEncoding = 4; lastKnownFileType = sourcecode.swift; path = BaseSkill.swift; sourceTree = "<group>"; };
		1BD76E4F1BC4148100A2EDE1 /* RestoreSkill.swift */ = {isa = PBXFileReference; fileEncoding = 4; lastKnownFileType = sourcecode.swift; path = RestoreSkill.swift; sourceTree = "<group>"; };
		1BECB4CA1BC55CB000EDBB8F /* GeneralRace.swift */ = {isa = PBXFileReference; fileEncoding = 4; lastKnownFileType = sourcecode.swift; path = GeneralRace.swift; sourceTree = "<group>"; };
		1BECB4CC1BC55E2200EDBB8F /* Swordsman.swift */ = {isa = PBXFileReference; fileEncoding = 4; lastKnownFileType = sourcecode.swift; path = Swordsman.swift; sourceTree = "<group>"; };
		1BECB4CE1BC55EB300EDBB8F /* Mage.swift */ = {isa = PBXFileReference; fileEncoding = 4; lastKnownFileType = sourcecode.swift; path = Mage.swift; sourceTree = "<group>"; };
		1BECB4D01BC55EF700EDBB8F /* Bard.swift */ = {isa = PBXFileReference; fileEncoding = 4; lastKnownFileType = sourcecode.swift; path = Bard.swift; sourceTree = "<group>"; };
		1BECB4D21BC55F2600EDBB8F /* Paladin.swift */ = {isa = PBXFileReference; fileEncoding = 4; lastKnownFileType = sourcecode.swift; path = Paladin.swift; sourceTree = "<group>"; };
		1BECB4D41BC563F700EDBB8F /* StatusList.swift */ = {isa = PBXFileReference; fileEncoding = 4; lastKnownFileType = sourcecode.swift; path = StatusList.swift; sourceTree = "<group>"; };
/* End PBXFileReference section */

/* Begin PBXFrameworksBuildPhase section */
		1B8EDBFE1BC2B073009603B6 /* Frameworks */ = {
			isa = PBXFrameworksBuildPhase;
			buildActionMask = 2147483647;
			files = (
			);
			runOnlyForDeploymentPostprocessing = 0;
		};
		1B8EDC161BC2B074009603B6 /* Frameworks */ = {
			isa = PBXFrameworksBuildPhase;
			buildActionMask = 2147483647;
			files = (
			);
			runOnlyForDeploymentPostprocessing = 0;
		};
		1B8EDC211BC2B074009603B6 /* Frameworks */ = {
			isa = PBXFrameworksBuildPhase;
			buildActionMask = 2147483647;
			files = (
			);
			runOnlyForDeploymentPostprocessing = 0;
		};
/* End PBXFrameworksBuildPhase section */

/* Begin PBXGroup section */
		1B8EDBF81BC2B073009603B6 = {
			isa = PBXGroup;
			children = (
				1B8EDC031BC2B074009603B6 /* MiraadTales */,
				1B8EDC1C1BC2B074009603B6 /* MiraadTalesTests */,
				1B8EDC271BC2B074009603B6 /* MiraadTalesUITests */,
				1B8EDC021BC2B074009603B6 /* Products */,
			);
			sourceTree = "<group>";
		};
		1B8EDC021BC2B074009603B6 /* Products */ = {
			isa = PBXGroup;
			children = (
				1B8EDC011BC2B074009603B6 /* MiraadTales.app */,
				1B8EDC191BC2B074009603B6 /* MiraadTalesTests.xctest */,
				1B8EDC241BC2B074009603B6 /* MiraadTalesUITests.xctest */,
			);
			name = Products;
			sourceTree = "<group>";
		};
		1B8EDC031BC2B074009603B6 /* MiraadTales */ = {
			isa = PBXGroup;
			children = (
				1B8EDC361BC2B0FC009603B6 /* Library */,
				1B8EDC061BC2B074009603B6 /* GameScene.sks */,
				1B8EDC041BC2B074009603B6 /* AppDelegate.swift */,
				1B8EDC081BC2B074009603B6 /* GameScene.swift */,
				1B8EDC0A1BC2B074009603B6 /* GameViewController.swift */,
				1B8EDC0C1BC2B074009603B6 /* Main.storyboard */,
				1B8EDC0F1BC2B074009603B6 /* Assets.xcassets */,
				1B8EDC111BC2B074009603B6 /* LaunchScreen.storyboard */,
				1B8EDC141BC2B074009603B6 /* Info.plist */,
			);
			path = MiraadTales;
			sourceTree = "<group>";
		};
		1B8EDC1C1BC2B074009603B6 /* MiraadTalesTests */ = {
			isa = PBXGroup;
			children = (
				1B8EDC1D1BC2B074009603B6 /* MiraadTalesTests.swift */,
				1B8EDC1F1BC2B074009603B6 /* Info.plist */,
			);
			path = MiraadTalesTests;
			sourceTree = "<group>";
		};
		1B8EDC271BC2B074009603B6 /* MiraadTalesUITests */ = {
			isa = PBXGroup;
			children = (
				1B8EDC281BC2B074009603B6 /* MiraadTalesUITests.swift */,
				1B8EDC2A1BC2B074009603B6 /* Info.plist */,
			);
			path = MiraadTalesUITests;
			sourceTree = "<group>";
		};
		1B8EDC361BC2B0FC009603B6 /* Library */ = {
			isa = PBXGroup;
			children = (
				1BD76E3C1BC4003800A2EDE1 /* Character */,
			);
			name = Library;
			sourceTree = "<group>";
		};
		1B8EDC371BC2B11A009603B6 /* Attibutes */ = {
			isa = PBXGroup;
			children = (
				1B8EDC3A1BC2C506009603B6 /* PlayersRace.swift */,
				1BD76E441BC4093900A2EDE1 /* PlayerStatus.swift */,
				1BECB4D41BC563F700EDBB8F /* StatusList.swift */,
			);
			name = Attibutes;
			sourceTree = "<group>";
		};
		1BD76E3C1BC4003800A2EDE1 /* Character */ = {
			isa = PBXGroup;
			children = (
				1B8EDC381BC2B959009603B6 /* Status.swift */,
				1BECB4C91BC55C9900EDBB8F /* Race */,
				1BD76E461BC40D7E00A2EDE1 /* Skill */,
				1BD76E3D1BC401B400A2EDE1 /* Equipments */,
				1B8EDC371BC2B11A009603B6 /* Attibutes */,
			);
			name = Character;
			sourceTree = "<group>";
		};
		1BD76E3D1BC401B400A2EDE1 /* Equipments */ = {
			isa = PBXGroup;
			children = (
				1BD76E3E1BC401CF00A2EDE1 /* Item.swift */,
				1BD76E421BC4080D00A2EDE1 /* ItemType.swift */,
			);
			name = Equipments;
			sourceTree = "<group>";
		};
		1BD76E461BC40D7E00A2EDE1 /* Skill */ = {
			isa = PBXGroup;
			children = (
				1BD76E471BC40DA500A2EDE1 /* DamageSkill.swift */,
				1BD76E4D1BC4135900A2EDE1 /* BaseSkill.swift */,
				1BD76E4F1BC4148100A2EDE1 /* RestoreSkill.swift */,
			);
			name = Skill;
			sourceTree = "<group>";
		};
		1BECB4C91BC55C9900EDBB8F /* Race */ = {
			isa = PBXGroup;
			children = (
				1BECB4CA1BC55CB000EDBB8F /* GeneralRace.swift */,
				1BECB4CC1BC55E2200EDBB8F /* Swordsman.swift */,
				1BECB4CE1BC55EB300EDBB8F /* Mage.swift */,
				1BECB4D01BC55EF700EDBB8F /* Bard.swift */,
				1BECB4D21BC55F2600EDBB8F /* Paladin.swift */,
			);
			name = Race;
			sourceTree = "<group>";
		};
/* End PBXGroup section */

/* Begin PBXNativeTarget section */
		1B8EDC001BC2B073009603B6 /* MiraadTales */ = {
			isa = PBXNativeTarget;
			buildConfigurationList = 1B8EDC2D1BC2B074009603B6 /* Build configuration list for PBXNativeTarget "MiraadTales" */;
			buildPhases = (
				1B8EDBFD1BC2B073009603B6 /* Sources */,
				1B8EDBFE1BC2B073009603B6 /* Frameworks */,
				1B8EDBFF1BC2B073009603B6 /* Resources */,
			);
			buildRules = (
			);
			dependencies = (
			);
			name = MiraadTales;
			productName = MiraadTales;
			productReference = 1B8EDC011BC2B074009603B6 /* MiraadTales.app */;
			productType = "com.apple.product-type.application";
		};
		1B8EDC181BC2B074009603B6 /* MiraadTalesTests */ = {
			isa = PBXNativeTarget;
			buildConfigurationList = 1B8EDC301BC2B074009603B6 /* Build configuration list for PBXNativeTarget "MiraadTalesTests" */;
			buildPhases = (
				1B8EDC151BC2B074009603B6 /* Sources */,
				1B8EDC161BC2B074009603B6 /* Frameworks */,
				1B8EDC171BC2B074009603B6 /* Resources */,
			);
			buildRules = (
			);
			dependencies = (
				1B8EDC1B1BC2B074009603B6 /* PBXTargetDependency */,
			);
			name = MiraadTalesTests;
			productName = MiraadTalesTests;
			productReference = 1B8EDC191BC2B074009603B6 /* MiraadTalesTests.xctest */;
			productType = "com.apple.product-type.bundle.unit-test";
		};
		1B8EDC231BC2B074009603B6 /* MiraadTalesUITests */ = {
			isa = PBXNativeTarget;
			buildConfigurationList = 1B8EDC331BC2B074009603B6 /* Build configuration list for PBXNativeTarget "MiraadTalesUITests" */;
			buildPhases = (
				1B8EDC201BC2B074009603B6 /* Sources */,
				1B8EDC211BC2B074009603B6 /* Frameworks */,
				1B8EDC221BC2B074009603B6 /* Resources */,
			);
			buildRules = (
			);
			dependencies = (
				1B8EDC261BC2B074009603B6 /* PBXTargetDependency */,
			);
			name = MiraadTalesUITests;
			productName = MiraadTalesUITests;
			productReference = 1B8EDC241BC2B074009603B6 /* MiraadTalesUITests.xctest */;
			productType = "com.apple.product-type.bundle.ui-testing";
		};
/* End PBXNativeTarget section */

/* Begin PBXProject section */
		1B8EDBF91BC2B073009603B6 /* Project object */ = {
			isa = PBXProject;
			attributes = {
				LastUpgradeCheck = 0700;
				ORGANIZATIONNAME = "Rodolfo José";
				TargetAttributes = {
					1B8EDC001BC2B073009603B6 = {
						CreatedOnToolsVersion = 7.0;
					};
					1B8EDC181BC2B074009603B6 = {
						CreatedOnToolsVersion = 7.0;
						TestTargetID = 1B8EDC001BC2B073009603B6;
					};
					1B8EDC231BC2B074009603B6 = {
						CreatedOnToolsVersion = 7.0;
						TestTargetID = 1B8EDC001BC2B073009603B6;
					};
				};
			};
			buildConfigurationList = 1B8EDBFC1BC2B073009603B6 /* Build configuration list for PBXProject "MiraadTales" */;
			compatibilityVersion = "Xcode 3.2";
			developmentRegion = English;
			hasScannedForEncodings = 0;
			knownRegions = (
				en,
				Base,
			);
			mainGroup = 1B8EDBF81BC2B073009603B6;
			productRefGroup = 1B8EDC021BC2B074009603B6 /* Products */;
			projectDirPath = "";
			projectRoot = "";
			targets = (
				1B8EDC001BC2B073009603B6 /* MiraadTales */,
				1B8EDC181BC2B074009603B6 /* MiraadTalesTests */,
				1B8EDC231BC2B074009603B6 /* MiraadTalesUITests */,
			);
		};
/* End PBXProject section */

/* Begin PBXResourcesBuildPhase section */
		1B8EDBFF1BC2B073009603B6 /* Resources */ = {
			isa = PBXResourcesBuildPhase;
			buildActionMask = 2147483647;
			files = (
				1B8EDC071BC2B074009603B6 /* GameScene.sks in Resources */,
				1B8EDC131BC2B074009603B6 /* LaunchScreen.storyboard in Resources */,
				1B8EDC101BC2B074009603B6 /* Assets.xcassets in Resources */,
				1B8EDC0E1BC2B074009603B6 /* Main.storyboard in Resources */,
			);
			runOnlyForDeploymentPostprocessing = 0;
		};
		1B8EDC171BC2B074009603B6 /* Resources */ = {
			isa = PBXResourcesBuildPhase;
			buildActionMask = 2147483647;
			files = (
			);
			runOnlyForDeploymentPostprocessing = 0;
		};
		1B8EDC221BC2B074009603B6 /* Resources */ = {
			isa = PBXResourcesBuildPhase;
			buildActionMask = 2147483647;
			files = (
			);
			runOnlyForDeploymentPostprocessing = 0;
		};
/* End PBXResourcesBuildPhase section */

/* Begin PBXSourcesBuildPhase section */
		1B8EDBFD1BC2B073009603B6 /* Sources */ = {
			isa = PBXSourcesBuildPhase;
			buildActionMask = 2147483647;
			files = (
				1BECB4CF1BC55EB300EDBB8F /* Mage.swift in Sources */,
				1BD76E4E1BC4135900A2EDE1 /* BaseSkill.swift in Sources */,
				1BECB4CB1BC55CB000EDBB8F /* GeneralRace.swift in Sources */,
				1B8EDC3B1BC2C506009603B6 /* PlayersRace.swift in Sources */,
				1BD76E431BC4080D00A2EDE1 /* ItemType.swift in Sources */,
				1BD76E501BC4148100A2EDE1 /* RestoreSkill.swift in Sources */,
				1B8EDC091BC2B074009603B6 /* GameScene.swift in Sources */,
				1BECB4D31BC55F2600EDBB8F /* Paladin.swift in Sources */,
				1B8EDC0B1BC2B074009603B6 /* GameViewController.swift in Sources */,
				1BECB4CD1BC55E2200EDBB8F /* Swordsman.swift in Sources */,
				1BD76E451BC4093900A2EDE1 /* PlayerStatus.swift in Sources */,
				1B8EDC051BC2B074009603B6 /* AppDelegate.swift in Sources */,
				1BD76E481BC40DA500A2EDE1 /* DamageSkill.swift in Sources */,
				1BECB4D51BC563F700EDBB8F /* StatusList.swift in Sources */,
				1BD76E3F1BC401CF00A2EDE1 /* Item.swift in Sources */,
				1BECB4D11BC55EF700EDBB8F /* Bard.swift in Sources */,
				1B8EDC391BC2B959009603B6 /* Status.swift in Sources */,
			);
			runOnlyForDeploymentPostprocessing = 0;
		};
		1B8EDC151BC2B074009603B6 /* Sources */ = {
			isa = PBXSourcesBuildPhase;
			buildActionMask = 2147483647;
			files = (
				1B8EDC1E1BC2B074009603B6 /* MiraadTalesTests.swift in Sources */,
			);
			runOnlyForDeploymentPostprocessing = 0;
		};
		1B8EDC201BC2B074009603B6 /* Sources */ = {
			isa = PBXSourcesBuildPhase;
			buildActionMask = 2147483647;
			files = (
				1B8EDC291BC2B074009603B6 /* MiraadTalesUITests.swift in Sources */,
			);
			runOnlyForDeploymentPostprocessing = 0;
		};
/* End PBXSourcesBuildPhase section */

/* Begin PBXTargetDependency section */
		1B8EDC1B1BC2B074009603B6 /* PBXTargetDependency */ = {
			isa = PBXTargetDependency;
			target = 1B8EDC001BC2B073009603B6 /* MiraadTales */;
			targetProxy = 1B8EDC1A1BC2B074009603B6 /* PBXContainerItemProxy */;
		};
		1B8EDC261BC2B074009603B6 /* PBXTargetDependency */ = {
			isa = PBXTargetDependency;
			target = 1B8EDC001BC2B073009603B6 /* MiraadTales */;
			targetProxy = 1B8EDC251BC2B074009603B6 /* PBXContainerItemProxy */;
		};
/* End PBXTargetDependency section */

/* Begin PBXVariantGroup section */
		1B8EDC0C1BC2B074009603B6 /* Main.storyboard */ = {
			isa = PBXVariantGroup;
			children = (
				1B8EDC0D1BC2B074009603B6 /* Base */,
			);
			name = Main.storyboard;
			sourceTree = "<group>";
		};
		1B8EDC111BC2B074009603B6 /* LaunchScreen.storyboard */ = {
			isa = PBXVariantGroup;
			children = (
				1B8EDC121BC2B074009603B6 /* Base */,
			);
			name = LaunchScreen.storyboard;
			sourceTree = "<group>";
		};
/* End PBXVariantGroup section */

/* Begin XCBuildConfiguration section */
		1B8EDC2B1BC2B074009603B6 /* Debug */ = {
			isa = XCBuildConfiguration;
			buildSettings = {
				ALWAYS_SEARCH_USER_PATHS = NO;
				CLANG_CXX_LANGUAGE_STANDARD = "gnu++0x";
				CLANG_CXX_LIBRARY = "libc++";
				CLANG_ENABLE_MODULES = YES;
				CLANG_ENABLE_OBJC_ARC = YES;
				CLANG_WARN_BOOL_CONVERSION = YES;
				CLANG_WARN_CONSTANT_CONVERSION = YES;
				CLANG_WARN_DIRECT_OBJC_ISA_USAGE = YES_ERROR;
				CLANG_WARN_EMPTY_BODY = YES;
				CLANG_WARN_ENUM_CONVERSION = YES;
				CLANG_WARN_INT_CONVERSION = YES;
				CLANG_WARN_OBJC_ROOT_CLASS = YES_ERROR;
				CLANG_WARN_UNREACHABLE_CODE = YES;
				CLANG_WARN__DUPLICATE_METHOD_MATCH = YES;
				"CODE_SIGN_IDENTITY[sdk=iphoneos*]" = "iPhone Developer";
				COPY_PHASE_STRIP = NO;
				DEBUG_INFORMATION_FORMAT = "dwarf-with-dsym";
				ENABLE_STRICT_OBJC_MSGSEND = YES;
				ENABLE_TESTABILITY = YES;
				GCC_C_LANGUAGE_STANDARD = gnu99;
				GCC_DYNAMIC_NO_PIC = NO;
				GCC_NO_COMMON_BLOCKS = YES;
				GCC_OPTIMIZATION_LEVEL = 0;
				GCC_PREPROCESSOR_DEFINITIONS = (
					"DEBUG=1",
					"$(inherited)",
				);
				GCC_WARN_64_TO_32_BIT_CONVERSION = YES;
				GCC_WARN_ABOUT_RETURN_TYPE = YES_ERROR;
				GCC_WARN_UNDECLARED_SELECTOR = YES;
				GCC_WARN_UNINITIALIZED_AUTOS = YES_AGGRESSIVE;
				GCC_WARN_UNUSED_FUNCTION = YES;
				GCC_WARN_UNUSED_VARIABLE = YES;
				IPHONEOS_DEPLOYMENT_TARGET = 9.0;
				MTL_ENABLE_DEBUG_INFO = YES;
				ONLY_ACTIVE_ARCH = YES;
				SDKROOT = iphoneos;
				SWIFT_OPTIMIZATION_LEVEL = "-Onone";
				TARGETED_DEVICE_FAMILY = 2;
			};
			name = Debug;
		};
		1B8EDC2C1BC2B074009603B6 /* Release */ = {
			isa = XCBuildConfiguration;
			buildSettings = {
				ALWAYS_SEARCH_USER_PATHS = NO;
				CLANG_CXX_LANGUAGE_STANDARD = "gnu++0x";
				CLANG_CXX_LIBRARY = "libc++";
				CLANG_ENABLE_MODULES = YES;
				CLANG_ENABLE_OBJC_ARC = YES;
				CLANG_WARN_BOOL_CONVERSION = YES;
				CLANG_WARN_CONSTANT_CONVERSION = YES;
				CLANG_WARN_DIRECT_OBJC_ISA_USAGE = YES_ERROR;
				CLANG_WARN_EMPTY_BODY = YES;
				CLANG_WARN_ENUM_CONVERSION = YES;
				CLANG_WARN_INT_CONVERSION = YES;
				CLANG_WARN_OBJC_ROOT_CLASS = YES_ERROR;
				CLANG_WARN_UNREACHABLE_CODE = YES;
				CLANG_WARN__DUPLICATE_METHOD_MATCH = YES;
				"CODE_SIGN_IDENTITY[sdk=iphoneos*]" = "iPhone Developer";
				COPY_PHASE_STRIP = NO;
				DEBUG_INFORMATION_FORMAT = "dwarf-with-dsym";
				ENABLE_NS_ASSERTIONS = NO;
				ENABLE_STRICT_OBJC_MSGSEND = YES;
				GCC_C_LANGUAGE_STANDARD = gnu99;
				GCC_NO_COMMON_BLOCKS = YES;
				GCC_WARN_64_TO_32_BIT_CONVERSION = YES;
				GCC_WARN_ABOUT_RETURN_TYPE = YES_ERROR;
				GCC_WARN_UNDECLARED_SELECTOR = YES;
				GCC_WARN_UNINITIALIZED_AUTOS = YES_AGGRESSIVE;
				GCC_WARN_UNUSED_FUNCTION = YES;
				GCC_WARN_UNUSED_VARIABLE = YES;
				IPHONEOS_DEPLOYMENT_TARGET = 9.0;
				MTL_ENABLE_DEBUG_INFO = NO;
				SDKROOT = iphoneos;
				TARGETED_DEVICE_FAMILY = 2;
				VALIDATE_PRODUCT = YES;
			};
			name = Release;
		};
		1B8EDC2E1BC2B074009603B6 /* Debug */ = {
			isa = XCBuildConfiguration;
			buildSettings = {
				ASSETCATALOG_COMPILER_APPICON_NAME = AppIcon;
				INFOPLIST_FILE = MiraadTales/Info.plist;
				LD_RUNPATH_SEARCH_PATHS = "$(inherited) @executable_path/Frameworks";
				PRODUCT_BUNDLE_IDENTIFIER = br.com.cin.bepid.rjos.MiraadTales;
				PRODUCT_NAME = "$(TARGET_NAME)";
			};
			name = Debug;
		};
		1B8EDC2F1BC2B074009603B6 /* Release */ = {
			isa = XCBuildConfiguration;
			buildSettings = {
				ASSETCATALOG_COMPILER_APPICON_NAME = AppIcon;
				INFOPLIST_FILE = MiraadTales/Info.plist;
				LD_RUNPATH_SEARCH_PATHS = "$(inherited) @executable_path/Frameworks";
				PRODUCT_BUNDLE_IDENTIFIER = br.com.cin.bepid.rjos.MiraadTales;
				PRODUCT_NAME = "$(TARGET_NAME)";
			};
			name = Release;
		};
		1B8EDC311BC2B074009603B6 /* Debug */ = {
			isa = XCBuildConfiguration;
			buildSettings = {
				BUNDLE_LOADER = "$(TEST_HOST)";
				DEBUG_INFORMATION_FORMAT = dwarf;
				INFOPLIST_FILE = MiraadTalesTests/Info.plist;
				LD_RUNPATH_SEARCH_PATHS = "$(inherited) @executable_path/Frameworks @loader_path/Frameworks";
				PRODUCT_BUNDLE_IDENTIFIER = br.com.cin.bepid.rjos.MiraadTalesTests;
				PRODUCT_NAME = "$(TARGET_NAME)";
				TEST_HOST = "$(BUILT_PRODUCTS_DIR)/MiraadTales.app/MiraadTales";
			};
			name = Debug;
		};
		1B8EDC321BC2B074009603B6 /* Release */ = {
			isa = XCBuildConfiguration;
			buildSettings = {
				BUNDLE_LOADER = "$(TEST_HOST)";
				INFOPLIST_FILE = MiraadTalesTests/Info.plist;
				LD_RUNPATH_SEARCH_PATHS = "$(inherited) @executable_path/Frameworks @loader_path/Frameworks";
				PRODUCT_BUNDLE_IDENTIFIER = br.com.cin.bepid.rjos.MiraadTalesTests;
				PRODUCT_NAME = "$(TARGET_NAME)";
				TEST_HOST = "$(BUILT_PRODUCTS_DIR)/MiraadTales.app/MiraadTales";
			};
			name = Release;
		};
		1B8EDC341BC2B074009603B6 /* Debug */ = {
			isa = XCBuildConfiguration;
			buildSettings = {
				DEBUG_INFORMATION_FORMAT = dwarf;
				INFOPLIST_FILE = MiraadTalesUITests/Info.plist;
				LD_RUNPATH_SEARCH_PATHS = "$(inherited) @executable_path/Frameworks @loader_path/Frameworks";
				PRODUCT_BUNDLE_IDENTIFIER = br.com.cin.bepid.rjos.MiraadTalesUITests;
				PRODUCT_NAME = "$(TARGET_NAME)";
				TEST_TARGET_NAME = MiraadTales;
				USES_XCTRUNNER = YES;
			};
			name = Debug;
		};
		1B8EDC351BC2B074009603B6 /* Release */ = {
			isa = XCBuildConfiguration;
			buildSettings = {
				INFOPLIST_FILE = MiraadTalesUITests/Info.plist;
				LD_RUNPATH_SEARCH_PATHS = "$(inherited) @executable_path/Frameworks @loader_path/Frameworks";
				PRODUCT_BUNDLE_IDENTIFIER = br.com.cin.bepid.rjos.MiraadTalesUITests;
				PRODUCT_NAME = "$(TARGET_NAME)";
				TEST_TARGET_NAME = MiraadTales;
				USES_XCTRUNNER = YES;
			};
			name = Release;
		};
/* End XCBuildConfiguration section */

/* Begin XCConfigurationList section */
		1B8EDBFC1BC2B073009603B6 /* Build configuration list for PBXProject "MiraadTales" */ = {
			isa = XCConfigurationList;
			buildConfigurations = (
				1B8EDC2B1BC2B074009603B6 /* Debug */,
				1B8EDC2C1BC2B074009603B6 /* Release */,
			);
			defaultConfigurationIsVisible = 0;
			defaultConfigurationName = Release;
		};
		1B8EDC2D1BC2B074009603B6 /* Build configuration list for PBXNativeTarget "MiraadTales" */ = {
			isa = XCConfigurationList;
			buildConfigurations = (
				1B8EDC2E1BC2B074009603B6 /* Debug */,
				1B8EDC2F1BC2B074009603B6 /* Release */,
			);
			defaultConfigurationIsVisible = 0;
			defaultConfigurationName = Release;
		};
		1B8EDC301BC2B074009603B6 /* Build configuration list for PBXNativeTarget "MiraadTalesTests" */ = {
			isa = XCConfigurationList;
			buildConfigurations = (
				1B8EDC311BC2B074009603B6 /* Debug */,
				1B8EDC321BC2B074009603B6 /* Release */,
			);
			defaultConfigurationIsVisible = 0;
			defaultConfigurationName = Release;
		};
		1B8EDC331BC2B074009603B6 /* Build configuration list for PBXNativeTarget "MiraadTalesUITests" */ = {
			isa = XCConfigurationList;
			buildConfigurations = (
				1B8EDC341BC2B074009603B6 /* Debug */,
				1B8EDC351BC2B074009603B6 /* Release */,
			);
			defaultConfigurationIsVisible = 0;
			defaultConfigurationName = Release;
		};
/* End XCConfigurationList section */
	};
	rootObject = 1B8EDBF91BC2B073009603B6 /* Project object */;
}
